// !$*UTF8*$!
{
	archiveVersion = 1;
	classes = {
	};
	objectVersion = 56;
	objects = {

/* Begin PBXBuildFile section */
		470E962B2BA04E9600E1DD22 /* MsgRoomApp.swift in Sources */ = {isa = PBXBuildFile; fileRef = 470E962A2BA04E9600E1DD22 /* MsgRoomApp.swift */; };
		470E962D2BA04E9600E1DD22 /* ContentView.swift in Sources */ = {isa = PBXBuildFile; fileRef = 470E962C2BA04E9600E1DD22 /* ContentView.swift */; };
		470E96322BA04E9700E1DD22 /* Preview Assets.xcassets in Resources */ = {isa = PBXBuildFile; fileRef = 470E96312BA04E9700E1DD22 /* Preview Assets.xcassets */; };
		470E963C2BA04E9700E1DD22 /* MsgRoomTests.swift in Sources */ = {isa = PBXBuildFile; fileRef = 470E963B2BA04E9700E1DD22 /* MsgRoomTests.swift */; };
		470E96462BA04E9700E1DD22 /* MsgRoomUITests.swift in Sources */ = {isa = PBXBuildFile; fileRef = 470E96452BA04E9700E1DD22 /* MsgRoomUITests.swift */; };
		470E96482BA04E9700E1DD22 /* MsgRoomUITestsLaunchTests.swift in Sources */ = {isa = PBXBuildFile; fileRef = 470E96472BA04E9700E1DD22 /* MsgRoomUITestsLaunchTests.swift */; };
		470E96582BA04F4800E1DD22 /* ChatView.swift in Sources */ = {isa = PBXBuildFile; fileRef = 470E96572BA04F4800E1DD22 /* ChatView.swift */; };
		470E965B2BA0558600E1DD22 /* ChatViewModelImplementation.swift in Sources */ = {isa = PBXBuildFile; fileRef = 470E965A2BA0558600E1DD22 /* ChatViewModelImplementation.swift */; };
		470E965D2BA055A800E1DD22 /* MsgKind.swift in Sources */ = {isa = PBXBuildFile; fileRef = 470E965C2BA055A800E1DD22 /* MsgKind.swift */; };
		470E965F2BA055BC00E1DD22 /* ConKind.swift in Sources */ = {isa = PBXBuildFile; fileRef = 470E965E2BA055BC00E1DD22 /* ConKind.swift */; };
		4718640D2BC3236F001FA288 /* DraggableModifier.swift in Sources */ = {isa = PBXBuildFile; fileRef = 4718640C2BC3236F001FA288 /* DraggableModifier.swift */; };
		475395082BC1138E00D9220E /* rckit_incoming.aiff in Resources */ = {isa = PBXBuildFile; fileRef = 475395042BC1138E00D9220E /* rckit_incoming.aiff */; };
		475395092BC1138E00D9220E /* GoogleService-Info.plist in Resources */ = {isa = PBXBuildFile; fileRef = 475395052BC1138E00D9220E /* GoogleService-Info.plist */; };
		4753950A2BC1138E00D9220E /* rckit_outgoing.aiff in Resources */ = {isa = PBXBuildFile; fileRef = 475395062BC1138E00D9220E /* rckit_outgoing.aiff */; };
		4753950B2BC1138E00D9220E /* Assets.xcassets in Resources */ = {isa = PBXBuildFile; fileRef = 475395072BC1138E00D9220E /* Assets.xcassets */; };
		475395132BC1143B00D9220E /* NotificationService.swift in Sources */ = {isa = PBXBuildFile; fileRef = 475395122BC1143B00D9220E /* NotificationService.swift */; };
		475395172BC1143B00D9220E /* MsgrNotificatrionService.appex in Embed Foundation Extensions */ = {isa = PBXBuildFile; fileRef = 475395102BC1143B00D9220E /* MsgrNotificatrionService.appex */; settings = {ATTRIBUTES = (RemoveHeadersOnCopy, ); }; };
		4753951E2BC1152300D9220E /* FirebaseAuth in Frameworks */ = {isa = PBXBuildFile; productRef = 4753951D2BC1152300D9220E /* FirebaseAuth */; };
		475395202BC1152300D9220E /* FirebaseAuthCombine-Community in Frameworks */ = {isa = PBXBuildFile; productRef = 4753951F2BC1152300D9220E /* FirebaseAuthCombine-Community */; };
		475395222BC1152300D9220E /* FirebaseFirestore in Frameworks */ = {isa = PBXBuildFile; productRef = 475395212BC1152300D9220E /* FirebaseFirestore */; };
		475395242BC1152300D9220E /* FirebaseFirestoreCombine-Community in Frameworks */ = {isa = PBXBuildFile; productRef = 475395232BC1152300D9220E /* FirebaseFirestoreCombine-Community */; };
		475395262BC1152300D9220E /* FirebaseFirestoreSwift in Frameworks */ = {isa = PBXBuildFile; productRef = 475395252BC1152300D9220E /* FirebaseFirestoreSwift */; };
		475395282BC1152300D9220E /* FirebaseInAppMessagingSwift-Beta in Frameworks */ = {isa = PBXBuildFile; productRef = 475395272BC1152300D9220E /* FirebaseInAppMessagingSwift-Beta */; };
		4753952A2BC1152300D9220E /* FirebaseMessaging in Frameworks */ = {isa = PBXBuildFile; productRef = 475395292BC1152300D9220E /* FirebaseMessaging */; };
		4753952C2BC1152300D9220E /* FirebaseStorage in Frameworks */ = {isa = PBXBuildFile; productRef = 4753952B2BC1152300D9220E /* FirebaseStorage */; };
		4753952E2BC1152300D9220E /* FirebaseStorageCombine-Community in Frameworks */ = {isa = PBXBuildFile; productRef = 4753952D2BC1152300D9220E /* FirebaseStorageCombine-Community */; };
		475395312BC1154E00D9220E /* GlobalNotificationSwift in Frameworks */ = {isa = PBXBuildFile; productRef = 475395302BC1154E00D9220E /* GlobalNotificationSwift */; };
		475395522BC1189500D9220E /* FirebaseFirestore in Frameworks */ = {isa = PBXBuildFile; productRef = 475395512BC1189500D9220E /* FirebaseFirestore */; };
		475395542BC118AD00D9220E /* GlobalNotificationSwift in Frameworks */ = {isa = PBXBuildFile; productRef = 475395532BC118AD00D9220E /* GlobalNotificationSwift */; };
		475395572BC1190E00D9220E /* FirebaseAuth in Frameworks */ = {isa = PBXBuildFile; productRef = 475395562BC1190E00D9220E /* FirebaseAuth */; };
		4753955F2BC2092000D9220E /* ConversationTheme.swift in Sources */ = {isa = PBXBuildFile; fileRef = 4753955E2BC2092000D9220E /* ConversationTheme.swift */; };
		475395692BC20FEC00D9220E /* MockDataStore.swift in Sources */ = {isa = PBXBuildFile; fileRef = 475395682BC20FEC00D9220E /* MockDataStore.swift */; };
		4753957C2BC2334800D9220E /* AppDelegateAdaptor.swift in Sources */ = {isa = PBXBuildFile; fileRef = 4753957B2BC2334800D9220E /* AppDelegateAdaptor.swift */; };
		475395802BC2336B00D9220E /* PushNotificationManager.swift in Sources */ = {isa = PBXBuildFile; fileRef = 4753957D2BC2336B00D9220E /* PushNotificationManager.swift */; };
		475395812BC2336B00D9220E /* PushNotiSendOperation.swift in Sources */ = {isa = PBXBuildFile; fileRef = 4753957E2BC2336B00D9220E /* PushNotiSendOperation.swift */; };
		475395842BC233DE00D9220E /* GroupContainer.swift in Sources */ = {isa = PBXBuildFile; fileRef = 475395832BC233DE00D9220E /* GroupContainer.swift */; };
		475395852BC233DE00D9220E /* GroupContainer.swift in Sources */ = {isa = PBXBuildFile; fileRef = 475395832BC233DE00D9220E /* GroupContainer.swift */; };
		4753958B2BC2374E00D9220E /* Socket.swift in Sources */ = {isa = PBXBuildFile; fileRef = 4753958A2BC2374E00D9220E /* Socket.swift */; };
		4753959B2BC2398600D9220E /* ChatBackground.swift in Sources */ = {isa = PBXBuildFile; fileRef = 47B9FFD22BBA507E007179E2 /* ChatBackground.swift */; };
		4753959D2BC23A6400D9220E /* MsgStyleStylingWorker.swift in Sources */ = {isa = PBXBuildFile; fileRef = 4753959C2BC23A6400D9220E /* MsgStyleStylingWorker.swift */; };
		4753959F2BC23C8D00D9220E /* PreferenceKeys.swift in Sources */ = {isa = PBXBuildFile; fileRef = 4753959E2BC23C8D00D9220E /* PreferenceKeys.swift */; };
		475395A52BC23E5600D9220E /* Array++.swift in Sources */ = {isa = PBXBuildFile; fileRef = 475395A02BC23E5600D9220E /* Array++.swift */; };
		475395A62BC23E5600D9220E /* Date++.swift in Sources */ = {isa = PBXBuildFile; fileRef = 475395A12BC23E5600D9220E /* Date++.swift */; };
		475395A72BC23E5600D9220E /* Codable++.swift in Sources */ = {isa = PBXBuildFile; fileRef = 475395A22BC23E5600D9220E /* Codable++.swift */; };
		475395A92BC23E5600D9220E /* Dir.swift in Sources */ = {isa = PBXBuildFile; fileRef = 475395A42BC23E5600D9220E /* Dir.swift */; };
		475395AB2BC23E6F00D9220E /* FlippedUpsideDown.swift in Sources */ = {isa = PBXBuildFile; fileRef = 475395AA2BC23E6F00D9220E /* FlippedUpsideDown.swift */; };
		475395AE2BC23E9700D9220E /* AudioWorker.swift in Sources */ = {isa = PBXBuildFile; fileRef = 475395AC2BC23E9600D9220E /* AudioWorker.swift */; };
		475395AF2BC23E9700D9220E /* AudioPlayer.swift in Sources */ = {isa = PBXBuildFile; fileRef = 475395AD2BC23E9600D9220E /* AudioPlayer.swift */; };
		475395B12BC23EBB00D9220E /* ScrollViewPoroxy++.swift in Sources */ = {isa = PBXBuildFile; fileRef = 475395B02BC23EBB00D9220E /* ScrollViewPoroxy++.swift */; };
		475395DD2BC28E2C00D9220E /* XUI in Frameworks */ = {isa = PBXBuildFile; productRef = 475395DC2BC28E2C00D9220E /* XUI */; };
		475395E72BC28FD000D9220E /* BubbleShape.swift in Sources */ = {isa = PBXBuildFile; fileRef = 47B9FFA92BBA5049007179E2 /* BubbleShape.swift */; };
		475395EB2BC2F5DC00D9220E /* ContactAvatarView.swift in Sources */ = {isa = PBXBuildFile; fileRef = 475395EA2BC2F5DC00D9220E /* ContactAvatarView.swift */; };
		475395ED2BC320F500D9220E /* XUI in Frameworks */ = {isa = PBXBuildFile; productRef = 475395EC2BC320F500D9220E /* XUI */; };
		47B0E73E2BC0655E00D23223 /* MessageDeliveryStatus.swift in Sources */ = {isa = PBXBuildFile; fileRef = 47B0E73D2BC0655E00D23223 /* MessageDeliveryStatus.swift */; };
		47B0E7402BC0657E00D23223 /* MessageType.swift in Sources */ = {isa = PBXBuildFile; fileRef = 47B0E73F2BC0657E00D23223 /* MessageType.swift */; };
		47B0E7422BC0658900D23223 /* MessageRecipientType.swift in Sources */ = {isa = PBXBuildFile; fileRef = 47B0E7412BC0658900D23223 /* MessageRecipientType.swift */; };
		47B0E7442BC0659700D23223 /* MessageReactionType.swift in Sources */ = {isa = PBXBuildFile; fileRef = 47B0E7432BC0659700D23223 /* MessageReactionType.swift */; };
		47B0E7482BC0667C00D23223 /* ConversationType.swift in Sources */ = {isa = PBXBuildFile; fileRef = 47B0E7472BC0667C00D23223 /* ConversationType.swift */; };
		47B0E74A2BC0668700D23223 /* ConversationBackground.swift in Sources */ = {isa = PBXBuildFile; fileRef = 47B0E7492BC0668700D23223 /* ConversationBackground.swift */; };
		47B0E74C2BC0669200D23223 /* ConversationThemeType.swift in Sources */ = {isa = PBXBuildFile; fileRef = 47B0E74B2BC0669200D23223 /* ConversationThemeType.swift */; };
		47B9FF8B2BBA48EC007179E2 /* Message.swift in Sources */ = {isa = PBXBuildFile; fileRef = 47B9FF8A2BBA48EC007179E2 /* Message.swift */; };
		47B9FF8D2BBA4A5F007179E2 /* Contact.swift in Sources */ = {isa = PBXBuildFile; fileRef = 47B9FF8C2BBA4A5F007179E2 /* Contact.swift */; };
		47B9FF8F2BBA4ADA007179E2 /* Conversation.swift in Sources */ = {isa = PBXBuildFile; fileRef = 47B9FF8E2BBA4ADA007179E2 /* Conversation.swift */; };
		47B9FF972BBA4C95007179E2 /* MsgRoomViewModel.swift in Sources */ = {isa = PBXBuildFile; fileRef = 47B9FF962BBA4C95007179E2 /* MsgRoomViewModel.swift */; };
		47B9FF992BBA4D42007179E2 /* MsgKitConfigurations.swift in Sources */ = {isa = PBXBuildFile; fileRef = 47B9FF982BBA4D42007179E2 /* MsgKitConfigurations.swift */; };
		47B9FF9D2BBA4E37007179E2 /* MessageStyle.swift in Sources */ = {isa = PBXBuildFile; fileRef = 47B9FF9C2BBA4E37007179E2 /* MessageStyle.swift */; };
		47B9FFA12BBA4E6E007179E2 /* ScrollItem.swift in Sources */ = {isa = PBXBuildFile; fileRef = 47B9FFA02BBA4E6E007179E2 /* ScrollItem.swift */; };
		47B9FFA32BBA4E7D007179E2 /* ChatDatasource.swift in Sources */ = {isa = PBXBuildFile; fileRef = 47B9FFA22BBA4E7D007179E2 /* ChatDatasource.swift */; };
		47B9FFA72BBA4FD1007179E2 /* ChatScrollView.swift in Sources */ = {isa = PBXBuildFile; fileRef = 47B9FFA62BBA4FD1007179E2 /* ChatScrollView.swift */; };
		47B9FFBA2BBA5049007179E2 /* AttachmentBubble.swift in Sources */ = {isa = PBXBuildFile; fileRef = 47B9FFA82BBA5049007179E2 /* AttachmentBubble.swift */; };
		47B9FFBB2BBA5049007179E2 /* BubbleShape.swift in Sources */ = {isa = PBXBuildFile; fileRef = 47B9FFA92BBA5049007179E2 /* BubbleShape.swift */; };
		47B9FFBC2BBA5049007179E2 /* EmojiBubble.swift in Sources */ = {isa = PBXBuildFile; fileRef = 47B9FFAA2BBA5049007179E2 /* EmojiBubble.swift */; };
		47B9FFBD2BBA5049007179E2 /* ImageBubble.swift in Sources */ = {isa = PBXBuildFile; fileRef = 47B9FFAB2BBA5049007179E2 /* ImageBubble.swift */; };
		47B9FFBE2BBA5049007179E2 /* LocationBubble.swift in Sources */ = {isa = PBXBuildFile; fileRef = 47B9FFAC2BBA5049007179E2 /* LocationBubble.swift */; };
		47B9FFBF2BBA5049007179E2 /* TextBubble.swift in Sources */ = {isa = PBXBuildFile; fileRef = 47B9FFAD2BBA5049007179E2 /* TextBubble.swift */; };
		47B9FFC02BBA5049007179E2 /* VideoBubble.swift in Sources */ = {isa = PBXBuildFile; fileRef = 47B9FFAE2BBA5049007179E2 /* VideoBubble.swift */; };
		47B9FFC12BBA5049007179E2 /* VoiceBubble.swift in Sources */ = {isa = PBXBuildFile; fileRef = 47B9FFAF2BBA5049007179E2 /* VoiceBubble.swift */; };
		47B9FFC22BBA5049007179E2 /* MsgContextMenu.swift in Sources */ = {isa = PBXBuildFile; fileRef = 47B9FFB12BBA5049007179E2 /* MsgContextMenu.swift */; };
		47B9FFC32BBA5049007179E2 /* CellProgressView.swift in Sources */ = {isa = PBXBuildFile; fileRef = 47B9FFB32BBA5049007179E2 /* CellProgressView.swift */; };
		47B9FFC42BBA5049007179E2 /* HiddenLabelView.swift in Sources */ = {isa = PBXBuildFile; fileRef = 47B9FFB42BBA5049007179E2 /* HiddenLabelView.swift */; };
		47B9FFC52BBA5049007179E2 /* MsgDateView.swift in Sources */ = {isa = PBXBuildFile; fileRef = 47B9FFB52BBA5049007179E2 /* MsgDateView.swift */; };
		47B9FFC72BBA5049007179E2 /* ChatMessageCell.swift in Sources */ = {isa = PBXBuildFile; fileRef = 47B9FFB82BBA5049007179E2 /* ChatMessageCell.swift */; };
		47B9FFCA2BBA504F007179E2 /* TimeSeparaterCell.swift in Sources */ = {isa = PBXBuildFile; fileRef = 47B9FFC82BBA504F007179E2 /* TimeSeparaterCell.swift */; };
		47B9FFCF2BBA5070007179E2 /* ChatInputBar.swift in Sources */ = {isa = PBXBuildFile; fileRef = 47B9FFCB2BBA5070007179E2 /* ChatInputBar.swift */; };
		47B9FFD02BBA5070007179E2 /* PlusMenuButton.swift in Sources */ = {isa = PBXBuildFile; fileRef = 47B9FFCC2BBA5070007179E2 /* PlusMenuButton.swift */; };
		47B9FFD12BBA5070007179E2 /* ScrollDownButton.swift in Sources */ = {isa = PBXBuildFile; fileRef = 47B9FFCD2BBA5070007179E2 /* ScrollDownButton.swift */; };
		47B9FFD32BBA507E007179E2 /* ChatBackground.swift in Sources */ = {isa = PBXBuildFile; fileRef = 47B9FFD22BBA507E007179E2 /* ChatBackground.swift */; };
		47B9FFD52BBA50D3007179E2 /* ChatTopBar.swift in Sources */ = {isa = PBXBuildFile; fileRef = 47B9FFD42BBA50D3007179E2 /* ChatTopBar.swift */; };
		47B9FFD72BBA8E6A007179E2 /* ChatDatasoureceRepresentable.swift in Sources */ = {isa = PBXBuildFile; fileRef = 47B9FFD62BBA8E6A007179E2 /* ChatDatasoureceRepresentable.swift */; };
		47D4BD742BC41F3700A10086 /* InteractiveMsgBubbleView.swift in Sources */ = {isa = PBXBuildFile; fileRef = 47D4BD732BC41F3700A10086 /* InteractiveMsgBubbleView.swift */; };
		47D4BD762BC4209500A10086 /* MsgBubbleView.swift in Sources */ = {isa = PBXBuildFile; fileRef = 47D4BD752BC4209500A10086 /* MsgBubbleView.swift */; };
/* End PBXBuildFile section */

/* Begin PBXContainerItemProxy section */
		470E96382BA04E9700E1DD22 /* PBXContainerItemProxy */ = {
			isa = PBXContainerItemProxy;
			containerPortal = 470E961F2BA04E9600E1DD22 /* Project object */;
			proxyType = 1;
			remoteGlobalIDString = 470E96262BA04E9600E1DD22;
			remoteInfo = MsgRoom;
		};
		470E96422BA04E9700E1DD22 /* PBXContainerItemProxy */ = {
			isa = PBXContainerItemProxy;
			containerPortal = 470E961F2BA04E9600E1DD22 /* Project object */;
			proxyType = 1;
			remoteGlobalIDString = 470E96262BA04E9600E1DD22;
			remoteInfo = MsgRoom;
		};
		475395152BC1143B00D9220E /* PBXContainerItemProxy */ = {
			isa = PBXContainerItemProxy;
			containerPortal = 470E961F2BA04E9600E1DD22 /* Project object */;
			proxyType = 1;
			remoteGlobalIDString = 4753950F2BC1143B00D9220E;
			remoteInfo = MsgrNotificatrionService;
		};
/* End PBXContainerItemProxy section */

/* Begin PBXCopyFilesBuildPhase section */
		4753951B2BC1143B00D9220E /* Embed Foundation Extensions */ = {
			isa = PBXCopyFilesBuildPhase;
			buildActionMask = 2147483647;
			dstPath = "";
			dstSubfolderSpec = 13;
			files = (
				475395172BC1143B00D9220E /* MsgrNotificatrionService.appex in Embed Foundation Extensions */,
			);
			name = "Embed Foundation Extensions";
			runOnlyForDeploymentPostprocessing = 0;
		};
/* End PBXCopyFilesBuildPhase section */

/* Begin PBXFileReference section */
		470E96272BA04E9600E1DD22 /* MsgRoom.app */ = {isa = PBXFileReference; explicitFileType = wrapper.application; includeInIndex = 0; path = MsgRoom.app; sourceTree = BUILT_PRODUCTS_DIR; };
		470E962A2BA04E9600E1DD22 /* MsgRoomApp.swift */ = {isa = PBXFileReference; lastKnownFileType = sourcecode.swift; path = MsgRoomApp.swift; sourceTree = "<group>"; };
		470E962C2BA04E9600E1DD22 /* ContentView.swift */ = {isa = PBXFileReference; lastKnownFileType = sourcecode.swift; path = ContentView.swift; sourceTree = "<group>"; };
		470E96312BA04E9700E1DD22 /* Preview Assets.xcassets */ = {isa = PBXFileReference; lastKnownFileType = folder.assetcatalog; path = "Preview Assets.xcassets"; sourceTree = "<group>"; };
		470E96372BA04E9700E1DD22 /* MsgRoomTests.xctest */ = {isa = PBXFileReference; explicitFileType = wrapper.cfbundle; includeInIndex = 0; path = MsgRoomTests.xctest; sourceTree = BUILT_PRODUCTS_DIR; };
		470E963B2BA04E9700E1DD22 /* MsgRoomTests.swift */ = {isa = PBXFileReference; lastKnownFileType = sourcecode.swift; path = MsgRoomTests.swift; sourceTree = "<group>"; };
		470E96412BA04E9700E1DD22 /* MsgRoomUITests.xctest */ = {isa = PBXFileReference; explicitFileType = wrapper.cfbundle; includeInIndex = 0; path = MsgRoomUITests.xctest; sourceTree = BUILT_PRODUCTS_DIR; };
		470E96452BA04E9700E1DD22 /* MsgRoomUITests.swift */ = {isa = PBXFileReference; lastKnownFileType = sourcecode.swift; path = MsgRoomUITests.swift; sourceTree = "<group>"; };
		470E96472BA04E9700E1DD22 /* MsgRoomUITestsLaunchTests.swift */ = {isa = PBXFileReference; lastKnownFileType = sourcecode.swift; path = MsgRoomUITestsLaunchTests.swift; sourceTree = "<group>"; };
		470E96572BA04F4800E1DD22 /* ChatView.swift */ = {isa = PBXFileReference; lastKnownFileType = sourcecode.swift; path = ChatView.swift; sourceTree = "<group>"; };
		470E965A2BA0558600E1DD22 /* ChatViewModelImplementation.swift */ = {isa = PBXFileReference; lastKnownFileType = sourcecode.swift; path = ChatViewModelImplementation.swift; sourceTree = "<group>"; };
		470E965C2BA055A800E1DD22 /* MsgKind.swift */ = {isa = PBXFileReference; lastKnownFileType = sourcecode.swift; path = MsgKind.swift; sourceTree = "<group>"; };
		470E965E2BA055BC00E1DD22 /* ConKind.swift */ = {isa = PBXFileReference; lastKnownFileType = sourcecode.swift; path = ConKind.swift; sourceTree = "<group>"; };
		4718640C2BC3236F001FA288 /* DraggableModifier.swift */ = {isa = PBXFileReference; lastKnownFileType = sourcecode.swift; path = DraggableModifier.swift; sourceTree = "<group>"; };
		475395022BC1124C00D9220E /* MsgRoom.entitlements */ = {isa = PBXFileReference; lastKnownFileType = text.plist.entitlements; path = MsgRoom.entitlements; sourceTree = "<group>"; };
		475395032BC1130D00D9220E /* Info.plist */ = {isa = PBXFileReference; lastKnownFileType = text.plist; path = Info.plist; sourceTree = "<group>"; };
		475395042BC1138E00D9220E /* rckit_incoming.aiff */ = {isa = PBXFileReference; lastKnownFileType = audio.aiff; path = rckit_incoming.aiff; sourceTree = "<group>"; };
		475395052BC1138E00D9220E /* GoogleService-Info.plist */ = {isa = PBXFileReference; fileEncoding = 4; lastKnownFileType = text.plist.xml; path = "GoogleService-Info.plist"; sourceTree = "<group>"; };
		475395062BC1138E00D9220E /* rckit_outgoing.aiff */ = {isa = PBXFileReference; lastKnownFileType = audio.aiff; path = rckit_outgoing.aiff; sourceTree = "<group>"; };
		475395072BC1138E00D9220E /* Assets.xcassets */ = {isa = PBXFileReference; lastKnownFileType = folder.assetcatalog; name = Assets.xcassets; path = ../../../../Desktop/Msgr/Msgr/Resources/Assets.xcassets; sourceTree = "<group>"; };
		475395102BC1143B00D9220E /* MsgrNotificatrionService.appex */ = {isa = PBXFileReference; explicitFileType = "wrapper.app-extension"; includeInIndex = 0; path = MsgrNotificatrionService.appex; sourceTree = BUILT_PRODUCTS_DIR; };
		475395122BC1143B00D9220E /* NotificationService.swift */ = {isa = PBXFileReference; lastKnownFileType = sourcecode.swift; path = NotificationService.swift; sourceTree = "<group>"; };
		475395142BC1143B00D9220E /* Info.plist */ = {isa = PBXFileReference; lastKnownFileType = text.plist.xml; path = Info.plist; sourceTree = "<group>"; };
		475395552BC118B800D9220E /* MsgrNotificatrionService.entitlements */ = {isa = PBXFileReference; lastKnownFileType = text.plist.entitlements; path = MsgrNotificatrionService.entitlements; sourceTree = "<group>"; };
		4753955E2BC2092000D9220E /* ConversationTheme.swift */ = {isa = PBXFileReference; lastKnownFileType = sourcecode.swift; path = ConversationTheme.swift; sourceTree = "<group>"; };
		475395682BC20FEC00D9220E /* MockDataStore.swift */ = {isa = PBXFileReference; lastKnownFileType = sourcecode.swift; path = MockDataStore.swift; sourceTree = "<group>"; };
		4753957B2BC2334800D9220E /* AppDelegateAdaptor.swift */ = {isa = PBXFileReference; fileEncoding = 4; lastKnownFileType = sourcecode.swift; path = AppDelegateAdaptor.swift; sourceTree = "<group>"; };
		4753957D2BC2336B00D9220E /* PushNotificationManager.swift */ = {isa = PBXFileReference; fileEncoding = 4; lastKnownFileType = sourcecode.swift; path = PushNotificationManager.swift; sourceTree = "<group>"; };
		4753957E2BC2336B00D9220E /* PushNotiSendOperation.swift */ = {isa = PBXFileReference; fileEncoding = 4; lastKnownFileType = sourcecode.swift; path = PushNotiSendOperation.swift; sourceTree = "<group>"; };
		475395832BC233DE00D9220E /* GroupContainer.swift */ = {isa = PBXFileReference; fileEncoding = 4; lastKnownFileType = sourcecode.swift; path = GroupContainer.swift; sourceTree = "<group>"; };
		4753958A2BC2374E00D9220E /* Socket.swift */ = {isa = PBXFileReference; lastKnownFileType = sourcecode.swift; path = Socket.swift; sourceTree = "<group>"; };
		4753959C2BC23A6400D9220E /* MsgStyleStylingWorker.swift */ = {isa = PBXFileReference; fileEncoding = 4; lastKnownFileType = sourcecode.swift; path = MsgStyleStylingWorker.swift; sourceTree = "<group>"; };
		4753959E2BC23C8D00D9220E /* PreferenceKeys.swift */ = {isa = PBXFileReference; fileEncoding = 4; lastKnownFileType = sourcecode.swift; path = PreferenceKeys.swift; sourceTree = "<group>"; };
		475395A02BC23E5600D9220E /* Array++.swift */ = {isa = PBXFileReference; fileEncoding = 4; lastKnownFileType = sourcecode.swift; path = "Array++.swift"; sourceTree = "<group>"; };
		475395A12BC23E5600D9220E /* Date++.swift */ = {isa = PBXFileReference; fileEncoding = 4; lastKnownFileType = sourcecode.swift; path = "Date++.swift"; sourceTree = "<group>"; };
		475395A22BC23E5600D9220E /* Codable++.swift */ = {isa = PBXFileReference; fileEncoding = 4; lastKnownFileType = sourcecode.swift; path = "Codable++.swift"; sourceTree = "<group>"; };
		475395A42BC23E5600D9220E /* Dir.swift */ = {isa = PBXFileReference; fileEncoding = 4; lastKnownFileType = sourcecode.swift; path = Dir.swift; sourceTree = "<group>"; };
		475395AA2BC23E6F00D9220E /* FlippedUpsideDown.swift */ = {isa = PBXFileReference; fileEncoding = 4; lastKnownFileType = sourcecode.swift; path = FlippedUpsideDown.swift; sourceTree = "<group>"; };
		475395AC2BC23E9600D9220E /* AudioWorker.swift */ = {isa = PBXFileReference; fileEncoding = 4; lastKnownFileType = sourcecode.swift; path = AudioWorker.swift; sourceTree = "<group>"; };
		475395AD2BC23E9600D9220E /* AudioPlayer.swift */ = {isa = PBXFileReference; fileEncoding = 4; lastKnownFileType = sourcecode.swift; path = AudioPlayer.swift; sourceTree = "<group>"; };
		475395B02BC23EBB00D9220E /* ScrollViewPoroxy++.swift */ = {isa = PBXFileReference; fileEncoding = 4; lastKnownFileType = sourcecode.swift; path = "ScrollViewPoroxy++.swift"; sourceTree = "<group>"; };
		475395EA2BC2F5DC00D9220E /* ContactAvatarView.swift */ = {isa = PBXFileReference; lastKnownFileType = sourcecode.swift; path = ContactAvatarView.swift; sourceTree = "<group>"; };
		47B0E73D2BC0655E00D23223 /* MessageDeliveryStatus.swift */ = {isa = PBXFileReference; lastKnownFileType = sourcecode.swift; path = MessageDeliveryStatus.swift; sourceTree = "<group>"; };
		47B0E73F2BC0657E00D23223 /* MessageType.swift */ = {isa = PBXFileReference; lastKnownFileType = sourcecode.swift; path = MessageType.swift; sourceTree = "<group>"; };
		47B0E7412BC0658900D23223 /* MessageRecipientType.swift */ = {isa = PBXFileReference; lastKnownFileType = sourcecode.swift; path = MessageRecipientType.swift; sourceTree = "<group>"; };
		47B0E7432BC0659700D23223 /* MessageReactionType.swift */ = {isa = PBXFileReference; lastKnownFileType = sourcecode.swift; path = MessageReactionType.swift; sourceTree = "<group>"; };
		47B0E7472BC0667C00D23223 /* ConversationType.swift */ = {isa = PBXFileReference; lastKnownFileType = sourcecode.swift; path = ConversationType.swift; sourceTree = "<group>"; };
		47B0E7492BC0668700D23223 /* ConversationBackground.swift */ = {isa = PBXFileReference; lastKnownFileType = sourcecode.swift; path = ConversationBackground.swift; sourceTree = "<group>"; };
		47B0E74B2BC0669200D23223 /* ConversationThemeType.swift */ = {isa = PBXFileReference; lastKnownFileType = sourcecode.swift; path = ConversationThemeType.swift; sourceTree = "<group>"; };
		47B9FF8A2BBA48EC007179E2 /* Message.swift */ = {isa = PBXFileReference; lastKnownFileType = sourcecode.swift; path = Message.swift; sourceTree = "<group>"; };
		47B9FF8C2BBA4A5F007179E2 /* Contact.swift */ = {isa = PBXFileReference; lastKnownFileType = sourcecode.swift; path = Contact.swift; sourceTree = "<group>"; };
		47B9FF8E2BBA4ADA007179E2 /* Conversation.swift */ = {isa = PBXFileReference; lastKnownFileType = sourcecode.swift; path = Conversation.swift; sourceTree = "<group>"; };
		47B9FF962BBA4C95007179E2 /* MsgRoomViewModel.swift */ = {isa = PBXFileReference; lastKnownFileType = sourcecode.swift; path = MsgRoomViewModel.swift; sourceTree = "<group>"; };
		47B9FF982BBA4D42007179E2 /* MsgKitConfigurations.swift */ = {isa = PBXFileReference; lastKnownFileType = sourcecode.swift; path = MsgKitConfigurations.swift; sourceTree = "<group>"; };
		47B9FF9C2BBA4E37007179E2 /* MessageStyle.swift */ = {isa = PBXFileReference; fileEncoding = 4; lastKnownFileType = sourcecode.swift; path = MessageStyle.swift; sourceTree = "<group>"; };
		47B9FFA02BBA4E6E007179E2 /* ScrollItem.swift */ = {isa = PBXFileReference; fileEncoding = 4; lastKnownFileType = sourcecode.swift; path = ScrollItem.swift; sourceTree = "<group>"; };
		47B9FFA22BBA4E7D007179E2 /* ChatDatasource.swift */ = {isa = PBXFileReference; fileEncoding = 4; lastKnownFileType = sourcecode.swift; path = ChatDatasource.swift; sourceTree = "<group>"; };
		47B9FFA62BBA4FD1007179E2 /* ChatScrollView.swift */ = {isa = PBXFileReference; fileEncoding = 4; lastKnownFileType = sourcecode.swift; path = ChatScrollView.swift; sourceTree = "<group>"; };
		47B9FFA82BBA5049007179E2 /* AttachmentBubble.swift */ = {isa = PBXFileReference; fileEncoding = 4; lastKnownFileType = sourcecode.swift; path = AttachmentBubble.swift; sourceTree = "<group>"; };
		47B9FFA92BBA5049007179E2 /* BubbleShape.swift */ = {isa = PBXFileReference; fileEncoding = 4; lastKnownFileType = sourcecode.swift; path = BubbleShape.swift; sourceTree = "<group>"; };
		47B9FFAA2BBA5049007179E2 /* EmojiBubble.swift */ = {isa = PBXFileReference; fileEncoding = 4; lastKnownFileType = sourcecode.swift; path = EmojiBubble.swift; sourceTree = "<group>"; };
		47B9FFAB2BBA5049007179E2 /* ImageBubble.swift */ = {isa = PBXFileReference; fileEncoding = 4; lastKnownFileType = sourcecode.swift; path = ImageBubble.swift; sourceTree = "<group>"; };
		47B9FFAC2BBA5049007179E2 /* LocationBubble.swift */ = {isa = PBXFileReference; fileEncoding = 4; lastKnownFileType = sourcecode.swift; path = LocationBubble.swift; sourceTree = "<group>"; };
		47B9FFAD2BBA5049007179E2 /* TextBubble.swift */ = {isa = PBXFileReference; fileEncoding = 4; lastKnownFileType = sourcecode.swift; path = TextBubble.swift; sourceTree = "<group>"; };
		47B9FFAE2BBA5049007179E2 /* VideoBubble.swift */ = {isa = PBXFileReference; fileEncoding = 4; lastKnownFileType = sourcecode.swift; path = VideoBubble.swift; sourceTree = "<group>"; };
		47B9FFAF2BBA5049007179E2 /* VoiceBubble.swift */ = {isa = PBXFileReference; fileEncoding = 4; lastKnownFileType = sourcecode.swift; path = VoiceBubble.swift; sourceTree = "<group>"; };
		47B9FFB12BBA5049007179E2 /* MsgContextMenu.swift */ = {isa = PBXFileReference; fileEncoding = 4; lastKnownFileType = sourcecode.swift; path = MsgContextMenu.swift; sourceTree = "<group>"; };
		47B9FFB32BBA5049007179E2 /* CellProgressView.swift */ = {isa = PBXFileReference; fileEncoding = 4; lastKnownFileType = sourcecode.swift; path = CellProgressView.swift; sourceTree = "<group>"; };
		47B9FFB42BBA5049007179E2 /* HiddenLabelView.swift */ = {isa = PBXFileReference; fileEncoding = 4; lastKnownFileType = sourcecode.swift; path = HiddenLabelView.swift; sourceTree = "<group>"; };
		47B9FFB52BBA5049007179E2 /* MsgDateView.swift */ = {isa = PBXFileReference; fileEncoding = 4; lastKnownFileType = sourcecode.swift; path = MsgDateView.swift; sourceTree = "<group>"; };
		47B9FFB82BBA5049007179E2 /* ChatMessageCell.swift */ = {isa = PBXFileReference; fileEncoding = 4; lastKnownFileType = sourcecode.swift; path = ChatMessageCell.swift; sourceTree = "<group>"; };
		47B9FFC82BBA504F007179E2 /* TimeSeparaterCell.swift */ = {isa = PBXFileReference; fileEncoding = 4; lastKnownFileType = sourcecode.swift; path = TimeSeparaterCell.swift; sourceTree = "<group>"; };
		47B9FFCB2BBA5070007179E2 /* ChatInputBar.swift */ = {isa = PBXFileReference; fileEncoding = 4; lastKnownFileType = sourcecode.swift; path = ChatInputBar.swift; sourceTree = "<group>"; };
		47B9FFCC2BBA5070007179E2 /* PlusMenuButton.swift */ = {isa = PBXFileReference; fileEncoding = 4; lastKnownFileType = sourcecode.swift; path = PlusMenuButton.swift; sourceTree = "<group>"; };
		47B9FFCD2BBA5070007179E2 /* ScrollDownButton.swift */ = {isa = PBXFileReference; fileEncoding = 4; lastKnownFileType = sourcecode.swift; path = ScrollDownButton.swift; sourceTree = "<group>"; };
		47B9FFD22BBA507E007179E2 /* ChatBackground.swift */ = {isa = PBXFileReference; fileEncoding = 4; lastKnownFileType = sourcecode.swift; path = ChatBackground.swift; sourceTree = "<group>"; };
		47B9FFD42BBA50D3007179E2 /* ChatTopBar.swift */ = {isa = PBXFileReference; fileEncoding = 4; lastKnownFileType = sourcecode.swift; path = ChatTopBar.swift; sourceTree = "<group>"; };
		47B9FFD62BBA8E6A007179E2 /* ChatDatasoureceRepresentable.swift */ = {isa = PBXFileReference; lastKnownFileType = sourcecode.swift; path = ChatDatasoureceRepresentable.swift; sourceTree = "<group>"; };
		47D4BD732BC41F3700A10086 /* InteractiveMsgBubbleView.swift */ = {isa = PBXFileReference; lastKnownFileType = sourcecode.swift; path = InteractiveMsgBubbleView.swift; sourceTree = "<group>"; };
		47D4BD752BC4209500A10086 /* MsgBubbleView.swift */ = {isa = PBXFileReference; fileEncoding = 4; lastKnownFileType = sourcecode.swift; path = MsgBubbleView.swift; sourceTree = "<group>"; };
/* End PBXFileReference section */

/* Begin PBXFrameworksBuildPhase section */
		470E96242BA04E9600E1DD22 /* Frameworks */ = {
			isa = PBXFrameworksBuildPhase;
			buildActionMask = 2147483647;
			files = (
				475395DD2BC28E2C00D9220E /* XUI in Frameworks */,
				475395312BC1154E00D9220E /* GlobalNotificationSwift in Frameworks */,
				4753952A2BC1152300D9220E /* FirebaseMessaging in Frameworks */,
				4753952E2BC1152300D9220E /* FirebaseStorageCombine-Community in Frameworks */,
				4753952C2BC1152300D9220E /* FirebaseStorage in Frameworks */,
				475395222BC1152300D9220E /* FirebaseFirestore in Frameworks */,
				475395282BC1152300D9220E /* FirebaseInAppMessagingSwift-Beta in Frameworks */,
				475395202BC1152300D9220E /* FirebaseAuthCombine-Community in Frameworks */,
				475395242BC1152300D9220E /* FirebaseFirestoreCombine-Community in Frameworks */,
				4753951E2BC1152300D9220E /* FirebaseAuth in Frameworks */,
				475395262BC1152300D9220E /* FirebaseFirestoreSwift in Frameworks */,
			);
			runOnlyForDeploymentPostprocessing = 0;
		};
		470E96342BA04E9700E1DD22 /* Frameworks */ = {
			isa = PBXFrameworksBuildPhase;
			buildActionMask = 2147483647;
			files = (
			);
			runOnlyForDeploymentPostprocessing = 0;
		};
		470E963E2BA04E9700E1DD22 /* Frameworks */ = {
			isa = PBXFrameworksBuildPhase;
			buildActionMask = 2147483647;
			files = (
			);
			runOnlyForDeploymentPostprocessing = 0;
		};
		4753950D2BC1143B00D9220E /* Frameworks */ = {
			isa = PBXFrameworksBuildPhase;
			buildActionMask = 2147483647;
			files = (
				475395542BC118AD00D9220E /* GlobalNotificationSwift in Frameworks */,
				475395ED2BC320F500D9220E /* XUI in Frameworks */,
				475395572BC1190E00D9220E /* FirebaseAuth in Frameworks */,
				475395522BC1189500D9220E /* FirebaseFirestore in Frameworks */,
			);
			runOnlyForDeploymentPostprocessing = 0;
		};
/* End PBXFrameworksBuildPhase section */

/* Begin PBXGroup section */
		470E961E2BA04E9600E1DD22 = {
			isa = PBXGroup;
			children = (
				475395822BC233D300D9220E /* Shared */,
				470E96292BA04E9600E1DD22 /* MsgRoom */,
				470E963A2BA04E9700E1DD22 /* MsgRoomTests */,
				470E96442BA04E9700E1DD22 /* MsgRoomUITests */,
				475395112BC1143B00D9220E /* MsgrNotificatrionService */,
				470E96282BA04E9600E1DD22 /* Products */,
				475395502BC1189500D9220E /* Frameworks */,
			);
			sourceTree = "<group>";
		};
		470E96282BA04E9600E1DD22 /* Products */ = {
			isa = PBXGroup;
			children = (
				470E96272BA04E9600E1DD22 /* MsgRoom.app */,
				470E96372BA04E9700E1DD22 /* MsgRoomTests.xctest */,
				470E96412BA04E9700E1DD22 /* MsgRoomUITests.xctest */,
				475395102BC1143B00D9220E /* MsgrNotificatrionService.appex */,
			);
			name = Products;
			sourceTree = "<group>";
		};
		470E96292BA04E9600E1DD22 /* MsgRoom */ = {
			isa = PBXGroup;
			children = (
				47B0E7512BC0F85100D23223 /* Sources */,
				475395612BC20F2900D9220E /* Mock */,
				47B0E7522BC0F86200D23223 /* App */,
				475395022BC1124C00D9220E /* MsgRoom.entitlements */,
				475395032BC1130D00D9220E /* Info.plist */,
				470E96562BA04F2A00E1DD22 /* Resources */,
				470E96302BA04E9700E1DD22 /* Preview Content */,
			);
			path = MsgRoom;
			sourceTree = "<group>";
		};
		470E96302BA04E9700E1DD22 /* Preview Content */ = {
			isa = PBXGroup;
			children = (
				470E96312BA04E9700E1DD22 /* Preview Assets.xcassets */,
			);
			path = "Preview Content";
			sourceTree = "<group>";
		};
		470E963A2BA04E9700E1DD22 /* MsgRoomTests */ = {
			isa = PBXGroup;
			children = (
				470E963B2BA04E9700E1DD22 /* MsgRoomTests.swift */,
			);
			path = MsgRoomTests;
			sourceTree = "<group>";
		};
		470E96442BA04E9700E1DD22 /* MsgRoomUITests */ = {
			isa = PBXGroup;
			children = (
				470E96452BA04E9700E1DD22 /* MsgRoomUITests.swift */,
				470E96472BA04E9700E1DD22 /* MsgRoomUITestsLaunchTests.swift */,
			);
			path = MsgRoomUITests;
			sourceTree = "<group>";
		};
		470E96542BA04F0200E1DD22 /* Models */ = {
			isa = PBXGroup;
			children = (
				47B9FFA02BBA4E6E007179E2 /* ScrollItem.swift */,
				47B9FF8C2BBA4A5F007179E2 /* Contact.swift */,
				47B0E7452BC0665000D23223 /* Message */,
				47B0E7462BC0665800D23223 /* Conversation */,
			);
			path = Models;
			sourceTree = "<group>";
		};
		470E96552BA04F1C00E1DD22 /* Views */ = {
			isa = PBXGroup;
			children = (
				470E96572BA04F4800E1DD22 /* ChatView.swift */,
				47B0E74F2BC0F82400D23223 /* Subviews */,
			);
			path = Views;
			sourceTree = "<group>";
		};
		470E96562BA04F2A00E1DD22 /* Resources */ = {
			isa = PBXGroup;
			children = (
				475395072BC1138E00D9220E /* Assets.xcassets */,
				475395052BC1138E00D9220E /* GoogleService-Info.plist */,
				475395E32BC28F8300D9220E /* Tones */,
			);
			path = Resources;
			sourceTree = "<group>";
		};
		4734AB9C2BBB9C8D00DAE6EA /* Models */ = {
			isa = PBXGroup;
			children = (
				47B9FF8A2BBA48EC007179E2 /* Message.swift */,
				47B9FF8E2BBA4ADA007179E2 /* Conversation.swift */,
			);
			path = Models;
			sourceTree = "<group>";
		};
		475395112BC1143B00D9220E /* MsgrNotificatrionService */ = {
			isa = PBXGroup;
			children = (
				475395552BC118B800D9220E /* MsgrNotificatrionService.entitlements */,
				475395122BC1143B00D9220E /* NotificationService.swift */,
				475395142BC1143B00D9220E /* Info.plist */,
			);
			path = MsgrNotificatrionService;
			sourceTree = "<group>";
		};
		475395502BC1189500D9220E /* Frameworks */ = {
			isa = PBXGroup;
			children = (
			);
			name = Frameworks;
			sourceTree = "<group>";
		};
		475395602BC20A2C00D9220E /* Theme */ = {
			isa = PBXGroup;
			children = (
				4753955E2BC2092000D9220E /* ConversationTheme.swift */,
				47B0E7492BC0668700D23223 /* ConversationBackground.swift */,
				47B0E74B2BC0669200D23223 /* ConversationThemeType.swift */,
			);
			path = Theme;
			sourceTree = "<group>";
		};
		475395612BC20F2900D9220E /* Mock */ = {
			isa = PBXGroup;
			children = (
				4734AB9C2BBB9C8D00DAE6EA /* Models */,
				475395682BC20FEC00D9220E /* MockDataStore.swift */,
				47B9FF962BBA4C95007179E2 /* MsgRoomViewModel.swift */,
				47B9FFA22BBA4E7D007179E2 /* ChatDatasource.swift */,
			);
			path = Mock;
			sourceTree = "<group>";
		};
		475395732BC227A300D9220E /* ChatTopBar */ = {
			isa = PBXGroup;
			children = (
				47B9FFD42BBA50D3007179E2 /* ChatTopBar.swift */,
			);
			path = ChatTopBar;
			sourceTree = "<group>";
		};
		4753957F2BC2336B00D9220E /* PushNotifiation */ = {
			isa = PBXGroup;
			children = (
				4753957D2BC2336B00D9220E /* PushNotificationManager.swift */,
				4753957E2BC2336B00D9220E /* PushNotiSendOperation.swift */,
			);
			path = PushNotifiation;
			sourceTree = "<group>";
		};
		475395822BC233D300D9220E /* Shared */ = {
			isa = PBXGroup;
			children = (
				4753958A2BC2374E00D9220E /* Socket.swift */,
				475395832BC233DE00D9220E /* GroupContainer.swift */,
			);
			path = Shared;
			sourceTree = "<group>";
		};
		475395E02BC28E9100D9220E /* AudioPlayer */ = {
			isa = PBXGroup;
			children = (
				475395AD2BC23E9600D9220E /* AudioPlayer.swift */,
				475395AC2BC23E9600D9220E /* AudioWorker.swift */,
			);
			path = AudioPlayer;
			sourceTree = "<group>";
		};
		475395E12BC28EA300D9220E /* Foundation++ */ = {
			isa = PBXGroup;
			children = (
				475395A02BC23E5600D9220E /* Array++.swift */,
				475395A22BC23E5600D9220E /* Codable++.swift */,
				475395A12BC23E5600D9220E /* Date++.swift */,
			);
			path = "Foundation++";
			sourceTree = "<group>";
		};
		475395E22BC28EC400D9220E /* SwiftUI */ = {
			isa = PBXGroup;
			children = (
				475395AA2BC23E6F00D9220E /* FlippedUpsideDown.swift */,
				475395B02BC23EBB00D9220E /* ScrollViewPoroxy++.swift */,
				4753959E2BC23C8D00D9220E /* PreferenceKeys.swift */,
				4718640C2BC3236F001FA288 /* DraggableModifier.swift */,
			);
			path = SwiftUI;
			sourceTree = "<group>";
		};
		475395E32BC28F8300D9220E /* Tones */ = {
			isa = PBXGroup;
			children = (
				475395042BC1138E00D9220E /* rckit_incoming.aiff */,
				475395062BC1138E00D9220E /* rckit_outgoing.aiff */,
			);
			path = Tones;
			sourceTree = "<group>";
		};
		47B0E7452BC0665000D23223 /* Message */ = {
			isa = PBXGroup;
			children = (
				470E965C2BA055A800E1DD22 /* MsgKind.swift */,
				47B0E73F2BC0657E00D23223 /* MessageType.swift */,
				47B9FF9C2BBA4E37007179E2 /* MessageStyle.swift */,
				47B0E73D2BC0655E00D23223 /* MessageDeliveryStatus.swift */,
				47B0E7412BC0658900D23223 /* MessageRecipientType.swift */,
				47B0E7432BC0659700D23223 /* MessageReactionType.swift */,
			);
			path = Message;
			sourceTree = "<group>";
		};
		47B0E7462BC0665800D23223 /* Conversation */ = {
			isa = PBXGroup;
			children = (
				470E965E2BA055BC00E1DD22 /* ConKind.swift */,
				47B0E7472BC0667C00D23223 /* ConversationType.swift */,
				475395602BC20A2C00D9220E /* Theme */,
			);
			path = Conversation;
			sourceTree = "<group>";
		};
		47B0E74F2BC0F82400D23223 /* Subviews */ = {
			isa = PBXGroup;
			children = (
				47B9FFB92BBA5049007179E2 /* ChatCell */,
				47B9FFA62BBA4FD1007179E2 /* ChatScrollView.swift */,
				47B9FFD22BBA507E007179E2 /* ChatBackground.swift */,
				475395732BC227A300D9220E /* ChatTopBar */,
				47B9FFCE2BBA5070007179E2 /* ChatInputBar */,
				47B9FFC92BBA504F007179E2 /* TimeSeparater */,
			);
			path = Subviews;
			sourceTree = "<group>";
		};
		47B0E7502BC0F83F00D23223 /* Root */ = {
			isa = PBXGroup;
			children = (
				4753957F2BC2336B00D9220E /* PushNotifiation */,
				470E962A2BA04E9600E1DD22 /* MsgRoomApp.swift */,
				4753957B2BC2334800D9220E /* AppDelegateAdaptor.swift */,
				470E962C2BA04E9600E1DD22 /* ContentView.swift */,
			);
			path = Root;
			sourceTree = "<group>";
		};
		47B0E7512BC0F85100D23223 /* Sources */ = {
			isa = PBXGroup;
			children = (
				47B0E7572BC0F94500D23223 /* Utilities */,
				47B0E7562BC0F8EA00D23223 /* Chat */,
				470E96542BA04F0200E1DD22 /* Models */,
			);
			path = Sources;
			sourceTree = "<group>";
		};
		47B0E7522BC0F86200D23223 /* App */ = {
			isa = PBXGroup;
			children = (
				47B0E7502BC0F83F00D23223 /* Root */,
			);
			path = App;
			sourceTree = "<group>";
		};
		47B0E7552BC0F8DA00D23223 /* ViewModel */ = {
			isa = PBXGroup;
			children = (
				470E965A2BA0558600E1DD22 /* ChatViewModelImplementation.swift */,
				47B9FFD62BBA8E6A007179E2 /* ChatDatasoureceRepresentable.swift */,
			);
			path = ViewModel;
			sourceTree = "<group>";
		};
		47B0E7562BC0F8EA00D23223 /* Chat */ = {
			isa = PBXGroup;
			children = (
				47B0E7552BC0F8DA00D23223 /* ViewModel */,
				470E96552BA04F1C00E1DD22 /* Views */,
			);
			path = Chat;
			sourceTree = "<group>";
		};
		47B0E7572BC0F94500D23223 /* Utilities */ = {
			isa = PBXGroup;
			children = (
				475395E02BC28E9100D9220E /* AudioPlayer */,
				475395E22BC28EC400D9220E /* SwiftUI */,
				475395E12BC28EA300D9220E /* Foundation++ */,
				475395A42BC23E5600D9220E /* Dir.swift */,
				4753959C2BC23A6400D9220E /* MsgStyleStylingWorker.swift */,
				47B9FF982BBA4D42007179E2 /* MsgKitConfigurations.swift */,
			);
			path = Utilities;
			sourceTree = "<group>";
		};
		47B9FFB02BBA5049007179E2 /* Bubbles */ = {
			isa = PBXGroup;
			children = (
				47D4BD732BC41F3700A10086 /* InteractiveMsgBubbleView.swift */,
				47D4BD752BC4209500A10086 /* MsgBubbleView.swift */,
				47B9FFA82BBA5049007179E2 /* AttachmentBubble.swift */,
				47B9FFA92BBA5049007179E2 /* BubbleShape.swift */,
				47B9FFAA2BBA5049007179E2 /* EmojiBubble.swift */,
				47B9FFAB2BBA5049007179E2 /* ImageBubble.swift */,
				47B9FFAC2BBA5049007179E2 /* LocationBubble.swift */,
				47B9FFAD2BBA5049007179E2 /* TextBubble.swift */,
				47B9FFAE2BBA5049007179E2 /* VideoBubble.swift */,
				47B9FFAF2BBA5049007179E2 /* VoiceBubble.swift */,
			);
			path = Bubbles;
			sourceTree = "<group>";
		};
		47B9FFB22BBA5049007179E2 /* Menus&Alerts */ = {
			isa = PBXGroup;
			children = (
				47B9FFB12BBA5049007179E2 /* MsgContextMenu.swift */,
			);
			path = "Menus&Alerts";
			sourceTree = "<group>";
		};
		47B9FFB62BBA5049007179E2 /* SubViews */ = {
			isa = PBXGroup;
			children = (
				47B9FFB32BBA5049007179E2 /* CellProgressView.swift */,
				47B9FFB42BBA5049007179E2 /* HiddenLabelView.swift */,
				47B9FFB52BBA5049007179E2 /* MsgDateView.swift */,
				475395EA2BC2F5DC00D9220E /* ContactAvatarView.swift */,
			);
			path = SubViews;
			sourceTree = "<group>";
		};
		47B9FFB92BBA5049007179E2 /* ChatCell */ = {
			isa = PBXGroup;
			children = (
				47B9FFB82BBA5049007179E2 /* ChatMessageCell.swift */,
				47B9FFB02BBA5049007179E2 /* Bubbles */,
				47B9FFB22BBA5049007179E2 /* Menus&Alerts */,
				47B9FFB62BBA5049007179E2 /* SubViews */,
			);
			path = ChatCell;
			sourceTree = "<group>";
		};
		47B9FFC92BBA504F007179E2 /* TimeSeparater */ = {
			isa = PBXGroup;
			children = (
				47B9FFC82BBA504F007179E2 /* TimeSeparaterCell.swift */,
			);
			path = TimeSeparater;
			sourceTree = "<group>";
		};
		47B9FFCE2BBA5070007179E2 /* ChatInputBar */ = {
			isa = PBXGroup;
			children = (
				47B9FFCB2BBA5070007179E2 /* ChatInputBar.swift */,
				47B9FFCC2BBA5070007179E2 /* PlusMenuButton.swift */,
				47B9FFCD2BBA5070007179E2 /* ScrollDownButton.swift */,
			);
			path = ChatInputBar;
			sourceTree = "<group>";
		};
/* End PBXGroup section */

/* Begin PBXNativeTarget section */
		470E96262BA04E9600E1DD22 /* MsgRoom */ = {
			isa = PBXNativeTarget;
			buildConfigurationList = 470E964B2BA04E9700E1DD22 /* Build configuration list for PBXNativeTarget "MsgRoom" */;
			buildPhases = (
				470E96232BA04E9600E1DD22 /* Sources */,
				470E96242BA04E9600E1DD22 /* Frameworks */,
				470E96252BA04E9600E1DD22 /* Resources */,
				4753951B2BC1143B00D9220E /* Embed Foundation Extensions */,
			);
			buildRules = (
			);
			dependencies = (
				475395162BC1143B00D9220E /* PBXTargetDependency */,
			);
			name = MsgRoom;
			packageProductDependencies = (
				4753951D2BC1152300D9220E /* FirebaseAuth */,
				4753951F2BC1152300D9220E /* FirebaseAuthCombine-Community */,
				475395212BC1152300D9220E /* FirebaseFirestore */,
				475395232BC1152300D9220E /* FirebaseFirestoreCombine-Community */,
				475395252BC1152300D9220E /* FirebaseFirestoreSwift */,
				475395272BC1152300D9220E /* FirebaseInAppMessagingSwift-Beta */,
				475395292BC1152300D9220E /* FirebaseMessaging */,
				4753952B2BC1152300D9220E /* FirebaseStorage */,
				4753952D2BC1152300D9220E /* FirebaseStorageCombine-Community */,
				475395302BC1154E00D9220E /* GlobalNotificationSwift */,
				475395DC2BC28E2C00D9220E /* XUI */,
			);
			productName = MsgRoom;
			productReference = 470E96272BA04E9600E1DD22 /* MsgRoom.app */;
			productType = "com.apple.product-type.application";
		};
		470E96362BA04E9700E1DD22 /* MsgRoomTests */ = {
			isa = PBXNativeTarget;
			buildConfigurationList = 470E964E2BA04E9700E1DD22 /* Build configuration list for PBXNativeTarget "MsgRoomTests" */;
			buildPhases = (
				470E96332BA04E9700E1DD22 /* Sources */,
				470E96342BA04E9700E1DD22 /* Frameworks */,
				470E96352BA04E9700E1DD22 /* Resources */,
			);
			buildRules = (
			);
			dependencies = (
				470E96392BA04E9700E1DD22 /* PBXTargetDependency */,
			);
			name = MsgRoomTests;
			productName = MsgRoomTests;
			productReference = 470E96372BA04E9700E1DD22 /* MsgRoomTests.xctest */;
			productType = "com.apple.product-type.bundle.unit-test";
		};
		470E96402BA04E9700E1DD22 /* MsgRoomUITests */ = {
			isa = PBXNativeTarget;
			buildConfigurationList = 470E96512BA04E9700E1DD22 /* Build configuration list for PBXNativeTarget "MsgRoomUITests" */;
			buildPhases = (
				470E963D2BA04E9700E1DD22 /* Sources */,
				470E963E2BA04E9700E1DD22 /* Frameworks */,
				470E963F2BA04E9700E1DD22 /* Resources */,
			);
			buildRules = (
			);
			dependencies = (
				470E96432BA04E9700E1DD22 /* PBXTargetDependency */,
			);
			name = MsgRoomUITests;
			productName = MsgRoomUITests;
			productReference = 470E96412BA04E9700E1DD22 /* MsgRoomUITests.xctest */;
			productType = "com.apple.product-type.bundle.ui-testing";
		};
		4753950F2BC1143B00D9220E /* MsgrNotificatrionService */ = {
			isa = PBXNativeTarget;
			buildConfigurationList = 475395182BC1143B00D9220E /* Build configuration list for PBXNativeTarget "MsgrNotificatrionService" */;
			buildPhases = (
				4753950C2BC1143B00D9220E /* Sources */,
				4753950D2BC1143B00D9220E /* Frameworks */,
				4753950E2BC1143B00D9220E /* Resources */,
			);
			buildRules = (
			);
			dependencies = (
			);
			name = MsgrNotificatrionService;
			packageProductDependencies = (
				475395512BC1189500D9220E /* FirebaseFirestore */,
				475395532BC118AD00D9220E /* GlobalNotificationSwift */,
				475395562BC1190E00D9220E /* FirebaseAuth */,
				475395EC2BC320F500D9220E /* XUI */,
			);
			productName = MsgrNotificatrionService;
			productReference = 475395102BC1143B00D9220E /* MsgrNotificatrionService.appex */;
			productType = "com.apple.product-type.app-extension";
		};
/* End PBXNativeTarget section */

/* Begin PBXProject section */
		470E961F2BA04E9600E1DD22 /* Project object */ = {
			isa = PBXProject;
			attributes = {
				BuildIndependentTargetsInParallel = 1;
				LastSwiftUpdateCheck = 1530;
				LastUpgradeCheck = 1530;
				TargetAttributes = {
					470E96262BA04E9600E1DD22 = {
						CreatedOnToolsVersion = 15.3;
					};
					470E96362BA04E9700E1DD22 = {
						CreatedOnToolsVersion = 15.3;
						TestTargetID = 470E96262BA04E9600E1DD22;
					};
					470E96402BA04E9700E1DD22 = {
						CreatedOnToolsVersion = 15.3;
						TestTargetID = 470E96262BA04E9600E1DD22;
					};
					4753950F2BC1143B00D9220E = {
						CreatedOnToolsVersion = 15.3;
					};
				};
			};
			buildConfigurationList = 470E96222BA04E9600E1DD22 /* Build configuration list for PBXProject "MsgRoom" */;
			compatibilityVersion = "Xcode 14.0";
			developmentRegion = en;
			hasScannedForEncodings = 0;
			knownRegions = (
				en,
				Base,
			);
			mainGroup = 470E961E2BA04E9600E1DD22;
			packageReferences = (
				4753951C2BC1152300D9220E /* XCRemoteSwiftPackageReference "firebase-ios-sdk" */,
				4753952F2BC1154E00D9220E /* XCRemoteSwiftPackageReference "GlobalNotificationSwift" */,
				475395DB2BC28E2C00D9220E /* XCRemoteSwiftPackageReference "XUI" */,
			);
			productRefGroup = 470E96282BA04E9600E1DD22 /* Products */;
			projectDirPath = "";
			projectRoot = "";
			targets = (
				470E96262BA04E9600E1DD22 /* MsgRoom */,
				470E96362BA04E9700E1DD22 /* MsgRoomTests */,
				470E96402BA04E9700E1DD22 /* MsgRoomUITests */,
				4753950F2BC1143B00D9220E /* MsgrNotificatrionService */,
			);
		};
/* End PBXProject section */

/* Begin PBXResourcesBuildPhase section */
		470E96252BA04E9600E1DD22 /* Resources */ = {
			isa = PBXResourcesBuildPhase;
			buildActionMask = 2147483647;
			files = (
				4753950A2BC1138E00D9220E /* rckit_outgoing.aiff in Resources */,
				470E96322BA04E9700E1DD22 /* Preview Assets.xcassets in Resources */,
				475395092BC1138E00D9220E /* GoogleService-Info.plist in Resources */,
				4753950B2BC1138E00D9220E /* Assets.xcassets in Resources */,
				475395082BC1138E00D9220E /* rckit_incoming.aiff in Resources */,
			);
			runOnlyForDeploymentPostprocessing = 0;
		};
		470E96352BA04E9700E1DD22 /* Resources */ = {
			isa = PBXResourcesBuildPhase;
			buildActionMask = 2147483647;
			files = (
			);
			runOnlyForDeploymentPostprocessing = 0;
		};
		470E963F2BA04E9700E1DD22 /* Resources */ = {
			isa = PBXResourcesBuildPhase;
			buildActionMask = 2147483647;
			files = (
			);
			runOnlyForDeploymentPostprocessing = 0;
		};
		4753950E2BC1143B00D9220E /* Resources */ = {
			isa = PBXResourcesBuildPhase;
			buildActionMask = 2147483647;
			files = (
			);
			runOnlyForDeploymentPostprocessing = 0;
		};
/* End PBXResourcesBuildPhase section */

/* Begin PBXSourcesBuildPhase section */
		470E96232BA04E9600E1DD22 /* Sources */ = {
			isa = PBXSourcesBuildPhase;
			buildActionMask = 2147483647;
			files = (
				475395AE2BC23E9700D9220E /* AudioWorker.swift in Sources */,
				47B9FFD72BBA8E6A007179E2 /* ChatDatasoureceRepresentable.swift in Sources */,
				47B9FF8D2BBA4A5F007179E2 /* Contact.swift in Sources */,
				47B9FFBC2BBA5049007179E2 /* EmojiBubble.swift in Sources */,
				47B9FF972BBA4C95007179E2 /* MsgRoomViewModel.swift in Sources */,
				47B0E7442BC0659700D23223 /* MessageReactionType.swift in Sources */,
				47B0E7422BC0658900D23223 /* MessageRecipientType.swift in Sources */,
				47B9FFC42BBA5049007179E2 /* HiddenLabelView.swift in Sources */,
				47B9FFC52BBA5049007179E2 /* MsgDateView.swift in Sources */,
				47B9FFC32BBA5049007179E2 /* CellProgressView.swift in Sources */,
				47B9FFD32BBA507E007179E2 /* ChatBackground.swift in Sources */,
				475395A52BC23E5600D9220E /* Array++.swift in Sources */,
				47B9FFD12BBA5070007179E2 /* ScrollDownButton.swift in Sources */,
				47B9FFC02BBA5049007179E2 /* VideoBubble.swift in Sources */,
				470E965D2BA055A800E1DD22 /* MsgKind.swift in Sources */,
				475395842BC233DE00D9220E /* GroupContainer.swift in Sources */,
				47B9FFBE2BBA5049007179E2 /* LocationBubble.swift in Sources */,
				47B9FFBB2BBA5049007179E2 /* BubbleShape.swift in Sources */,
				4753955F2BC2092000D9220E /* ConversationTheme.swift in Sources */,
				47B9FFBD2BBA5049007179E2 /* ImageBubble.swift in Sources */,
				475395692BC20FEC00D9220E /* MockDataStore.swift in Sources */,
				47B9FFA32BBA4E7D007179E2 /* ChatDatasource.swift in Sources */,
				475395A62BC23E5600D9220E /* Date++.swift in Sources */,
				47B0E73E2BC0655E00D23223 /* MessageDeliveryStatus.swift in Sources */,
				47B9FF9D2BBA4E37007179E2 /* MessageStyle.swift in Sources */,
				4718640D2BC3236F001FA288 /* DraggableModifier.swift in Sources */,
				47B9FFC72BBA5049007179E2 /* ChatMessageCell.swift in Sources */,
				47B9FFC12BBA5049007179E2 /* VoiceBubble.swift in Sources */,
				475395A92BC23E5600D9220E /* Dir.swift in Sources */,
				47D4BD742BC41F3700A10086 /* InteractiveMsgBubbleView.swift in Sources */,
				4753957C2BC2334800D9220E /* AppDelegateAdaptor.swift in Sources */,
				4753959F2BC23C8D00D9220E /* PreferenceKeys.swift in Sources */,
				4753959D2BC23A6400D9220E /* MsgStyleStylingWorker.swift in Sources */,
				47B9FFCA2BBA504F007179E2 /* TimeSeparaterCell.swift in Sources */,
				470E965F2BA055BC00E1DD22 /* ConKind.swift in Sources */,
				47B9FF8B2BBA48EC007179E2 /* Message.swift in Sources */,
				470E962D2BA04E9600E1DD22 /* ContentView.swift in Sources */,
				47B0E74C2BC0669200D23223 /* ConversationThemeType.swift in Sources */,
				47B9FFA12BBA4E6E007179E2 /* ScrollItem.swift in Sources */,
				475395AB2BC23E6F00D9220E /* FlippedUpsideDown.swift in Sources */,
				47B9FF8F2BBA4ADA007179E2 /* Conversation.swift in Sources */,
				47D4BD762BC4209500A10086 /* MsgBubbleView.swift in Sources */,
				47B9FFA72BBA4FD1007179E2 /* ChatScrollView.swift in Sources */,
				47B0E74A2BC0668700D23223 /* ConversationBackground.swift in Sources */,
				47B9FF992BBA4D42007179E2 /* MsgKitConfigurations.swift in Sources */,
				47B9FFC22BBA5049007179E2 /* MsgContextMenu.swift in Sources */,
				475395B12BC23EBB00D9220E /* ScrollViewPoroxy++.swift in Sources */,
				470E96582BA04F4800E1DD22 /* ChatView.swift in Sources */,
				475395A72BC23E5600D9220E /* Codable++.swift in Sources */,
				475395802BC2336B00D9220E /* PushNotificationManager.swift in Sources */,
				47B9FFBF2BBA5049007179E2 /* TextBubble.swift in Sources */,
				470E965B2BA0558600E1DD22 /* ChatViewModelImplementation.swift in Sources */,
				475395AF2BC23E9700D9220E /* AudioPlayer.swift in Sources */,
				47B0E7482BC0667C00D23223 /* ConversationType.swift in Sources */,
				475395812BC2336B00D9220E /* PushNotiSendOperation.swift in Sources */,
				47B9FFBA2BBA5049007179E2 /* AttachmentBubble.swift in Sources */,
				47B9FFCF2BBA5070007179E2 /* ChatInputBar.swift in Sources */,
				4753958B2BC2374E00D9220E /* Socket.swift in Sources */,
				47B0E7402BC0657E00D23223 /* MessageType.swift in Sources */,
				47B9FFD52BBA50D3007179E2 /* ChatTopBar.swift in Sources */,
				475395EB2BC2F5DC00D9220E /* ContactAvatarView.swift in Sources */,
				47B9FFD02BBA5070007179E2 /* PlusMenuButton.swift in Sources */,
				470E962B2BA04E9600E1DD22 /* MsgRoomApp.swift in Sources */,
			);
			runOnlyForDeploymentPostprocessing = 0;
		};
		470E96332BA04E9700E1DD22 /* Sources */ = {
			isa = PBXSourcesBuildPhase;
			buildActionMask = 2147483647;
			files = (
				470E963C2BA04E9700E1DD22 /* MsgRoomTests.swift in Sources */,
			);
			runOnlyForDeploymentPostprocessing = 0;
		};
		470E963D2BA04E9700E1DD22 /* Sources */ = {
			isa = PBXSourcesBuildPhase;
			buildActionMask = 2147483647;
			files = (
				470E96462BA04E9700E1DD22 /* MsgRoomUITests.swift in Sources */,
				470E96482BA04E9700E1DD22 /* MsgRoomUITestsLaunchTests.swift in Sources */,
			);
			runOnlyForDeploymentPostprocessing = 0;
		};
		4753950C2BC1143B00D9220E /* Sources */ = {
			isa = PBXSourcesBuildPhase;
			buildActionMask = 2147483647;
			files = (
				475395132BC1143B00D9220E /* NotificationService.swift in Sources */,
				475395E72BC28FD000D9220E /* BubbleShape.swift in Sources */,
				475395852BC233DE00D9220E /* GroupContainer.swift in Sources */,
				4753959B2BC2398600D9220E /* ChatBackground.swift in Sources */,
			);
			runOnlyForDeploymentPostprocessing = 0;
		};
/* End PBXSourcesBuildPhase section */

/* Begin PBXTargetDependency section */
		470E96392BA04E9700E1DD22 /* PBXTargetDependency */ = {
			isa = PBXTargetDependency;
			target = 470E96262BA04E9600E1DD22 /* MsgRoom */;
			targetProxy = 470E96382BA04E9700E1DD22 /* PBXContainerItemProxy */;
		};
		470E96432BA04E9700E1DD22 /* PBXTargetDependency */ = {
			isa = PBXTargetDependency;
			target = 470E96262BA04E9600E1DD22 /* MsgRoom */;
			targetProxy = 470E96422BA04E9700E1DD22 /* PBXContainerItemProxy */;
		};
		475395162BC1143B00D9220E /* PBXTargetDependency */ = {
			isa = PBXTargetDependency;
			target = 4753950F2BC1143B00D9220E /* MsgrNotificatrionService */;
			targetProxy = 475395152BC1143B00D9220E /* PBXContainerItemProxy */;
		};
/* End PBXTargetDependency section */

/* Begin XCBuildConfiguration section */
		470E96492BA04E9700E1DD22 /* Debug */ = {
			isa = XCBuildConfiguration;
			buildSettings = {
				ALWAYS_SEARCH_USER_PATHS = NO;
				ASSETCATALOG_COMPILER_GENERATE_SWIFT_ASSET_SYMBOL_EXTENSIONS = YES;
				CLANG_ANALYZER_NONNULL = YES;
				CLANG_ANALYZER_NUMBER_OBJECT_CONVERSION = YES_AGGRESSIVE;
				CLANG_CXX_LANGUAGE_STANDARD = "gnu++20";
				CLANG_ENABLE_MODULES = YES;
				CLANG_ENABLE_OBJC_ARC = YES;
				CLANG_ENABLE_OBJC_WEAK = YES;
				CLANG_WARN_BLOCK_CAPTURE_AUTORELEASING = YES;
				CLANG_WARN_BOOL_CONVERSION = YES;
				CLANG_WARN_COMMA = YES;
				CLANG_WARN_CONSTANT_CONVERSION = YES;
				CLANG_WARN_DEPRECATED_OBJC_IMPLEMENTATIONS = YES;
				CLANG_WARN_DIRECT_OBJC_ISA_USAGE = YES_ERROR;
				CLANG_WARN_DOCUMENTATION_COMMENTS = YES;
				CLANG_WARN_EMPTY_BODY = YES;
				CLANG_WARN_ENUM_CONVERSION = YES;
				CLANG_WARN_INFINITE_RECURSION = YES;
				CLANG_WARN_INT_CONVERSION = YES;
				CLANG_WARN_NON_LITERAL_NULL_CONVERSION = YES;
				CLANG_WARN_OBJC_IMPLICIT_RETAIN_SELF = YES;
				CLANG_WARN_OBJC_LITERAL_CONVERSION = YES;
				CLANG_WARN_OBJC_ROOT_CLASS = YES_ERROR;
				CLANG_WARN_QUOTED_INCLUDE_IN_FRAMEWORK_HEADER = YES;
				CLANG_WARN_RANGE_LOOP_ANALYSIS = YES;
				CLANG_WARN_STRICT_PROTOTYPES = YES;
				CLANG_WARN_SUSPICIOUS_MOVE = YES;
				CLANG_WARN_UNGUARDED_AVAILABILITY = YES_AGGRESSIVE;
				CLANG_WARN_UNREACHABLE_CODE = YES;
				CLANG_WARN__DUPLICATE_METHOD_MATCH = YES;
				COPY_PHASE_STRIP = NO;
				DEBUG_INFORMATION_FORMAT = dwarf;
				ENABLE_STRICT_OBJC_MSGSEND = YES;
				ENABLE_TESTABILITY = YES;
				ENABLE_USER_SCRIPT_SANDBOXING = YES;
				GCC_C_LANGUAGE_STANDARD = gnu17;
				GCC_DYNAMIC_NO_PIC = NO;
				GCC_NO_COMMON_BLOCKS = YES;
				GCC_OPTIMIZATION_LEVEL = 0;
				GCC_PREPROCESSOR_DEFINITIONS = (
					"DEBUG=1",
					"$(inherited)",
				);
				GCC_WARN_64_TO_32_BIT_CONVERSION = YES;
				GCC_WARN_ABOUT_RETURN_TYPE = YES_ERROR;
				GCC_WARN_UNDECLARED_SELECTOR = YES;
				GCC_WARN_UNINITIALIZED_AUTOS = YES_AGGRESSIVE;
				GCC_WARN_UNUSED_FUNCTION = YES;
				GCC_WARN_UNUSED_VARIABLE = YES;
				IPHONEOS_DEPLOYMENT_TARGET = 17.4;
				LOCALIZATION_PREFERS_STRING_CATALOGS = YES;
				MTL_ENABLE_DEBUG_INFO = INCLUDE_SOURCE;
				MTL_FAST_MATH = YES;
				ONLY_ACTIVE_ARCH = YES;
				SDKROOT = iphoneos;
				SWIFT_ACTIVE_COMPILATION_CONDITIONS = "DEBUG $(inherited)";
				SWIFT_OPTIMIZATION_LEVEL = "-Onone";
			};
			name = Debug;
		};
		470E964A2BA04E9700E1DD22 /* Release */ = {
			isa = XCBuildConfiguration;
			buildSettings = {
				ALWAYS_SEARCH_USER_PATHS = NO;
				ASSETCATALOG_COMPILER_GENERATE_SWIFT_ASSET_SYMBOL_EXTENSIONS = YES;
				CLANG_ANALYZER_NONNULL = YES;
				CLANG_ANALYZER_NUMBER_OBJECT_CONVERSION = YES_AGGRESSIVE;
				CLANG_CXX_LANGUAGE_STANDARD = "gnu++20";
				CLANG_ENABLE_MODULES = YES;
				CLANG_ENABLE_OBJC_ARC = YES;
				CLANG_ENABLE_OBJC_WEAK = YES;
				CLANG_WARN_BLOCK_CAPTURE_AUTORELEASING = YES;
				CLANG_WARN_BOOL_CONVERSION = YES;
				CLANG_WARN_COMMA = YES;
				CLANG_WARN_CONSTANT_CONVERSION = YES;
				CLANG_WARN_DEPRECATED_OBJC_IMPLEMENTATIONS = YES;
				CLANG_WARN_DIRECT_OBJC_ISA_USAGE = YES_ERROR;
				CLANG_WARN_DOCUMENTATION_COMMENTS = YES;
				CLANG_WARN_EMPTY_BODY = YES;
				CLANG_WARN_ENUM_CONVERSION = YES;
				CLANG_WARN_INFINITE_RECURSION = YES;
				CLANG_WARN_INT_CONVERSION = YES;
				CLANG_WARN_NON_LITERAL_NULL_CONVERSION = YES;
				CLANG_WARN_OBJC_IMPLICIT_RETAIN_SELF = YES;
				CLANG_WARN_OBJC_LITERAL_CONVERSION = YES;
				CLANG_WARN_OBJC_ROOT_CLASS = YES_ERROR;
				CLANG_WARN_QUOTED_INCLUDE_IN_FRAMEWORK_HEADER = YES;
				CLANG_WARN_RANGE_LOOP_ANALYSIS = YES;
				CLANG_WARN_STRICT_PROTOTYPES = YES;
				CLANG_WARN_SUSPICIOUS_MOVE = YES;
				CLANG_WARN_UNGUARDED_AVAILABILITY = YES_AGGRESSIVE;
				CLANG_WARN_UNREACHABLE_CODE = YES;
				CLANG_WARN__DUPLICATE_METHOD_MATCH = YES;
				COPY_PHASE_STRIP = NO;
				DEBUG_INFORMATION_FORMAT = "dwarf-with-dsym";
				ENABLE_NS_ASSERTIONS = NO;
				ENABLE_STRICT_OBJC_MSGSEND = YES;
				ENABLE_USER_SCRIPT_SANDBOXING = YES;
				GCC_C_LANGUAGE_STANDARD = gnu17;
				GCC_NO_COMMON_BLOCKS = YES;
				GCC_WARN_64_TO_32_BIT_CONVERSION = YES;
				GCC_WARN_ABOUT_RETURN_TYPE = YES_ERROR;
				GCC_WARN_UNDECLARED_SELECTOR = YES;
				GCC_WARN_UNINITIALIZED_AUTOS = YES_AGGRESSIVE;
				GCC_WARN_UNUSED_FUNCTION = YES;
				GCC_WARN_UNUSED_VARIABLE = YES;
				IPHONEOS_DEPLOYMENT_TARGET = 17.4;
				LOCALIZATION_PREFERS_STRING_CATALOGS = YES;
				MTL_ENABLE_DEBUG_INFO = NO;
				MTL_FAST_MATH = YES;
				SDKROOT = iphoneos;
				SWIFT_COMPILATION_MODE = wholemodule;
				VALIDATE_PRODUCT = YES;
			};
			name = Release;
		};
		470E964C2BA04E9700E1DD22 /* Debug */ = {
			isa = XCBuildConfiguration;
			buildSettings = {
				ALWAYS_EMBED_SWIFT_STANDARD_LIBRARIES = YES;
				ASSETCATALOG_COMPILER_APPICON_NAME = AppIcon;
				ASSETCATALOG_COMPILER_GLOBAL_ACCENT_COLOR_NAME = AccentColor;
				CODE_SIGN_ENTITLEMENTS = MsgRoom/MsgRoom.entitlements;
				CODE_SIGN_STYLE = Automatic;
				CURRENT_PROJECT_VERSION = 1;
				DEVELOPMENT_ASSET_PATHS = "\"MsgRoom/Preview Content\"";
				DEVELOPMENT_TEAM = HJ9L53D9PB;
				ENABLE_PREVIEWS = YES;
				GENERATE_INFOPLIST_FILE = YES;
				INFOPLIST_FILE = MsgRoom/Info.plist;
				INFOPLIST_KEY_UIApplicationSceneManifest_Generation = YES;
				INFOPLIST_KEY_UIApplicationSupportsIndirectInputEvents = YES;
				INFOPLIST_KEY_UILaunchScreen_Generation = YES;
				INFOPLIST_KEY_UIStatusBarHidden = YES;
				INFOPLIST_KEY_UISupportedInterfaceOrientations_iPad = "UIInterfaceOrientationPortrait UIInterfaceOrientationPortraitUpsideDown UIInterfaceOrientationLandscapeLeft UIInterfaceOrientationLandscapeRight";
				INFOPLIST_KEY_UISupportedInterfaceOrientations_iPhone = "UIInterfaceOrientationPortrait UIInterfaceOrientationLandscapeLeft UIInterfaceOrientationLandscapeRight";
				IPHONEOS_DEPLOYMENT_TARGET = 17.0;
				LD_RUNPATH_SEARCH_PATHS = (
					"$(inherited)",
					"@executable_path/Frameworks",
				);
				MARKETING_VERSION = 1.0;
				PRODUCT_BUNDLE_IDENTIFIER = com.aungkomin.Msgr.v3;
				PRODUCT_NAME = "$(TARGET_NAME)";
				SWIFT_EMIT_LOC_STRINGS = YES;
				SWIFT_VERSION = 5.0;
				TARGETED_DEVICE_FAMILY = "1,2";
			};
			name = Debug;
		};
		470E964D2BA04E9700E1DD22 /* Release */ = {
			isa = XCBuildConfiguration;
			buildSettings = {
				ALWAYS_EMBED_SWIFT_STANDARD_LIBRARIES = YES;
				ASSETCATALOG_COMPILER_APPICON_NAME = AppIcon;
				ASSETCATALOG_COMPILER_GLOBAL_ACCENT_COLOR_NAME = AccentColor;
				CODE_SIGN_ENTITLEMENTS = MsgRoom/MsgRoom.entitlements;
				CODE_SIGN_STYLE = Automatic;
				CURRENT_PROJECT_VERSION = 1;
				DEVELOPMENT_ASSET_PATHS = "\"MsgRoom/Preview Content\"";
				DEVELOPMENT_TEAM = HJ9L53D9PB;
				ENABLE_PREVIEWS = YES;
				GENERATE_INFOPLIST_FILE = YES;
				INFOPLIST_FILE = MsgRoom/Info.plist;
				INFOPLIST_KEY_UIApplicationSceneManifest_Generation = YES;
				INFOPLIST_KEY_UIApplicationSupportsIndirectInputEvents = YES;
				INFOPLIST_KEY_UILaunchScreen_Generation = YES;
				INFOPLIST_KEY_UIStatusBarHidden = YES;
				INFOPLIST_KEY_UISupportedInterfaceOrientations_iPad = "UIInterfaceOrientationPortrait UIInterfaceOrientationPortraitUpsideDown UIInterfaceOrientationLandscapeLeft UIInterfaceOrientationLandscapeRight";
				INFOPLIST_KEY_UISupportedInterfaceOrientations_iPhone = "UIInterfaceOrientationPortrait UIInterfaceOrientationLandscapeLeft UIInterfaceOrientationLandscapeRight";
				IPHONEOS_DEPLOYMENT_TARGET = 17.0;
				LD_RUNPATH_SEARCH_PATHS = (
					"$(inherited)",
					"@executable_path/Frameworks",
				);
				MARKETING_VERSION = 1.0;
				PRODUCT_BUNDLE_IDENTIFIER = com.aungkomin.Msgr.v3;
				PRODUCT_NAME = "$(TARGET_NAME)";
				SWIFT_EMIT_LOC_STRINGS = YES;
				SWIFT_VERSION = 5.0;
				TARGETED_DEVICE_FAMILY = "1,2";
			};
			name = Release;
		};
		470E964F2BA04E9700E1DD22 /* Debug */ = {
			isa = XCBuildConfiguration;
			buildSettings = {
				ALWAYS_EMBED_SWIFT_STANDARD_LIBRARIES = YES;
				BUNDLE_LOADER = "$(TEST_HOST)";
				CODE_SIGN_STYLE = Automatic;
				CURRENT_PROJECT_VERSION = 1;
				DEVELOPMENT_TEAM = HJ9L53D9PB;
				GENERATE_INFOPLIST_FILE = YES;
				IPHONEOS_DEPLOYMENT_TARGET = 17.4;
				MARKETING_VERSION = 1.0;
				PRODUCT_BUNDLE_IDENTIFIER = com.jonahaung.MsgrTests;
				PRODUCT_NAME = "$(TARGET_NAME)";
				SWIFT_EMIT_LOC_STRINGS = NO;
				SWIFT_VERSION = 5.0;
				TARGETED_DEVICE_FAMILY = "1,2";
				TEST_HOST = "$(BUILT_PRODUCTS_DIR)/MsgRoom.app/$(BUNDLE_EXECUTABLE_FOLDER_PATH)/MsgRoom";
			};
			name = Debug;
		};
		470E96502BA04E9700E1DD22 /* Release */ = {
			isa = XCBuildConfiguration;
			buildSettings = {
				ALWAYS_EMBED_SWIFT_STANDARD_LIBRARIES = YES;
				BUNDLE_LOADER = "$(TEST_HOST)";
				CODE_SIGN_STYLE = Automatic;
				CURRENT_PROJECT_VERSION = 1;
				DEVELOPMENT_TEAM = HJ9L53D9PB;
				GENERATE_INFOPLIST_FILE = YES;
				IPHONEOS_DEPLOYMENT_TARGET = 17.4;
				MARKETING_VERSION = 1.0;
				PRODUCT_BUNDLE_IDENTIFIER = com.jonahaung.MsgrTests;
				PRODUCT_NAME = "$(TARGET_NAME)";
				SWIFT_EMIT_LOC_STRINGS = NO;
				SWIFT_VERSION = 5.0;
				TARGETED_DEVICE_FAMILY = "1,2";
				TEST_HOST = "$(BUILT_PRODUCTS_DIR)/MsgRoom.app/$(BUNDLE_EXECUTABLE_FOLDER_PATH)/MsgRoom";
			};
			name = Release;
		};
		470E96522BA04E9700E1DD22 /* Debug */ = {
			isa = XCBuildConfiguration;
			buildSettings = {
				ALWAYS_EMBED_SWIFT_STANDARD_LIBRARIES = YES;
				CODE_SIGN_STYLE = Automatic;
				CURRENT_PROJECT_VERSION = 1;
				DEVELOPMENT_TEAM = HJ9L53D9PB;
				GENERATE_INFOPLIST_FILE = YES;
				MARKETING_VERSION = 1.0;
				PRODUCT_BUNDLE_IDENTIFIER = com.jonahaung.MsgRoomUITests;
				PRODUCT_NAME = "$(TARGET_NAME)";
				SWIFT_EMIT_LOC_STRINGS = NO;
				SWIFT_VERSION = 5.0;
				TARGETED_DEVICE_FAMILY = "1,2";
				TEST_TARGET_NAME = MsgRoom;
			};
			name = Debug;
		};
		470E96532BA04E9700E1DD22 /* Release */ = {
			isa = XCBuildConfiguration;
			buildSettings = {
				ALWAYS_EMBED_SWIFT_STANDARD_LIBRARIES = YES;
				CODE_SIGN_STYLE = Automatic;
				CURRENT_PROJECT_VERSION = 1;
				DEVELOPMENT_TEAM = HJ9L53D9PB;
				GENERATE_INFOPLIST_FILE = YES;
				MARKETING_VERSION = 1.0;
				PRODUCT_BUNDLE_IDENTIFIER = com.jonahaung.MsgRoomUITests;
				PRODUCT_NAME = "$(TARGET_NAME)";
				SWIFT_EMIT_LOC_STRINGS = NO;
				SWIFT_VERSION = 5.0;
				TARGETED_DEVICE_FAMILY = "1,2";
				TEST_TARGET_NAME = MsgRoom;
			};
			name = Release;
		};
		475395192BC1143B00D9220E /* Debug */ = {
			isa = XCBuildConfiguration;
			buildSettings = {
				CODE_SIGN_ENTITLEMENTS = MsgrNotificatrionService/MsgrNotificatrionService.entitlements;
				CODE_SIGN_STYLE = Automatic;
				CURRENT_PROJECT_VERSION = 1;
				DEVELOPMENT_TEAM = HJ9L53D9PB;
				GENERATE_INFOPLIST_FILE = YES;
				INFOPLIST_FILE = MsgrNotificatrionService/Info.plist;
				INFOPLIST_KEY_CFBundleDisplayName = MsgrNotificatrionService;
				INFOPLIST_KEY_NSHumanReadableCopyright = "";
				LD_RUNPATH_SEARCH_PATHS = (
					"$(inherited)",
					"@executable_path/Frameworks",
					"@executable_path/../../Frameworks",
				);
				MARKETING_VERSION = 1.0;
				PRODUCT_BUNDLE_IDENTIFIER = com.aungkomin.Msgr.v3.MsgrNotificatrionService;
				PRODUCT_NAME = "$(TARGET_NAME)";
				SKIP_INSTALL = YES;
				SWIFT_EMIT_LOC_STRINGS = YES;
				SWIFT_VERSION = 5.0;
				TARGETED_DEVICE_FAMILY = "1,2";
			};
			name = Debug;
		};
		4753951A2BC1143B00D9220E /* Release */ = {
			isa = XCBuildConfiguration;
			buildSettings = {
				CODE_SIGN_ENTITLEMENTS = MsgrNotificatrionService/MsgrNotificatrionService.entitlements;
				CODE_SIGN_STYLE = Automatic;
				CURRENT_PROJECT_VERSION = 1;
				DEVELOPMENT_TEAM = HJ9L53D9PB;
				GENERATE_INFOPLIST_FILE = YES;
				INFOPLIST_FILE = MsgrNotificatrionService/Info.plist;
				INFOPLIST_KEY_CFBundleDisplayName = MsgrNotificatrionService;
				INFOPLIST_KEY_NSHumanReadableCopyright = "";
				LD_RUNPATH_SEARCH_PATHS = (
					"$(inherited)",
					"@executable_path/Frameworks",
					"@executable_path/../../Frameworks",
				);
				MARKETING_VERSION = 1.0;
				PRODUCT_BUNDLE_IDENTIFIER = com.aungkomin.Msgr.v3.MsgrNotificatrionService;
				PRODUCT_NAME = "$(TARGET_NAME)";
				SKIP_INSTALL = YES;
				SWIFT_EMIT_LOC_STRINGS = YES;
				SWIFT_VERSION = 5.0;
				TARGETED_DEVICE_FAMILY = "1,2";
			};
			name = Release;
		};
/* End XCBuildConfiguration section */

/* Begin XCConfigurationList section */
		470E96222BA04E9600E1DD22 /* Build configuration list for PBXProject "MsgRoom" */ = {
			isa = XCConfigurationList;
			buildConfigurations = (
				470E96492BA04E9700E1DD22 /* Debug */,
				470E964A2BA04E9700E1DD22 /* Release */,
			);
			defaultConfigurationIsVisible = 0;
			defaultConfigurationName = Release;
		};
		470E964B2BA04E9700E1DD22 /* Build configuration list for PBXNativeTarget "MsgRoom" */ = {
			isa = XCConfigurationList;
			buildConfigurations = (
				470E964C2BA04E9700E1DD22 /* Debug */,
				470E964D2BA04E9700E1DD22 /* Release */,
			);
			defaultConfigurationIsVisible = 0;
			defaultConfigurationName = Release;
		};
		470E964E2BA04E9700E1DD22 /* Build configuration list for PBXNativeTarget "MsgRoomTests" */ = {
			isa = XCConfigurationList;
			buildConfigurations = (
				470E964F2BA04E9700E1DD22 /* Debug */,
				470E96502BA04E9700E1DD22 /* Release */,
			);
			defaultConfigurationIsVisible = 0;
			defaultConfigurationName = Release;
		};
		470E96512BA04E9700E1DD22 /* Build configuration list for PBXNativeTarget "MsgRoomUITests" */ = {
			isa = XCConfigurationList;
			buildConfigurations = (
				470E96522BA04E9700E1DD22 /* Debug */,
				470E96532BA04E9700E1DD22 /* Release */,
			);
			defaultConfigurationIsVisible = 0;
			defaultConfigurationName = Release;
		};
		475395182BC1143B00D9220E /* Build configuration list for PBXNativeTarget "MsgrNotificatrionService" */ = {
			isa = XCConfigurationList;
			buildConfigurations = (
				475395192BC1143B00D9220E /* Debug */,
				4753951A2BC1143B00D9220E /* Release */,
			);
			defaultConfigurationIsVisible = 0;
			defaultConfigurationName = Release;
		};
/* End XCConfigurationList section */

/* Begin XCRemoteSwiftPackageReference section */
		4753951C2BC1152300D9220E /* XCRemoteSwiftPackageReference "firebase-ios-sdk" */ = {
			isa = XCRemoteSwiftPackageReference;
			repositoryURL = "https://github.com/firebase/firebase-ios-sdk.git";
			requirement = {
				kind = upToNextMajorVersion;
				minimumVersion = 10.23.1;
			};
		};
		4753952F2BC1154E00D9220E /* XCRemoteSwiftPackageReference "GlobalNotificationSwift" */ = {
			isa = XCRemoteSwiftPackageReference;
			repositoryURL = "https://github.com/jonahaung/GlobalNotificationSwift";
			requirement = {
				branch = main;
				kind = branch;
			};
		};
		475395DB2BC28E2C00D9220E /* XCRemoteSwiftPackageReference "XUI" */ = {
			isa = XCRemoteSwiftPackageReference;
			repositoryURL = "https://github.com/jonahaung2/XUI";
			requirement = {
				branch = main;
				kind = branch;
			};
		};
/* End XCRemoteSwiftPackageReference section */

/* Begin XCSwiftPackageProductDependency section */
		4753951D2BC1152300D9220E /* FirebaseAuth */ = {
			isa = XCSwiftPackageProductDependency;
			package = 4753951C2BC1152300D9220E /* XCRemoteSwiftPackageReference "firebase-ios-sdk" */;
			productName = FirebaseAuth;
		};
		4753951F2BC1152300D9220E /* FirebaseAuthCombine-Community */ = {
			isa = XCSwiftPackageProductDependency;
			package = 4753951C2BC1152300D9220E /* XCRemoteSwiftPackageReference "firebase-ios-sdk" */;
			productName = "FirebaseAuthCombine-Community";
		};
		475395212BC1152300D9220E /* FirebaseFirestore */ = {
			isa = XCSwiftPackageProductDependency;
			package = 4753951C2BC1152300D9220E /* XCRemoteSwiftPackageReference "firebase-ios-sdk" */;
			productName = FirebaseFirestore;
		};
		475395232BC1152300D9220E /* FirebaseFirestoreCombine-Community */ = {
			isa = XCSwiftPackageProductDependency;
			package = 4753951C2BC1152300D9220E /* XCRemoteSwiftPackageReference "firebase-ios-sdk" */;
			productName = "FirebaseFirestoreCombine-Community";
		};
		475395252BC1152300D9220E /* FirebaseFirestoreSwift */ = {
			isa = XCSwiftPackageProductDependency;
			package = 4753951C2BC1152300D9220E /* XCRemoteSwiftPackageReference "firebase-ios-sdk" */;
			productName = FirebaseFirestoreSwift;
		};
		475395272BC1152300D9220E /* FirebaseInAppMessagingSwift-Beta */ = {
			isa = XCSwiftPackageProductDependency;
			package = 4753951C2BC1152300D9220E /* XCRemoteSwiftPackageReference "firebase-ios-sdk" */;
			productName = "FirebaseInAppMessagingSwift-Beta";
		};
		475395292BC1152300D9220E /* FirebaseMessaging */ = {
			isa = XCSwiftPackageProductDependency;
			package = 4753951C2BC1152300D9220E /* XCRemoteSwiftPackageReference "firebase-ios-sdk" */;
			productName = FirebaseMessaging;
		};
		4753952B2BC1152300D9220E /* FirebaseStorage */ = {
			isa = XCSwiftPackageProductDependency;
			package = 4753951C2BC1152300D9220E /* XCRemoteSwiftPackageReference "firebase-ios-sdk" */;
			productName = FirebaseStorage;
		};
		4753952D2BC1152300D9220E /* FirebaseStorageCombine-Community */ = {
			isa = XCSwiftPackageProductDependency;
			package = 4753951C2BC1152300D9220E /* XCRemoteSwiftPackageReference "firebase-ios-sdk" */;
			productName = "FirebaseStorageCombine-Community";
		};
		475395302BC1154E00D9220E /* GlobalNotificationSwift */ = {
			isa = XCSwiftPackageProductDependency;
			package = 4753952F2BC1154E00D9220E /* XCRemoteSwiftPackageReference "GlobalNotificationSwift" */;
			productName = GlobalNotificationSwift;
		};
		475395512BC1189500D9220E /* FirebaseFirestore */ = {
			isa = XCSwiftPackageProductDependency;
			package = 4753951C2BC1152300D9220E /* XCRemoteSwiftPackageReference "firebase-ios-sdk" */;
			productName = FirebaseFirestore;
		};
		475395532BC118AD00D9220E /* GlobalNotificationSwift */ = {
			isa = XCSwiftPackageProductDependency;
			package = 4753952F2BC1154E00D9220E /* XCRemoteSwiftPackageReference "GlobalNotificationSwift" */;
			productName = GlobalNotificationSwift;
		};
		475395562BC1190E00D9220E /* FirebaseAuth */ = {
			isa = XCSwiftPackageProductDependency;
			package = 4753951C2BC1152300D9220E /* XCRemoteSwiftPackageReference "firebase-ios-sdk" */;
			productName = FirebaseAuth;
		};
		475395DC2BC28E2C00D9220E /* XUI */ = {
			isa = XCSwiftPackageProductDependency;
			package = 475395DB2BC28E2C00D9220E /* XCRemoteSwiftPackageReference "XUI" */;
			productName = XUI;
		};
		475395EC2BC320F500D9220E /* XUI */ = {
			isa = XCSwiftPackageProductDependency;
			package = 475395DB2BC28E2C00D9220E /* XCRemoteSwiftPackageReference "XUI" */;
			productName = XUI;
		};
/* End XCSwiftPackageProductDependency section */
	};
	rootObject = 470E961F2BA04E9600E1DD22 /* Project object */;
}
