// !$*UTF8*$!
{
	archiveVersion = 1;
	classes = {
	};
	objectVersion = 56;
	objects = {

/* Begin PBXBuildFile section */
		470E962B2BA04E9600E1DD22 /* MsgRoomApp.swift in Sources */ = {isa = PBXBuildFile; fileRef = 470E962A2BA04E9600E1DD22 /* MsgRoomApp.swift */; };
		470E962D2BA04E9600E1DD22 /* ContentView.swift in Sources */ = {isa = PBXBuildFile; fileRef = 470E962C2BA04E9600E1DD22 /* ContentView.swift */; };
		470E962F2BA04E9700E1DD22 /* Assets.xcassets in Resources */ = {isa = PBXBuildFile; fileRef = 470E962E2BA04E9700E1DD22 /* Assets.xcassets */; };
		470E96322BA04E9700E1DD22 /* Preview Assets.xcassets in Resources */ = {isa = PBXBuildFile; fileRef = 470E96312BA04E9700E1DD22 /* Preview Assets.xcassets */; };
		470E963C2BA04E9700E1DD22 /* MsgRoomTests.swift in Sources */ = {isa = PBXBuildFile; fileRef = 470E963B2BA04E9700E1DD22 /* MsgRoomTests.swift */; };
		470E96462BA04E9700E1DD22 /* MsgRoomUITests.swift in Sources */ = {isa = PBXBuildFile; fileRef = 470E96452BA04E9700E1DD22 /* MsgRoomUITests.swift */; };
		470E96482BA04E9700E1DD22 /* MsgRoomUITestsLaunchTests.swift in Sources */ = {isa = PBXBuildFile; fileRef = 470E96472BA04E9700E1DD22 /* MsgRoomUITestsLaunchTests.swift */; };
		470E96582BA04F4800E1DD22 /* MsgRoomView.swift in Sources */ = {isa = PBXBuildFile; fileRef = 470E96572BA04F4800E1DD22 /* MsgRoomView.swift */; };
		470E965B2BA0558600E1DD22 /* MsgRoomViewModelRepresentable.swift in Sources */ = {isa = PBXBuildFile; fileRef = 470E965A2BA0558600E1DD22 /* MsgRoomViewModelRepresentable.swift */; };
		470E965D2BA055A800E1DD22 /* Msgable.swift in Sources */ = {isa = PBXBuildFile; fileRef = 470E965C2BA055A800E1DD22 /* Msgable.swift */; };
		470E965F2BA055BC00E1DD22 /* Conversationable.swift in Sources */ = {isa = PBXBuildFile; fileRef = 470E965E2BA055BC00E1DD22 /* Conversationable.swift */; };
		470E96612BA055D500E1DD22 /* Contactable.swift in Sources */ = {isa = PBXBuildFile; fileRef = 470E96602BA055D500E1DD22 /* Contactable.swift */; };
		47B9FF8B2BBA48EC007179E2 /* Msg.swift in Sources */ = {isa = PBXBuildFile; fileRef = 47B9FF8A2BBA48EC007179E2 /* Msg.swift */; };
		47B9FF8D2BBA4A5F007179E2 /* Contact.swift in Sources */ = {isa = PBXBuildFile; fileRef = 47B9FF8C2BBA4A5F007179E2 /* Contact.swift */; };
		47B9FF8F2BBA4ADA007179E2 /* Con.swift in Sources */ = {isa = PBXBuildFile; fileRef = 47B9FF8E2BBA4ADA007179E2 /* Con.swift */; };
		47B9FF942BBA4C13007179E2 /* CurrentUser.swift in Sources */ = {isa = PBXBuildFile; fileRef = 47B9FF932BBA4C13007179E2 /* CurrentUser.swift */; };
		47B9FF972BBA4C95007179E2 /* MsgRoomViewModel.swift in Sources */ = {isa = PBXBuildFile; fileRef = 47B9FF962BBA4C95007179E2 /* MsgRoomViewModel.swift */; };
		47B9FF992BBA4D42007179E2 /* ChatKit.swift in Sources */ = {isa = PBXBuildFile; fileRef = 47B9FF982BBA4D42007179E2 /* ChatKit.swift */; };
		47B9FF9D2BBA4E37007179E2 /* MsgStyle.swift in Sources */ = {isa = PBXBuildFile; fileRef = 47B9FF9C2BBA4E37007179E2 /* MsgStyle.swift */; };
		47B9FFA12BBA4E6E007179E2 /* ScrollItem.swift in Sources */ = {isa = PBXBuildFile; fileRef = 47B9FFA02BBA4E6E007179E2 /* ScrollItem.swift */; };
		47B9FFA32BBA4E7D007179E2 /* ChatDatasource.swift in Sources */ = {isa = PBXBuildFile; fileRef = 47B9FFA22BBA4E7D007179E2 /* ChatDatasource.swift */; };
		47B9FFA52BBA4F02007179E2 /* XUI in Frameworks */ = {isa = PBXBuildFile; productRef = 47B9FFA42BBA4F02007179E2 /* XUI */; };
		47B9FFA72BBA4FD1007179E2 /* ChatScrollView.swift in Sources */ = {isa = PBXBuildFile; fileRef = 47B9FFA62BBA4FD1007179E2 /* ChatScrollView.swift */; };
		47B9FFBA2BBA5049007179E2 /* AttachmentBubble.swift in Sources */ = {isa = PBXBuildFile; fileRef = 47B9FFA82BBA5049007179E2 /* AttachmentBubble.swift */; };
		47B9FFBB2BBA5049007179E2 /* BubbleShape.swift in Sources */ = {isa = PBXBuildFile; fileRef = 47B9FFA92BBA5049007179E2 /* BubbleShape.swift */; };
		47B9FFBC2BBA5049007179E2 /* EmojiBubble.swift in Sources */ = {isa = PBXBuildFile; fileRef = 47B9FFAA2BBA5049007179E2 /* EmojiBubble.swift */; };
		47B9FFBD2BBA5049007179E2 /* ImageBubble.swift in Sources */ = {isa = PBXBuildFile; fileRef = 47B9FFAB2BBA5049007179E2 /* ImageBubble.swift */; };
		47B9FFBE2BBA5049007179E2 /* LocationBubble.swift in Sources */ = {isa = PBXBuildFile; fileRef = 47B9FFAC2BBA5049007179E2 /* LocationBubble.swift */; };
		47B9FFBF2BBA5049007179E2 /* TextBubble.swift in Sources */ = {isa = PBXBuildFile; fileRef = 47B9FFAD2BBA5049007179E2 /* TextBubble.swift */; };
		47B9FFC02BBA5049007179E2 /* VideoBubble.swift in Sources */ = {isa = PBXBuildFile; fileRef = 47B9FFAE2BBA5049007179E2 /* VideoBubble.swift */; };
		47B9FFC12BBA5049007179E2 /* VoiceBubble.swift in Sources */ = {isa = PBXBuildFile; fileRef = 47B9FFAF2BBA5049007179E2 /* VoiceBubble.swift */; };
		47B9FFC22BBA5049007179E2 /* MsgContextMenu.swift in Sources */ = {isa = PBXBuildFile; fileRef = 47B9FFB12BBA5049007179E2 /* MsgContextMenu.swift */; };
		47B9FFC32BBA5049007179E2 /* CellProgressView.swift in Sources */ = {isa = PBXBuildFile; fileRef = 47B9FFB32BBA5049007179E2 /* CellProgressView.swift */; };
		47B9FFC42BBA5049007179E2 /* HiddenLabelView.swift in Sources */ = {isa = PBXBuildFile; fileRef = 47B9FFB42BBA5049007179E2 /* HiddenLabelView.swift */; };
		47B9FFC52BBA5049007179E2 /* MsgDateView.swift in Sources */ = {isa = PBXBuildFile; fileRef = 47B9FFB52BBA5049007179E2 /* MsgDateView.swift */; };
		47B9FFC62BBA5049007179E2 /* +Bubble.swift in Sources */ = {isa = PBXBuildFile; fileRef = 47B9FFB72BBA5049007179E2 /* +Bubble.swift */; };
		47B9FFC72BBA5049007179E2 /* MsgCell.swift in Sources */ = {isa = PBXBuildFile; fileRef = 47B9FFB82BBA5049007179E2 /* MsgCell.swift */; };
		47B9FFCA2BBA504F007179E2 /* TimeSeparaterCell.swift in Sources */ = {isa = PBXBuildFile; fileRef = 47B9FFC82BBA504F007179E2 /* TimeSeparaterCell.swift */; };
		47B9FFCF2BBA5070007179E2 /* ChatInputBar.swift in Sources */ = {isa = PBXBuildFile; fileRef = 47B9FFCB2BBA5070007179E2 /* ChatInputBar.swift */; };
		47B9FFD02BBA5070007179E2 /* PlusMenuButton.swift in Sources */ = {isa = PBXBuildFile; fileRef = 47B9FFCC2BBA5070007179E2 /* PlusMenuButton.swift */; };
		47B9FFD12BBA5070007179E2 /* ScrollDownButton.swift in Sources */ = {isa = PBXBuildFile; fileRef = 47B9FFCD2BBA5070007179E2 /* ScrollDownButton.swift */; };
		47B9FFD32BBA507E007179E2 /* ChatBackground.swift in Sources */ = {isa = PBXBuildFile; fileRef = 47B9FFD22BBA507E007179E2 /* ChatBackground.swift */; };
		47B9FFD52BBA50D3007179E2 /* ChatTopBar.swift in Sources */ = {isa = PBXBuildFile; fileRef = 47B9FFD42BBA50D3007179E2 /* ChatTopBar.swift */; };
		47B9FFD72BBA8E6A007179E2 /* MsgRoomDatasourceRepresentable.swift in Sources */ = {isa = PBXBuildFile; fileRef = 47B9FFD62BBA8E6A007179E2 /* MsgRoomDatasourceRepresentable.swift */; };
/* End PBXBuildFile section */

/* Begin PBXContainerItemProxy section */
		470E96382BA04E9700E1DD22 /* PBXContainerItemProxy */ = {
			isa = PBXContainerItemProxy;
			containerPortal = 470E961F2BA04E9600E1DD22 /* Project object */;
			proxyType = 1;
			remoteGlobalIDString = 470E96262BA04E9600E1DD22;
			remoteInfo = MsgRoom;
		};
		470E96422BA04E9700E1DD22 /* PBXContainerItemProxy */ = {
			isa = PBXContainerItemProxy;
			containerPortal = 470E961F2BA04E9600E1DD22 /* Project object */;
			proxyType = 1;
			remoteGlobalIDString = 470E96262BA04E9600E1DD22;
			remoteInfo = MsgRoom;
		};
/* End PBXContainerItemProxy section */

/* Begin PBXFileReference section */
		470E96272BA04E9600E1DD22 /* MsgRoom.app */ = {isa = PBXFileReference; explicitFileType = wrapper.application; includeInIndex = 0; path = MsgRoom.app; sourceTree = BUILT_PRODUCTS_DIR; };
		470E962A2BA04E9600E1DD22 /* MsgRoomApp.swift */ = {isa = PBXFileReference; lastKnownFileType = sourcecode.swift; path = MsgRoomApp.swift; sourceTree = "<group>"; };
		470E962C2BA04E9600E1DD22 /* ContentView.swift */ = {isa = PBXFileReference; lastKnownFileType = sourcecode.swift; path = ContentView.swift; sourceTree = "<group>"; };
		470E962E2BA04E9700E1DD22 /* Assets.xcassets */ = {isa = PBXFileReference; lastKnownFileType = folder.assetcatalog; path = Assets.xcassets; sourceTree = "<group>"; };
		470E96312BA04E9700E1DD22 /* Preview Assets.xcassets */ = {isa = PBXFileReference; lastKnownFileType = folder.assetcatalog; path = "Preview Assets.xcassets"; sourceTree = "<group>"; };
		470E96372BA04E9700E1DD22 /* MsgRoomTests.xctest */ = {isa = PBXFileReference; explicitFileType = wrapper.cfbundle; includeInIndex = 0; path = MsgRoomTests.xctest; sourceTree = BUILT_PRODUCTS_DIR; };
		470E963B2BA04E9700E1DD22 /* MsgRoomTests.swift */ = {isa = PBXFileReference; lastKnownFileType = sourcecode.swift; path = MsgRoomTests.swift; sourceTree = "<group>"; };
		470E96412BA04E9700E1DD22 /* MsgRoomUITests.xctest */ = {isa = PBXFileReference; explicitFileType = wrapper.cfbundle; includeInIndex = 0; path = MsgRoomUITests.xctest; sourceTree = BUILT_PRODUCTS_DIR; };
		470E96452BA04E9700E1DD22 /* MsgRoomUITests.swift */ = {isa = PBXFileReference; lastKnownFileType = sourcecode.swift; path = MsgRoomUITests.swift; sourceTree = "<group>"; };
		470E96472BA04E9700E1DD22 /* MsgRoomUITestsLaunchTests.swift */ = {isa = PBXFileReference; lastKnownFileType = sourcecode.swift; path = MsgRoomUITestsLaunchTests.swift; sourceTree = "<group>"; };
		470E96572BA04F4800E1DD22 /* MsgRoomView.swift */ = {isa = PBXFileReference; lastKnownFileType = sourcecode.swift; path = MsgRoomView.swift; sourceTree = "<group>"; };
		470E965A2BA0558600E1DD22 /* MsgRoomViewModelRepresentable.swift */ = {isa = PBXFileReference; lastKnownFileType = sourcecode.swift; path = MsgRoomViewModelRepresentable.swift; sourceTree = "<group>"; };
		470E965C2BA055A800E1DD22 /* Msgable.swift */ = {isa = PBXFileReference; lastKnownFileType = sourcecode.swift; path = Msgable.swift; sourceTree = "<group>"; };
		470E965E2BA055BC00E1DD22 /* Conversationable.swift */ = {isa = PBXFileReference; lastKnownFileType = sourcecode.swift; path = Conversationable.swift; sourceTree = "<group>"; };
		470E96602BA055D500E1DD22 /* Contactable.swift */ = {isa = PBXFileReference; lastKnownFileType = sourcecode.swift; path = Contactable.swift; sourceTree = "<group>"; };
		47B9FF8A2BBA48EC007179E2 /* Msg.swift */ = {isa = PBXFileReference; lastKnownFileType = sourcecode.swift; path = Msg.swift; sourceTree = "<group>"; };
		47B9FF8C2BBA4A5F007179E2 /* Contact.swift */ = {isa = PBXFileReference; lastKnownFileType = sourcecode.swift; path = Contact.swift; sourceTree = "<group>"; };
		47B9FF8E2BBA4ADA007179E2 /* Con.swift */ = {isa = PBXFileReference; lastKnownFileType = sourcecode.swift; path = Con.swift; sourceTree = "<group>"; };
		47B9FF932BBA4C13007179E2 /* CurrentUser.swift */ = {isa = PBXFileReference; lastKnownFileType = sourcecode.swift; path = CurrentUser.swift; sourceTree = "<group>"; };
		47B9FF962BBA4C95007179E2 /* MsgRoomViewModel.swift */ = {isa = PBXFileReference; lastKnownFileType = sourcecode.swift; path = MsgRoomViewModel.swift; sourceTree = "<group>"; };
		47B9FF982BBA4D42007179E2 /* ChatKit.swift */ = {isa = PBXFileReference; lastKnownFileType = sourcecode.swift; path = ChatKit.swift; sourceTree = "<group>"; };
		47B9FF9C2BBA4E37007179E2 /* MsgStyle.swift */ = {isa = PBXFileReference; fileEncoding = 4; lastKnownFileType = sourcecode.swift; path = MsgStyle.swift; sourceTree = "<group>"; };
		47B9FFA02BBA4E6E007179E2 /* ScrollItem.swift */ = {isa = PBXFileReference; fileEncoding = 4; lastKnownFileType = sourcecode.swift; path = ScrollItem.swift; sourceTree = "<group>"; };
		47B9FFA22BBA4E7D007179E2 /* ChatDatasource.swift */ = {isa = PBXFileReference; fileEncoding = 4; lastKnownFileType = sourcecode.swift; path = ChatDatasource.swift; sourceTree = "<group>"; };
		47B9FFA62BBA4FD1007179E2 /* ChatScrollView.swift */ = {isa = PBXFileReference; fileEncoding = 4; lastKnownFileType = sourcecode.swift; path = ChatScrollView.swift; sourceTree = "<group>"; };
		47B9FFA82BBA5049007179E2 /* AttachmentBubble.swift */ = {isa = PBXFileReference; fileEncoding = 4; lastKnownFileType = sourcecode.swift; path = AttachmentBubble.swift; sourceTree = "<group>"; };
		47B9FFA92BBA5049007179E2 /* BubbleShape.swift */ = {isa = PBXFileReference; fileEncoding = 4; lastKnownFileType = sourcecode.swift; path = BubbleShape.swift; sourceTree = "<group>"; };
		47B9FFAA2BBA5049007179E2 /* EmojiBubble.swift */ = {isa = PBXFileReference; fileEncoding = 4; lastKnownFileType = sourcecode.swift; path = EmojiBubble.swift; sourceTree = "<group>"; };
		47B9FFAB2BBA5049007179E2 /* ImageBubble.swift */ = {isa = PBXFileReference; fileEncoding = 4; lastKnownFileType = sourcecode.swift; path = ImageBubble.swift; sourceTree = "<group>"; };
		47B9FFAC2BBA5049007179E2 /* LocationBubble.swift */ = {isa = PBXFileReference; fileEncoding = 4; lastKnownFileType = sourcecode.swift; path = LocationBubble.swift; sourceTree = "<group>"; };
		47B9FFAD2BBA5049007179E2 /* TextBubble.swift */ = {isa = PBXFileReference; fileEncoding = 4; lastKnownFileType = sourcecode.swift; path = TextBubble.swift; sourceTree = "<group>"; };
		47B9FFAE2BBA5049007179E2 /* VideoBubble.swift */ = {isa = PBXFileReference; fileEncoding = 4; lastKnownFileType = sourcecode.swift; path = VideoBubble.swift; sourceTree = "<group>"; };
		47B9FFAF2BBA5049007179E2 /* VoiceBubble.swift */ = {isa = PBXFileReference; fileEncoding = 4; lastKnownFileType = sourcecode.swift; path = VoiceBubble.swift; sourceTree = "<group>"; };
		47B9FFB12BBA5049007179E2 /* MsgContextMenu.swift */ = {isa = PBXFileReference; fileEncoding = 4; lastKnownFileType = sourcecode.swift; path = MsgContextMenu.swift; sourceTree = "<group>"; };
		47B9FFB32BBA5049007179E2 /* CellProgressView.swift */ = {isa = PBXFileReference; fileEncoding = 4; lastKnownFileType = sourcecode.swift; path = CellProgressView.swift; sourceTree = "<group>"; };
		47B9FFB42BBA5049007179E2 /* HiddenLabelView.swift */ = {isa = PBXFileReference; fileEncoding = 4; lastKnownFileType = sourcecode.swift; path = HiddenLabelView.swift; sourceTree = "<group>"; };
		47B9FFB52BBA5049007179E2 /* MsgDateView.swift */ = {isa = PBXFileReference; fileEncoding = 4; lastKnownFileType = sourcecode.swift; path = MsgDateView.swift; sourceTree = "<group>"; };
		47B9FFB72BBA5049007179E2 /* +Bubble.swift */ = {isa = PBXFileReference; fileEncoding = 4; lastKnownFileType = sourcecode.swift; path = "+Bubble.swift"; sourceTree = "<group>"; };
		47B9FFB82BBA5049007179E2 /* MsgCell.swift */ = {isa = PBXFileReference; fileEncoding = 4; lastKnownFileType = sourcecode.swift; path = MsgCell.swift; sourceTree = "<group>"; };
		47B9FFC82BBA504F007179E2 /* TimeSeparaterCell.swift */ = {isa = PBXFileReference; fileEncoding = 4; lastKnownFileType = sourcecode.swift; path = TimeSeparaterCell.swift; sourceTree = "<group>"; };
		47B9FFCB2BBA5070007179E2 /* ChatInputBar.swift */ = {isa = PBXFileReference; fileEncoding = 4; lastKnownFileType = sourcecode.swift; path = ChatInputBar.swift; sourceTree = "<group>"; };
		47B9FFCC2BBA5070007179E2 /* PlusMenuButton.swift */ = {isa = PBXFileReference; fileEncoding = 4; lastKnownFileType = sourcecode.swift; path = PlusMenuButton.swift; sourceTree = "<group>"; };
		47B9FFCD2BBA5070007179E2 /* ScrollDownButton.swift */ = {isa = PBXFileReference; fileEncoding = 4; lastKnownFileType = sourcecode.swift; path = ScrollDownButton.swift; sourceTree = "<group>"; };
		47B9FFD22BBA507E007179E2 /* ChatBackground.swift */ = {isa = PBXFileReference; fileEncoding = 4; lastKnownFileType = sourcecode.swift; path = ChatBackground.swift; sourceTree = "<group>"; };
		47B9FFD42BBA50D3007179E2 /* ChatTopBar.swift */ = {isa = PBXFileReference; fileEncoding = 4; lastKnownFileType = sourcecode.swift; path = ChatTopBar.swift; sourceTree = "<group>"; };
		47B9FFD62BBA8E6A007179E2 /* MsgRoomDatasourceRepresentable.swift */ = {isa = PBXFileReference; lastKnownFileType = sourcecode.swift; path = MsgRoomDatasourceRepresentable.swift; sourceTree = "<group>"; };
/* End PBXFileReference section */

/* Begin PBXFrameworksBuildPhase section */
		470E96242BA04E9600E1DD22 /* Frameworks */ = {
			isa = PBXFrameworksBuildPhase;
			buildActionMask = 2147483647;
			files = (
				47B9FFA52BBA4F02007179E2 /* XUI in Frameworks */,
			);
			runOnlyForDeploymentPostprocessing = 0;
		};
		470E96342BA04E9700E1DD22 /* Frameworks */ = {
			isa = PBXFrameworksBuildPhase;
			buildActionMask = 2147483647;
			files = (
			);
			runOnlyForDeploymentPostprocessing = 0;
		};
		470E963E2BA04E9700E1DD22 /* Frameworks */ = {
			isa = PBXFrameworksBuildPhase;
			buildActionMask = 2147483647;
			files = (
			);
			runOnlyForDeploymentPostprocessing = 0;
		};
/* End PBXFrameworksBuildPhase section */

/* Begin PBXGroup section */
		470E961E2BA04E9600E1DD22 = {
			isa = PBXGroup;
			children = (
				470E96292BA04E9600E1DD22 /* MsgRoom */,
				470E963A2BA04E9700E1DD22 /* MsgRoomTests */,
				470E96442BA04E9700E1DD22 /* MsgRoomUITests */,
				470E96282BA04E9600E1DD22 /* Products */,
			);
			sourceTree = "<group>";
		};
		470E96282BA04E9600E1DD22 /* Products */ = {
			isa = PBXGroup;
			children = (
				470E96272BA04E9600E1DD22 /* MsgRoom.app */,
				470E96372BA04E9700E1DD22 /* MsgRoomTests.xctest */,
				470E96412BA04E9700E1DD22 /* MsgRoomUITests.xctest */,
			);
			name = Products;
			sourceTree = "<group>";
		};
		470E96292BA04E9600E1DD22 /* MsgRoom */ = {
			isa = PBXGroup;
			children = (
				470E962A2BA04E9600E1DD22 /* MsgRoomApp.swift */,
				470E962C2BA04E9600E1DD22 /* ContentView.swift */,
				470E96592BA0555F00E1DD22 /* ViewModels */,
				470E96552BA04F1C00E1DD22 /* Views */,
				470E96542BA04F0200E1DD22 /* Models */,
				470E96562BA04F2A00E1DD22 /* Resources */,
				470E96302BA04E9700E1DD22 /* Preview Content */,
			);
			path = MsgRoom;
			sourceTree = "<group>";
		};
		470E96302BA04E9700E1DD22 /* Preview Content */ = {
			isa = PBXGroup;
			children = (
				470E96312BA04E9700E1DD22 /* Preview Assets.xcassets */,
			);
			path = "Preview Content";
			sourceTree = "<group>";
		};
		470E963A2BA04E9700E1DD22 /* MsgRoomTests */ = {
			isa = PBXGroup;
			children = (
				470E963B2BA04E9700E1DD22 /* MsgRoomTests.swift */,
			);
			path = MsgRoomTests;
			sourceTree = "<group>";
		};
		470E96442BA04E9700E1DD22 /* MsgRoomUITests */ = {
			isa = PBXGroup;
			children = (
				470E96452BA04E9700E1DD22 /* MsgRoomUITests.swift */,
				470E96472BA04E9700E1DD22 /* MsgRoomUITestsLaunchTests.swift */,
			);
			path = MsgRoomUITests;
			sourceTree = "<group>";
		};
		470E96542BA04F0200E1DD22 /* Models */ = {
			isa = PBXGroup;
			children = (
				47B9FFA02BBA4E6E007179E2 /* ScrollItem.swift */,
				47B9FF9C2BBA4E37007179E2 /* MsgStyle.swift */,
				47B9FF902BBA4BB2007179E2 /* Msg */,
				47B9FF912BBA4BB9007179E2 /* Conversation */,
				47B9FF922BBA4BCB007179E2 /* Contact */,
				47B9FF982BBA4D42007179E2 /* ChatKit.swift */,
			);
			path = Models;
			sourceTree = "<group>";
		};
		470E96552BA04F1C00E1DD22 /* Views */ = {
			isa = PBXGroup;
			children = (
				470E96572BA04F4800E1DD22 /* MsgRoomView.swift */,
				47B9FFA62BBA4FD1007179E2 /* ChatScrollView.swift */,
				47B9FFCE2BBA5070007179E2 /* ChatInputBar */,
				47B9FFC92BBA504F007179E2 /* TimeSeparater */,
				47B9FFB92BBA5049007179E2 /* ChatCell */,
				47B9FFD22BBA507E007179E2 /* ChatBackground.swift */,
				47B9FFD42BBA50D3007179E2 /* ChatTopBar.swift */,
			);
			path = Views;
			sourceTree = "<group>";
		};
		470E96562BA04F2A00E1DD22 /* Resources */ = {
			isa = PBXGroup;
			children = (
				470E962E2BA04E9700E1DD22 /* Assets.xcassets */,
			);
			path = Resources;
			sourceTree = "<group>";
		};
		470E96592BA0555F00E1DD22 /* ViewModels */ = {
			isa = PBXGroup;
			children = (
				47B9FFA22BBA4E7D007179E2 /* ChatDatasource.swift */,
				47B9FF962BBA4C95007179E2 /* MsgRoomViewModel.swift */,
				470E965A2BA0558600E1DD22 /* MsgRoomViewModelRepresentable.swift */,
				47B9FFD62BBA8E6A007179E2 /* MsgRoomDatasourceRepresentable.swift */,
			);
			path = ViewModels;
			sourceTree = "<group>";
		};
		47B9FF902BBA4BB2007179E2 /* Msg */ = {
			isa = PBXGroup;
			children = (
				470E965C2BA055A800E1DD22 /* Msgable.swift */,
				47B9FF8A2BBA48EC007179E2 /* Msg.swift */,
			);
			path = Msg;
			sourceTree = "<group>";
		};
		47B9FF912BBA4BB9007179E2 /* Conversation */ = {
			isa = PBXGroup;
			children = (
				470E965E2BA055BC00E1DD22 /* Conversationable.swift */,
				47B9FF8E2BBA4ADA007179E2 /* Con.swift */,
			);
			path = Conversation;
			sourceTree = "<group>";
		};
		47B9FF922BBA4BCB007179E2 /* Contact */ = {
			isa = PBXGroup;
			children = (
				470E96602BA055D500E1DD22 /* Contactable.swift */,
				47B9FF8C2BBA4A5F007179E2 /* Contact.swift */,
				47B9FF932BBA4C13007179E2 /* CurrentUser.swift */,
			);
			path = Contact;
			sourceTree = "<group>";
		};
		47B9FFB02BBA5049007179E2 /* Bubbles */ = {
			isa = PBXGroup;
			children = (
				47B9FFA82BBA5049007179E2 /* AttachmentBubble.swift */,
				47B9FFA92BBA5049007179E2 /* BubbleShape.swift */,
				47B9FFAA2BBA5049007179E2 /* EmojiBubble.swift */,
				47B9FFAB2BBA5049007179E2 /* ImageBubble.swift */,
				47B9FFAC2BBA5049007179E2 /* LocationBubble.swift */,
				47B9FFAD2BBA5049007179E2 /* TextBubble.swift */,
				47B9FFAE2BBA5049007179E2 /* VideoBubble.swift */,
				47B9FFAF2BBA5049007179E2 /* VoiceBubble.swift */,
			);
			path = Bubbles;
			sourceTree = "<group>";
		};
		47B9FFB22BBA5049007179E2 /* Menus&Alerts */ = {
			isa = PBXGroup;
			children = (
				47B9FFB12BBA5049007179E2 /* MsgContextMenu.swift */,
			);
			path = "Menus&Alerts";
			sourceTree = "<group>";
		};
		47B9FFB62BBA5049007179E2 /* SubViews */ = {
			isa = PBXGroup;
			children = (
				47B9FFB32BBA5049007179E2 /* CellProgressView.swift */,
				47B9FFB42BBA5049007179E2 /* HiddenLabelView.swift */,
				47B9FFB52BBA5049007179E2 /* MsgDateView.swift */,
			);
			path = SubViews;
			sourceTree = "<group>";
		};
		47B9FFB92BBA5049007179E2 /* ChatCell */ = {
			isa = PBXGroup;
			children = (
				47B9FFB02BBA5049007179E2 /* Bubbles */,
				47B9FFB22BBA5049007179E2 /* Menus&Alerts */,
				47B9FFB62BBA5049007179E2 /* SubViews */,
				47B9FFB72BBA5049007179E2 /* +Bubble.swift */,
				47B9FFB82BBA5049007179E2 /* MsgCell.swift */,
			);
			path = ChatCell;
			sourceTree = "<group>";
		};
		47B9FFC92BBA504F007179E2 /* TimeSeparater */ = {
			isa = PBXGroup;
			children = (
				47B9FFC82BBA504F007179E2 /* TimeSeparaterCell.swift */,
			);
			path = TimeSeparater;
			sourceTree = "<group>";
		};
		47B9FFCE2BBA5070007179E2 /* ChatInputBar */ = {
			isa = PBXGroup;
			children = (
				47B9FFCB2BBA5070007179E2 /* ChatInputBar.swift */,
				47B9FFCC2BBA5070007179E2 /* PlusMenuButton.swift */,
				47B9FFCD2BBA5070007179E2 /* ScrollDownButton.swift */,
			);
			path = ChatInputBar;
			sourceTree = "<group>";
		};
/* End PBXGroup section */

/* Begin PBXNativeTarget section */
		470E96262BA04E9600E1DD22 /* MsgRoom */ = {
			isa = PBXNativeTarget;
			buildConfigurationList = 470E964B2BA04E9700E1DD22 /* Build configuration list for PBXNativeTarget "MsgRoom" */;
			buildPhases = (
				470E96232BA04E9600E1DD22 /* Sources */,
				470E96242BA04E9600E1DD22 /* Frameworks */,
				470E96252BA04E9600E1DD22 /* Resources */,
			);
			buildRules = (
			);
			dependencies = (
			);
			name = MsgRoom;
			packageProductDependencies = (
				47B9FFA42BBA4F02007179E2 /* XUI */,
			);
			productName = MsgRoom;
			productReference = 470E96272BA04E9600E1DD22 /* MsgRoom.app */;
			productType = "com.apple.product-type.application";
		};
		470E96362BA04E9700E1DD22 /* MsgRoomTests */ = {
			isa = PBXNativeTarget;
			buildConfigurationList = 470E964E2BA04E9700E1DD22 /* Build configuration list for PBXNativeTarget "MsgRoomTests" */;
			buildPhases = (
				470E96332BA04E9700E1DD22 /* Sources */,
				470E96342BA04E9700E1DD22 /* Frameworks */,
				470E96352BA04E9700E1DD22 /* Resources */,
			);
			buildRules = (
			);
			dependencies = (
				470E96392BA04E9700E1DD22 /* PBXTargetDependency */,
			);
			name = MsgRoomTests;
			productName = MsgRoomTests;
			productReference = 470E96372BA04E9700E1DD22 /* MsgRoomTests.xctest */;
			productType = "com.apple.product-type.bundle.unit-test";
		};
		470E96402BA04E9700E1DD22 /* MsgRoomUITests */ = {
			isa = PBXNativeTarget;
			buildConfigurationList = 470E96512BA04E9700E1DD22 /* Build configuration list for PBXNativeTarget "MsgRoomUITests" */;
			buildPhases = (
				470E963D2BA04E9700E1DD22 /* Sources */,
				470E963E2BA04E9700E1DD22 /* Frameworks */,
				470E963F2BA04E9700E1DD22 /* Resources */,
			);
			buildRules = (
			);
			dependencies = (
				470E96432BA04E9700E1DD22 /* PBXTargetDependency */,
			);
			name = MsgRoomUITests;
			productName = MsgRoomUITests;
			productReference = 470E96412BA04E9700E1DD22 /* MsgRoomUITests.xctest */;
			productType = "com.apple.product-type.bundle.ui-testing";
		};
/* End PBXNativeTarget section */

/* Begin PBXProject section */
		470E961F2BA04E9600E1DD22 /* Project object */ = {
			isa = PBXProject;
			attributes = {
				BuildIndependentTargetsInParallel = 1;
				LastSwiftUpdateCheck = 1530;
				LastUpgradeCheck = 1530;
				TargetAttributes = {
					470E96262BA04E9600E1DD22 = {
						CreatedOnToolsVersion = 15.3;
					};
					470E96362BA04E9700E1DD22 = {
						CreatedOnToolsVersion = 15.3;
						TestTargetID = 470E96262BA04E9600E1DD22;
					};
					470E96402BA04E9700E1DD22 = {
						CreatedOnToolsVersion = 15.3;
						TestTargetID = 470E96262BA04E9600E1DD22;
					};
				};
			};
			buildConfigurationList = 470E96222BA04E9600E1DD22 /* Build configuration list for PBXProject "MsgRoom" */;
			compatibilityVersion = "Xcode 14.0";
			developmentRegion = en;
			hasScannedForEncodings = 0;
			knownRegions = (
				en,
				Base,
			);
			mainGroup = 470E961E2BA04E9600E1DD22;
			packageReferences = (
				47B9FF952BBA4C76007179E2 /* XCRemoteSwiftPackageReference "XUI" */,
			);
			productRefGroup = 470E96282BA04E9600E1DD22 /* Products */;
			projectDirPath = "";
			projectRoot = "";
			targets = (
				470E96262BA04E9600E1DD22 /* MsgRoom */,
				470E96362BA04E9700E1DD22 /* MsgRoomTests */,
				470E96402BA04E9700E1DD22 /* MsgRoomUITests */,
			);
		};
/* End PBXProject section */

/* Begin PBXResourcesBuildPhase section */
		470E96252BA04E9600E1DD22 /* Resources */ = {
			isa = PBXResourcesBuildPhase;
			buildActionMask = 2147483647;
			files = (
				470E96322BA04E9700E1DD22 /* Preview Assets.xcassets in Resources */,
				470E962F2BA04E9700E1DD22 /* Assets.xcassets in Resources */,
			);
			runOnlyForDeploymentPostprocessing = 0;
		};
		470E96352BA04E9700E1DD22 /* Resources */ = {
			isa = PBXResourcesBuildPhase;
			buildActionMask = 2147483647;
			files = (
			);
			runOnlyForDeploymentPostprocessing = 0;
		};
		470E963F2BA04E9700E1DD22 /* Resources */ = {
			isa = PBXResourcesBuildPhase;
			buildActionMask = 2147483647;
			files = (
			);
			runOnlyForDeploymentPostprocessing = 0;
		};
/* End PBXResourcesBuildPhase section */

/* Begin PBXSourcesBuildPhase section */
		470E96232BA04E9600E1DD22 /* Sources */ = {
			isa = PBXSourcesBuildPhase;
			buildActionMask = 2147483647;
			files = (
				47B9FFD72BBA8E6A007179E2 /* MsgRoomDatasourceRepresentable.swift in Sources */,
				47B9FF8D2BBA4A5F007179E2 /* Contact.swift in Sources */,
				47B9FFBC2BBA5049007179E2 /* EmojiBubble.swift in Sources */,
				47B9FF972BBA4C95007179E2 /* MsgRoomViewModel.swift in Sources */,
				470E96612BA055D500E1DD22 /* Contactable.swift in Sources */,
				47B9FF942BBA4C13007179E2 /* CurrentUser.swift in Sources */,
				47B9FFC42BBA5049007179E2 /* HiddenLabelView.swift in Sources */,
				47B9FFC52BBA5049007179E2 /* MsgDateView.swift in Sources */,
				47B9FFC32BBA5049007179E2 /* CellProgressView.swift in Sources */,
				47B9FFD32BBA507E007179E2 /* ChatBackground.swift in Sources */,
				47B9FFD12BBA5070007179E2 /* ScrollDownButton.swift in Sources */,
				47B9FFC02BBA5049007179E2 /* VideoBubble.swift in Sources */,
				470E965D2BA055A800E1DD22 /* Msgable.swift in Sources */,
				47B9FFBE2BBA5049007179E2 /* LocationBubble.swift in Sources */,
				47B9FFBB2BBA5049007179E2 /* BubbleShape.swift in Sources */,
				47B9FFBD2BBA5049007179E2 /* ImageBubble.swift in Sources */,
				47B9FFA32BBA4E7D007179E2 /* ChatDatasource.swift in Sources */,
				47B9FF9D2BBA4E37007179E2 /* MsgStyle.swift in Sources */,
				47B9FFC72BBA5049007179E2 /* MsgCell.swift in Sources */,
				47B9FFC62BBA5049007179E2 /* +Bubble.swift in Sources */,
				47B9FFC12BBA5049007179E2 /* VoiceBubble.swift in Sources */,
				47B9FFCA2BBA504F007179E2 /* TimeSeparaterCell.swift in Sources */,
				470E965F2BA055BC00E1DD22 /* Conversationable.swift in Sources */,
				47B9FF8B2BBA48EC007179E2 /* Msg.swift in Sources */,
				470E962D2BA04E9600E1DD22 /* ContentView.swift in Sources */,
				47B9FFA12BBA4E6E007179E2 /* ScrollItem.swift in Sources */,
				47B9FF8F2BBA4ADA007179E2 /* Con.swift in Sources */,
				47B9FFA72BBA4FD1007179E2 /* ChatScrollView.swift in Sources */,
				47B9FF992BBA4D42007179E2 /* ChatKit.swift in Sources */,
				47B9FFC22BBA5049007179E2 /* MsgContextMenu.swift in Sources */,
				470E96582BA04F4800E1DD22 /* MsgRoomView.swift in Sources */,
				47B9FFBF2BBA5049007179E2 /* TextBubble.swift in Sources */,
				470E965B2BA0558600E1DD22 /* MsgRoomViewModelRepresentable.swift in Sources */,
				47B9FFBA2BBA5049007179E2 /* AttachmentBubble.swift in Sources */,
				47B9FFCF2BBA5070007179E2 /* ChatInputBar.swift in Sources */,
				47B9FFD52BBA50D3007179E2 /* ChatTopBar.swift in Sources */,
				47B9FFD02BBA5070007179E2 /* PlusMenuButton.swift in Sources */,
				470E962B2BA04E9600E1DD22 /* MsgRoomApp.swift in Sources */,
			);
			runOnlyForDeploymentPostprocessing = 0;
		};
		470E96332BA04E9700E1DD22 /* Sources */ = {
			isa = PBXSourcesBuildPhase;
			buildActionMask = 2147483647;
			files = (
				470E963C2BA04E9700E1DD22 /* MsgRoomTests.swift in Sources */,
			);
			runOnlyForDeploymentPostprocessing = 0;
		};
		470E963D2BA04E9700E1DD22 /* Sources */ = {
			isa = PBXSourcesBuildPhase;
			buildActionMask = 2147483647;
			files = (
				470E96462BA04E9700E1DD22 /* MsgRoomUITests.swift in Sources */,
				470E96482BA04E9700E1DD22 /* MsgRoomUITestsLaunchTests.swift in Sources */,
			);
			runOnlyForDeploymentPostprocessing = 0;
		};
/* End PBXSourcesBuildPhase section */

/* Begin PBXTargetDependency section */
		470E96392BA04E9700E1DD22 /* PBXTargetDependency */ = {
			isa = PBXTargetDependency;
			target = 470E96262BA04E9600E1DD22 /* MsgRoom */;
			targetProxy = 470E96382BA04E9700E1DD22 /* PBXContainerItemProxy */;
		};
		470E96432BA04E9700E1DD22 /* PBXTargetDependency */ = {
			isa = PBXTargetDependency;
			target = 470E96262BA04E9600E1DD22 /* MsgRoom */;
			targetProxy = 470E96422BA04E9700E1DD22 /* PBXContainerItemProxy */;
		};
/* End PBXTargetDependency section */

/* Begin XCBuildConfiguration section */
		470E96492BA04E9700E1DD22 /* Debug */ = {
			isa = XCBuildConfiguration;
			buildSettings = {
				ALWAYS_SEARCH_USER_PATHS = NO;
				ASSETCATALOG_COMPILER_GENERATE_SWIFT_ASSET_SYMBOL_EXTENSIONS = YES;
				CLANG_ANALYZER_NONNULL = YES;
				CLANG_ANALYZER_NUMBER_OBJECT_CONVERSION = YES_AGGRESSIVE;
				CLANG_CXX_LANGUAGE_STANDARD = "gnu++20";
				CLANG_ENABLE_MODULES = YES;
				CLANG_ENABLE_OBJC_ARC = YES;
				CLANG_ENABLE_OBJC_WEAK = YES;
				CLANG_WARN_BLOCK_CAPTURE_AUTORELEASING = YES;
				CLANG_WARN_BOOL_CONVERSION = YES;
				CLANG_WARN_COMMA = YES;
				CLANG_WARN_CONSTANT_CONVERSION = YES;
				CLANG_WARN_DEPRECATED_OBJC_IMPLEMENTATIONS = YES;
				CLANG_WARN_DIRECT_OBJC_ISA_USAGE = YES_ERROR;
				CLANG_WARN_DOCUMENTATION_COMMENTS = YES;
				CLANG_WARN_EMPTY_BODY = YES;
				CLANG_WARN_ENUM_CONVERSION = YES;
				CLANG_WARN_INFINITE_RECURSION = YES;
				CLANG_WARN_INT_CONVERSION = YES;
				CLANG_WARN_NON_LITERAL_NULL_CONVERSION = YES;
				CLANG_WARN_OBJC_IMPLICIT_RETAIN_SELF = YES;
				CLANG_WARN_OBJC_LITERAL_CONVERSION = YES;
				CLANG_WARN_OBJC_ROOT_CLASS = YES_ERROR;
				CLANG_WARN_QUOTED_INCLUDE_IN_FRAMEWORK_HEADER = YES;
				CLANG_WARN_RANGE_LOOP_ANALYSIS = YES;
				CLANG_WARN_STRICT_PROTOTYPES = YES;
				CLANG_WARN_SUSPICIOUS_MOVE = YES;
				CLANG_WARN_UNGUARDED_AVAILABILITY = YES_AGGRESSIVE;
				CLANG_WARN_UNREACHABLE_CODE = YES;
				CLANG_WARN__DUPLICATE_METHOD_MATCH = YES;
				COPY_PHASE_STRIP = NO;
				DEBUG_INFORMATION_FORMAT = dwarf;
				ENABLE_STRICT_OBJC_MSGSEND = YES;
				ENABLE_TESTABILITY = YES;
				ENABLE_USER_SCRIPT_SANDBOXING = YES;
				GCC_C_LANGUAGE_STANDARD = gnu17;
				GCC_DYNAMIC_NO_PIC = NO;
				GCC_NO_COMMON_BLOCKS = YES;
				GCC_OPTIMIZATION_LEVEL = 0;
				GCC_PREPROCESSOR_DEFINITIONS = (
					"DEBUG=1",
					"$(inherited)",
				);
				GCC_WARN_64_TO_32_BIT_CONVERSION = YES;
				GCC_WARN_ABOUT_RETURN_TYPE = YES_ERROR;
				GCC_WARN_UNDECLARED_SELECTOR = YES;
				GCC_WARN_UNINITIALIZED_AUTOS = YES_AGGRESSIVE;
				GCC_WARN_UNUSED_FUNCTION = YES;
				GCC_WARN_UNUSED_VARIABLE = YES;
				IPHONEOS_DEPLOYMENT_TARGET = 17.4;
				LOCALIZATION_PREFERS_STRING_CATALOGS = YES;
				MTL_ENABLE_DEBUG_INFO = INCLUDE_SOURCE;
				MTL_FAST_MATH = YES;
				ONLY_ACTIVE_ARCH = YES;
				SDKROOT = iphoneos;
				SWIFT_ACTIVE_COMPILATION_CONDITIONS = "DEBUG $(inherited)";
				SWIFT_OPTIMIZATION_LEVEL = "-Onone";
			};
			name = Debug;
		};
		470E964A2BA04E9700E1DD22 /* Release */ = {
			isa = XCBuildConfiguration;
			buildSettings = {
				ALWAYS_SEARCH_USER_PATHS = NO;
				ASSETCATALOG_COMPILER_GENERATE_SWIFT_ASSET_SYMBOL_EXTENSIONS = YES;
				CLANG_ANALYZER_NONNULL = YES;
				CLANG_ANALYZER_NUMBER_OBJECT_CONVERSION = YES_AGGRESSIVE;
				CLANG_CXX_LANGUAGE_STANDARD = "gnu++20";
				CLANG_ENABLE_MODULES = YES;
				CLANG_ENABLE_OBJC_ARC = YES;
				CLANG_ENABLE_OBJC_WEAK = YES;
				CLANG_WARN_BLOCK_CAPTURE_AUTORELEASING = YES;
				CLANG_WARN_BOOL_CONVERSION = YES;
				CLANG_WARN_COMMA = YES;
				CLANG_WARN_CONSTANT_CONVERSION = YES;
				CLANG_WARN_DEPRECATED_OBJC_IMPLEMENTATIONS = YES;
				CLANG_WARN_DIRECT_OBJC_ISA_USAGE = YES_ERROR;
				CLANG_WARN_DOCUMENTATION_COMMENTS = YES;
				CLANG_WARN_EMPTY_BODY = YES;
				CLANG_WARN_ENUM_CONVERSION = YES;
				CLANG_WARN_INFINITE_RECURSION = YES;
				CLANG_WARN_INT_CONVERSION = YES;
				CLANG_WARN_NON_LITERAL_NULL_CONVERSION = YES;
				CLANG_WARN_OBJC_IMPLICIT_RETAIN_SELF = YES;
				CLANG_WARN_OBJC_LITERAL_CONVERSION = YES;
				CLANG_WARN_OBJC_ROOT_CLASS = YES_ERROR;
				CLANG_WARN_QUOTED_INCLUDE_IN_FRAMEWORK_HEADER = YES;
				CLANG_WARN_RANGE_LOOP_ANALYSIS = YES;
				CLANG_WARN_STRICT_PROTOTYPES = YES;
				CLANG_WARN_SUSPICIOUS_MOVE = YES;
				CLANG_WARN_UNGUARDED_AVAILABILITY = YES_AGGRESSIVE;
				CLANG_WARN_UNREACHABLE_CODE = YES;
				CLANG_WARN__DUPLICATE_METHOD_MATCH = YES;
				COPY_PHASE_STRIP = NO;
				DEBUG_INFORMATION_FORMAT = "dwarf-with-dsym";
				ENABLE_NS_ASSERTIONS = NO;
				ENABLE_STRICT_OBJC_MSGSEND = YES;
				ENABLE_USER_SCRIPT_SANDBOXING = YES;
				GCC_C_LANGUAGE_STANDARD = gnu17;
				GCC_NO_COMMON_BLOCKS = YES;
				GCC_WARN_64_TO_32_BIT_CONVERSION = YES;
				GCC_WARN_ABOUT_RETURN_TYPE = YES_ERROR;
				GCC_WARN_UNDECLARED_SELECTOR = YES;
				GCC_WARN_UNINITIALIZED_AUTOS = YES_AGGRESSIVE;
				GCC_WARN_UNUSED_FUNCTION = YES;
				GCC_WARN_UNUSED_VARIABLE = YES;
				IPHONEOS_DEPLOYMENT_TARGET = 17.4;
				LOCALIZATION_PREFERS_STRING_CATALOGS = YES;
				MTL_ENABLE_DEBUG_INFO = NO;
				MTL_FAST_MATH = YES;
				SDKROOT = iphoneos;
				SWIFT_COMPILATION_MODE = wholemodule;
				VALIDATE_PRODUCT = YES;
			};
			name = Release;
		};
		470E964C2BA04E9700E1DD22 /* Debug */ = {
			isa = XCBuildConfiguration;
			buildSettings = {
				ASSETCATALOG_COMPILER_APPICON_NAME = AppIcon;
				ASSETCATALOG_COMPILER_GLOBAL_ACCENT_COLOR_NAME = AccentColor;
				CODE_SIGN_STYLE = Automatic;
				CURRENT_PROJECT_VERSION = 1;
				DEVELOPMENT_ASSET_PATHS = "\"MsgRoom/Preview Content\"";
				DEVELOPMENT_TEAM = HJ9L53D9PB;
				ENABLE_PREVIEWS = YES;
				GENERATE_INFOPLIST_FILE = YES;
				INFOPLIST_KEY_UIApplicationSceneManifest_Generation = YES;
				INFOPLIST_KEY_UIApplicationSupportsIndirectInputEvents = YES;
				INFOPLIST_KEY_UILaunchScreen_Generation = YES;
				INFOPLIST_KEY_UISupportedInterfaceOrientations_iPad = "UIInterfaceOrientationPortrait UIInterfaceOrientationPortraitUpsideDown UIInterfaceOrientationLandscapeLeft UIInterfaceOrientationLandscapeRight";
				INFOPLIST_KEY_UISupportedInterfaceOrientations_iPhone = "UIInterfaceOrientationPortrait UIInterfaceOrientationLandscapeLeft UIInterfaceOrientationLandscapeRight";
				IPHONEOS_DEPLOYMENT_TARGET = 17.0;
				LD_RUNPATH_SEARCH_PATHS = (
					"$(inherited)",
					"@executable_path/Frameworks",
				);
				MARKETING_VERSION = 1.0;
				PRODUCT_BUNDLE_IDENTIFIER = com.jonahaung.MsgRoom;
				PRODUCT_NAME = "$(TARGET_NAME)";
				SWIFT_EMIT_LOC_STRINGS = YES;
				SWIFT_VERSION = 5.0;
				TARGETED_DEVICE_FAMILY = "1,2";
			};
			name = Debug;
		};
		470E964D2BA04E9700E1DD22 /* Release */ = {
			isa = XCBuildConfiguration;
			buildSettings = {
				ASSETCATALOG_COMPILER_APPICON_NAME = AppIcon;
				ASSETCATALOG_COMPILER_GLOBAL_ACCENT_COLOR_NAME = AccentColor;
				CODE_SIGN_STYLE = Automatic;
				CURRENT_PROJECT_VERSION = 1;
				DEVELOPMENT_ASSET_PATHS = "\"MsgRoom/Preview Content\"";
				DEVELOPMENT_TEAM = HJ9L53D9PB;
				ENABLE_PREVIEWS = YES;
				GENERATE_INFOPLIST_FILE = YES;
				INFOPLIST_KEY_UIApplicationSceneManifest_Generation = YES;
				INFOPLIST_KEY_UIApplicationSupportsIndirectInputEvents = YES;
				INFOPLIST_KEY_UILaunchScreen_Generation = YES;
				INFOPLIST_KEY_UISupportedInterfaceOrientations_iPad = "UIInterfaceOrientationPortrait UIInterfaceOrientationPortraitUpsideDown UIInterfaceOrientationLandscapeLeft UIInterfaceOrientationLandscapeRight";
				INFOPLIST_KEY_UISupportedInterfaceOrientations_iPhone = "UIInterfaceOrientationPortrait UIInterfaceOrientationLandscapeLeft UIInterfaceOrientationLandscapeRight";
				IPHONEOS_DEPLOYMENT_TARGET = 17.0;
				LD_RUNPATH_SEARCH_PATHS = (
					"$(inherited)",
					"@executable_path/Frameworks",
				);
				MARKETING_VERSION = 1.0;
				PRODUCT_BUNDLE_IDENTIFIER = com.jonahaung.MsgRoom;
				PRODUCT_NAME = "$(TARGET_NAME)";
				SWIFT_EMIT_LOC_STRINGS = YES;
				SWIFT_VERSION = 5.0;
				TARGETED_DEVICE_FAMILY = "1,2";
			};
			name = Release;
		};
		470E964F2BA04E9700E1DD22 /* Debug */ = {
			isa = XCBuildConfiguration;
			buildSettings = {
				ALWAYS_EMBED_SWIFT_STANDARD_LIBRARIES = YES;
				BUNDLE_LOADER = "$(TEST_HOST)";
				CODE_SIGN_STYLE = Automatic;
				CURRENT_PROJECT_VERSION = 1;
				DEVELOPMENT_TEAM = HJ9L53D9PB;
				GENERATE_INFOPLIST_FILE = YES;
				IPHONEOS_DEPLOYMENT_TARGET = 17.4;
				MARKETING_VERSION = 1.0;
				PRODUCT_BUNDLE_IDENTIFIER = com.jonahaung.MsgRoomTests;
				PRODUCT_NAME = "$(TARGET_NAME)";
				SWIFT_EMIT_LOC_STRINGS = NO;
				SWIFT_VERSION = 5.0;
				TARGETED_DEVICE_FAMILY = "1,2";
				TEST_HOST = "$(BUILT_PRODUCTS_DIR)/MsgRoom.app/$(BUNDLE_EXECUTABLE_FOLDER_PATH)/MsgRoom";
			};
			name = Debug;
		};
		470E96502BA04E9700E1DD22 /* Release */ = {
			isa = XCBuildConfiguration;
			buildSettings = {
				ALWAYS_EMBED_SWIFT_STANDARD_LIBRARIES = YES;
				BUNDLE_LOADER = "$(TEST_HOST)";
				CODE_SIGN_STYLE = Automatic;
				CURRENT_PROJECT_VERSION = 1;
				DEVELOPMENT_TEAM = HJ9L53D9PB;
				GENERATE_INFOPLIST_FILE = YES;
				IPHONEOS_DEPLOYMENT_TARGET = 17.4;
				MARKETING_VERSION = 1.0;
				PRODUCT_BUNDLE_IDENTIFIER = com.jonahaung.MsgRoomTests;
				PRODUCT_NAME = "$(TARGET_NAME)";
				SWIFT_EMIT_LOC_STRINGS = NO;
				SWIFT_VERSION = 5.0;
				TARGETED_DEVICE_FAMILY = "1,2";
				TEST_HOST = "$(BUILT_PRODUCTS_DIR)/MsgRoom.app/$(BUNDLE_EXECUTABLE_FOLDER_PATH)/MsgRoom";
			};
			name = Release;
		};
		470E96522BA04E9700E1DD22 /* Debug */ = {
			isa = XCBuildConfiguration;
			buildSettings = {
				ALWAYS_EMBED_SWIFT_STANDARD_LIBRARIES = YES;
				CODE_SIGN_STYLE = Automatic;
				CURRENT_PROJECT_VERSION = 1;
				DEVELOPMENT_TEAM = HJ9L53D9PB;
				GENERATE_INFOPLIST_FILE = YES;
				MARKETING_VERSION = 1.0;
				PRODUCT_BUNDLE_IDENTIFIER = com.jonahaung.MsgRoomUITests;
				PRODUCT_NAME = "$(TARGET_NAME)";
				SWIFT_EMIT_LOC_STRINGS = NO;
				SWIFT_VERSION = 5.0;
				TARGETED_DEVICE_FAMILY = "1,2";
				TEST_TARGET_NAME = MsgRoom;
			};
			name = Debug;
		};
		470E96532BA04E9700E1DD22 /* Release */ = {
			isa = XCBuildConfiguration;
			buildSettings = {
				ALWAYS_EMBED_SWIFT_STANDARD_LIBRARIES = YES;
				CODE_SIGN_STYLE = Automatic;
				CURRENT_PROJECT_VERSION = 1;
				DEVELOPMENT_TEAM = HJ9L53D9PB;
				GENERATE_INFOPLIST_FILE = YES;
				MARKETING_VERSION = 1.0;
				PRODUCT_BUNDLE_IDENTIFIER = com.jonahaung.MsgRoomUITests;
				PRODUCT_NAME = "$(TARGET_NAME)";
				SWIFT_EMIT_LOC_STRINGS = NO;
				SWIFT_VERSION = 5.0;
				TARGETED_DEVICE_FAMILY = "1,2";
				TEST_TARGET_NAME = MsgRoom;
			};
			name = Release;
		};
/* End XCBuildConfiguration section */

/* Begin XCConfigurationList section */
		470E96222BA04E9600E1DD22 /* Build configuration list for PBXProject "MsgRoom" */ = {
			isa = XCConfigurationList;
			buildConfigurations = (
				470E96492BA04E9700E1DD22 /* Debug */,
				470E964A2BA04E9700E1DD22 /* Release */,
			);
			defaultConfigurationIsVisible = 0;
			defaultConfigurationName = Release;
		};
		470E964B2BA04E9700E1DD22 /* Build configuration list for PBXNativeTarget "MsgRoom" */ = {
			isa = XCConfigurationList;
			buildConfigurations = (
				470E964C2BA04E9700E1DD22 /* Debug */,
				470E964D2BA04E9700E1DD22 /* Release */,
			);
			defaultConfigurationIsVisible = 0;
			defaultConfigurationName = Release;
		};
		470E964E2BA04E9700E1DD22 /* Build configuration list for PBXNativeTarget "MsgRoomTests" */ = {
			isa = XCConfigurationList;
			buildConfigurations = (
				470E964F2BA04E9700E1DD22 /* Debug */,
				470E96502BA04E9700E1DD22 /* Release */,
			);
			defaultConfigurationIsVisible = 0;
			defaultConfigurationName = Release;
		};
		470E96512BA04E9700E1DD22 /* Build configuration list for PBXNativeTarget "MsgRoomUITests" */ = {
			isa = XCConfigurationList;
			buildConfigurations = (
				470E96522BA04E9700E1DD22 /* Debug */,
				470E96532BA04E9700E1DD22 /* Release */,
			);
			defaultConfigurationIsVisible = 0;
			defaultConfigurationName = Release;
		};
/* End XCConfigurationList section */

/* Begin XCRemoteSwiftPackageReference section */
		47B9FF952BBA4C76007179E2 /* XCRemoteSwiftPackageReference "XUI" */ = {
			isa = XCRemoteSwiftPackageReference;
			repositoryURL = "https://github.com/jonahaung/XUI";
			requirement = {
				branch = main;
				kind = branch;
			};
		};
/* End XCRemoteSwiftPackageReference section */

/* Begin XCSwiftPackageProductDependency section */
		47B9FFA42BBA4F02007179E2 /* XUI */ = {
			isa = XCSwiftPackageProductDependency;
			package = 47B9FF952BBA4C76007179E2 /* XCRemoteSwiftPackageReference "XUI" */;
			productName = XUI;
		};
/* End XCSwiftPackageProductDependency section */
	};
	rootObject = 470E961F2BA04E9600E1DD22 /* Project object */;
}
