// !$*UTF8*$!
{
	archiveVersion = 1;
	classes = {
	};
	objectVersion = 60;
	objects = {

/* Begin PBXBuildFile section */
		470E962B2BA04E9600E1DD22 /* MsgRoomApp.swift in Sources */ = {isa = PBXBuildFile; fileRef = 470E962A2BA04E9600E1DD22 /* MsgRoomApp.swift */; };
		470E962D2BA04E9600E1DD22 /* InboxSceneView.swift in Sources */ = {isa = PBXBuildFile; fileRef = 470E962C2BA04E9600E1DD22 /* InboxSceneView.swift */; };
		470E96322BA04E9700E1DD22 /* Preview Assets.xcassets in Resources */ = {isa = PBXBuildFile; fileRef = 470E96312BA04E9700E1DD22 /* Preview Assets.xcassets */; };
		470E963C2BA04E9700E1DD22 /* MsgRoomTests.swift in Sources */ = {isa = PBXBuildFile; fileRef = 470E963B2BA04E9700E1DD22 /* MsgRoomTests.swift */; };
		470E96462BA04E9700E1DD22 /* MsgRoomUITests.swift in Sources */ = {isa = PBXBuildFile; fileRef = 470E96452BA04E9700E1DD22 /* MsgRoomUITests.swift */; };
		470E96482BA04E9700E1DD22 /* MsgRoomUITestsLaunchTests.swift in Sources */ = {isa = PBXBuildFile; fileRef = 470E96472BA04E9700E1DD22 /* MsgRoomUITestsLaunchTests.swift */; };
		47297DF72C2C4EA400C95C11 /* MainTabView.swift in Sources */ = {isa = PBXBuildFile; fileRef = 47297DF62C2C4EA400C95C11 /* MainTabView.swift */; };
		47306E282C2BFD6A00076B75 /* SecureStorage in Frameworks */ = {isa = PBXBuildFile; productRef = 47306E272C2BFD6A00076B75 /* SecureStorage */; };
		4738D8D52C2DBCD500FA903B /* CoreDataStore.swift in Sources */ = {isa = PBXBuildFile; fileRef = 4738D8D22C2DBCD500FA903B /* CoreDataStore.swift */; };
		4738D8DD2C2DBD0700FA903B /* Msg+CoreDataClass.swift in Sources */ = {isa = PBXBuildFile; fileRef = 4738D8D72C2DBD0700FA903B /* Msg+CoreDataClass.swift */; };
		4738D8DE2C2DBD0700FA903B /* Msg+CoreDataProperties.swift in Sources */ = {isa = PBXBuildFile; fileRef = 4738D8D82C2DBD0700FA903B /* Msg+CoreDataProperties.swift */; };
		47474A872C3173E00053CCB0 /* MsgRoom.xcdatamodeld in Sources */ = {isa = PBXBuildFile; fileRef = 47474A852C3173E00053CCB0 /* MsgRoom.xcdatamodeld */; };
		47521D352C3478C800A053B7 /* MsgRoomCore in Frameworks */ = {isa = PBXBuildFile; productRef = 47521D342C3478C800A053B7 /* MsgRoomCore */; };
		475395082BC1138E00D9220E /* rckit_incoming.aiff in Resources */ = {isa = PBXBuildFile; fileRef = 475395042BC1138E00D9220E /* rckit_incoming.aiff */; };
		475395092BC1138E00D9220E /* GoogleService-Info.plist in Resources */ = {isa = PBXBuildFile; fileRef = 475395052BC1138E00D9220E /* GoogleService-Info.plist */; };
		4753950A2BC1138E00D9220E /* rckit_outgoing.aiff in Resources */ = {isa = PBXBuildFile; fileRef = 475395062BC1138E00D9220E /* rckit_outgoing.aiff */; };
		475395132BC1143B00D9220E /* NotificationService.swift in Sources */ = {isa = PBXBuildFile; fileRef = 475395122BC1143B00D9220E /* NotificationService.swift */; };
		475395542BC118AD00D9220E /* GlobalNotificationSwift in Frameworks */ = {isa = PBXBuildFile; productRef = 475395532BC118AD00D9220E /* GlobalNotificationSwift */; };
		475D97832C34541000F64584 /* SwiftyTheme in Frameworks */ = {isa = PBXBuildFile; productRef = 475D97822C34541000F64584 /* SwiftyTheme */; };
		476778882C2F10890062D728 /* FetchCache.swift in Sources */ = {isa = PBXBuildFile; fileRef = 476778872C2F10890062D728 /* FetchCache.swift */; };
		476778932C2F127B0062D728 /* SharedDatabase.swift in Sources */ = {isa = PBXBuildFile; fileRef = 476778922C2F127B0062D728 /* SharedDatabase.swift */; };
		476778962C2F19AE0062D728 /* Contact.swift in Sources */ = {isa = PBXBuildFile; fileRef = 476778952C2F19AE0062D728 /* Contact.swift */; };
		476778982C2F1E490062D728 /* SwiftDataModelActor.swift in Sources */ = {isa = PBXBuildFile; fileRef = 476778972C2F1E490062D728 /* SwiftDataModelActor.swift */; };
		4767789B2C2F226A0062D728 /* ContactSceneViewModel.swift in Sources */ = {isa = PBXBuildFile; fileRef = 4767789A2C2F226A0062D728 /* ContactSceneViewModel.swift */; };
		476B71472C33A75400B5288E /* DataModel.swift in Sources */ = {isa = PBXBuildFile; fileRef = 476B71462C33A75400B5288E /* DataModel.swift */; };
		477AB4332C2DA238006F91DD /* ContactsScene.swift in Sources */ = {isa = PBXBuildFile; fileRef = 477AB4312C2DA238006F91DD /* ContactsScene.swift */; };
		477AB4342C2DA238006F91DD /* PhoneContacts.swift in Sources */ = {isa = PBXBuildFile; fileRef = 477AB4322C2DA238006F91DD /* PhoneContacts.swift */; };
		477AB43F2C2DABE0006F91DD /* XUI in Frameworks */ = {isa = PBXBuildFile; productRef = 477AB43E2C2DABE0006F91DD /* XUI */; };
		478058172C3305A10073D2D8 /* MsgRoomCore in Resources */ = {isa = PBXBuildFile; fileRef = 478058162C3305A10073D2D8 /* MsgRoomCore */; };
		4788A53E2C281CC200E7D9CD /* Assets.xcassets in Resources */ = {isa = PBXBuildFile; fileRef = 4788A53D2C281CC200E7D9CD /* Assets.xcassets */; };
		479686012C2AE54D00C42098 /* MsgRoom.swift in Sources */ = {isa = PBXBuildFile; fileRef = 479686002C2AE54D00C42098 /* MsgRoom.swift */; };
		479686172C2BB70500C42098 /* MsgRoom+Injection.swift in Sources */ = {isa = PBXBuildFile; fileRef = 479686162C2BB70500C42098 /* MsgRoom+Injection.swift */; };
		47AC49EE2C296E1E0077D635 /* XUI in Frameworks */ = {isa = PBXBuildFile; productRef = 47AC49ED2C296E1E0077D635 /* XUI */; };
		47AC49F42C296EE40077D635 /* SwiftyTheme in Frameworks */ = {isa = PBXBuildFile; productRef = 47AC49F32C296EE40077D635 /* SwiftyTheme */; };
		47ADDDEE2C299B1800437B91 /* SwiftyTheme in Frameworks */ = {isa = PBXBuildFile; productRef = 47ADDDED2C299B1800437B91 /* SwiftyTheme */; };
		47B9FF992BBA4D42007179E2 /* AppConfig.swift in Sources */ = {isa = PBXBuildFile; fileRef = 47B9FF982BBA4D42007179E2 /* AppConfig.swift */; };
		47C6121C2C31F2A500FCBAC4 /* MediaPicker in Frameworks */ = {isa = PBXBuildFile; productRef = 47C6121B2C31F2A500FCBAC4 /* MediaPicker */; };
		47C6121F2C31F5CC00FCBAC4 /* URLImage in Frameworks */ = {isa = PBXBuildFile; productRef = 47C6121E2C31F5CC00FCBAC4 /* URLImage */; };
		47D6568F2C2F41570047B1A4 /* SectionedResults.swift in Sources */ = {isa = PBXBuildFile; fileRef = 47D6568E2C2F41570047B1A4 /* SectionedResults.swift */; };
		47D656912C2F41F00047B1A4 /* SectionedQuery.swift in Sources */ = {isa = PBXBuildFile; fileRef = 47D656902C2F41F00047B1A4 /* SectionedQuery.swift */; };
		47D656962C2F57360047B1A4 /* Room.swift in Sources */ = {isa = PBXBuildFile; fileRef = 47D656952C2F57360047B1A4 /* Room.swift */; };
		47E41F052C35764A008909C0 /* RoomFinder.swift in Sources */ = {isa = PBXBuildFile; fileRef = 47E41F042C35764A008909C0 /* RoomFinder.swift */; };
		47E764452C2C0403001A684F /* CoreDataContainer.swift in Sources */ = {isa = PBXBuildFile; fileRef = 47E764442C2C0403001A684F /* CoreDataContainer.swift */; };
		47E94CB22C2A1CFC00EA901E /* URLImage in Frameworks */ = {isa = PBXBuildFile; productRef = 47E94CB12C2A1CFC00EA901E /* URLImage */; };
/* End PBXBuildFile section */

/* Begin PBXContainerItemProxy section */
		470E96382BA04E9700E1DD22 /* PBXContainerItemProxy */ = {
			isa = PBXContainerItemProxy;
			containerPortal = 470E961F2BA04E9600E1DD22 /* Project object */;
			proxyType = 1;
			remoteGlobalIDString = 470E96262BA04E9600E1DD22;
			remoteInfo = MsgRoom;
		};
		470E96422BA04E9700E1DD22 /* PBXContainerItemProxy */ = {
			isa = PBXContainerItemProxy;
			containerPortal = 470E961F2BA04E9600E1DD22 /* Project object */;
			proxyType = 1;
			remoteGlobalIDString = 470E96262BA04E9600E1DD22;
			remoteInfo = MsgRoom;
		};
/* End PBXContainerItemProxy section */

/* Begin PBXFileReference section */
		470E96272BA04E9600E1DD22 /* MsgRoom.app */ = {isa = PBXFileReference; explicitFileType = wrapper.application; includeInIndex = 0; path = MsgRoom.app; sourceTree = BUILT_PRODUCTS_DIR; };
		470E962A2BA04E9600E1DD22 /* MsgRoomApp.swift */ = {isa = PBXFileReference; lastKnownFileType = sourcecode.swift; path = MsgRoomApp.swift; sourceTree = "<group>"; };
		470E962C2BA04E9600E1DD22 /* InboxSceneView.swift */ = {isa = PBXFileReference; lastKnownFileType = sourcecode.swift; path = InboxSceneView.swift; sourceTree = "<group>"; };
		470E96312BA04E9700E1DD22 /* Preview Assets.xcassets */ = {isa = PBXFileReference; lastKnownFileType = folder.assetcatalog; path = "Preview Assets.xcassets"; sourceTree = "<group>"; };
		470E96372BA04E9700E1DD22 /* MsgRoomTests.xctest */ = {isa = PBXFileReference; explicitFileType = wrapper.cfbundle; includeInIndex = 0; path = MsgRoomTests.xctest; sourceTree = BUILT_PRODUCTS_DIR; };
		470E963B2BA04E9700E1DD22 /* MsgRoomTests.swift */ = {isa = PBXFileReference; lastKnownFileType = sourcecode.swift; path = MsgRoomTests.swift; sourceTree = "<group>"; };
		470E96412BA04E9700E1DD22 /* MsgRoomUITests.xctest */ = {isa = PBXFileReference; explicitFileType = wrapper.cfbundle; includeInIndex = 0; path = MsgRoomUITests.xctest; sourceTree = BUILT_PRODUCTS_DIR; };
		470E96452BA04E9700E1DD22 /* MsgRoomUITests.swift */ = {isa = PBXFileReference; lastKnownFileType = sourcecode.swift; path = MsgRoomUITests.swift; sourceTree = "<group>"; };
		470E96472BA04E9700E1DD22 /* MsgRoomUITestsLaunchTests.swift */ = {isa = PBXFileReference; lastKnownFileType = sourcecode.swift; path = MsgRoomUITestsLaunchTests.swift; sourceTree = "<group>"; };
		47297DF62C2C4EA400C95C11 /* MainTabView.swift */ = {isa = PBXFileReference; lastKnownFileType = sourcecode.swift; path = MainTabView.swift; sourceTree = "<group>"; };
		4738D8D22C2DBCD500FA903B /* CoreDataStore.swift */ = {isa = PBXFileReference; fileEncoding = 4; lastKnownFileType = sourcecode.swift; path = CoreDataStore.swift; sourceTree = "<group>"; };
		4738D8D72C2DBD0700FA903B /* Msg+CoreDataClass.swift */ = {isa = PBXFileReference; lastKnownFileType = sourcecode.swift; path = "Msg+CoreDataClass.swift"; sourceTree = "<group>"; };
		4738D8D82C2DBD0700FA903B /* Msg+CoreDataProperties.swift */ = {isa = PBXFileReference; lastKnownFileType = sourcecode.swift; path = "Msg+CoreDataProperties.swift"; sourceTree = "<group>"; };
		47474A862C3173E00053CCB0 /* MsgRoom.xcdatamodel */ = {isa = PBXFileReference; lastKnownFileType = wrapper.xcdatamodel; path = MsgRoom.xcdatamodel; sourceTree = "<group>"; };
		475395022BC1124C00D9220E /* MsgRoom.entitlements */ = {isa = PBXFileReference; lastKnownFileType = text.plist.entitlements; path = MsgRoom.entitlements; sourceTree = "<group>"; };
		475395032BC1130D00D9220E /* Info.plist */ = {isa = PBXFileReference; lastKnownFileType = text.plist; path = Info.plist; sourceTree = "<group>"; };
		475395042BC1138E00D9220E /* rckit_incoming.aiff */ = {isa = PBXFileReference; lastKnownFileType = audio.aiff; path = rckit_incoming.aiff; sourceTree = "<group>"; };
		475395052BC1138E00D9220E /* GoogleService-Info.plist */ = {isa = PBXFileReference; fileEncoding = 4; lastKnownFileType = text.plist.xml; path = "GoogleService-Info.plist"; sourceTree = "<group>"; };
		475395062BC1138E00D9220E /* rckit_outgoing.aiff */ = {isa = PBXFileReference; lastKnownFileType = audio.aiff; path = rckit_outgoing.aiff; sourceTree = "<group>"; };
		475395102BC1143B00D9220E /* MsgrNotificatrionService.appex */ = {isa = PBXFileReference; explicitFileType = "wrapper.app-extension"; includeInIndex = 0; path = MsgrNotificatrionService.appex; sourceTree = BUILT_PRODUCTS_DIR; };
		475395122BC1143B00D9220E /* NotificationService.swift */ = {isa = PBXFileReference; lastKnownFileType = sourcecode.swift; path = NotificationService.swift; sourceTree = "<group>"; };
		475395142BC1143B00D9220E /* Info.plist */ = {isa = PBXFileReference; lastKnownFileType = text.plist.xml; path = Info.plist; sourceTree = "<group>"; };
		475395552BC118B800D9220E /* MsgrNotificatrionService.entitlements */ = {isa = PBXFileReference; lastKnownFileType = text.plist.entitlements; path = MsgrNotificatrionService.entitlements; sourceTree = "<group>"; };
		476778872C2F10890062D728 /* FetchCache.swift */ = {isa = PBXFileReference; fileEncoding = 4; lastKnownFileType = sourcecode.swift; path = FetchCache.swift; sourceTree = "<group>"; };
		476778922C2F127B0062D728 /* SharedDatabase.swift */ = {isa = PBXFileReference; lastKnownFileType = sourcecode.swift; path = SharedDatabase.swift; sourceTree = "<group>"; };
		476778952C2F19AE0062D728 /* Contact.swift */ = {isa = PBXFileReference; lastKnownFileType = sourcecode.swift; path = Contact.swift; sourceTree = "<group>"; };
		476778972C2F1E490062D728 /* SwiftDataModelActor.swift */ = {isa = PBXFileReference; lastKnownFileType = sourcecode.swift; path = SwiftDataModelActor.swift; sourceTree = "<group>"; };
		4767789A2C2F226A0062D728 /* ContactSceneViewModel.swift */ = {isa = PBXFileReference; lastKnownFileType = sourcecode.swift; path = ContactSceneViewModel.swift; sourceTree = "<group>"; };
		476B71462C33A75400B5288E /* DataModel.swift */ = {isa = PBXFileReference; fileEncoding = 4; lastKnownFileType = sourcecode.swift; path = DataModel.swift; sourceTree = "<group>"; };
		477AB4312C2DA238006F91DD /* ContactsScene.swift */ = {isa = PBXFileReference; fileEncoding = 4; lastKnownFileType = sourcecode.swift; path = ContactsScene.swift; sourceTree = "<group>"; };
		477AB4322C2DA238006F91DD /* PhoneContacts.swift */ = {isa = PBXFileReference; fileEncoding = 4; lastKnownFileType = sourcecode.swift; name = PhoneContacts.swift; path = Contacts/PhoneContacts.swift; sourceTree = "<group>"; };
		478058162C3305A10073D2D8 /* MsgRoomCore */ = {isa = PBXFileReference; lastKnownFileType = wrapper; path = MsgRoomCore; sourceTree = "<group>"; };
		4788A53D2C281CC200E7D9CD /* Assets.xcassets */ = {isa = PBXFileReference; lastKnownFileType = folder.assetcatalog; path = Assets.xcassets; sourceTree = "<group>"; };
		479686002C2AE54D00C42098 /* MsgRoom.swift */ = {isa = PBXFileReference; lastKnownFileType = sourcecode.swift; path = MsgRoom.swift; sourceTree = "<group>"; };
		479686162C2BB70500C42098 /* MsgRoom+Injection.swift */ = {isa = PBXFileReference; lastKnownFileType = sourcecode.swift; path = "MsgRoom+Injection.swift"; sourceTree = "<group>"; };
		47B9FF982BBA4D42007179E2 /* AppConfig.swift */ = {isa = PBXFileReference; lastKnownFileType = sourcecode.swift; path = AppConfig.swift; sourceTree = "<group>"; };
		47D6568E2C2F41570047B1A4 /* SectionedResults.swift */ = {isa = PBXFileReference; lastKnownFileType = sourcecode.swift; path = SectionedResults.swift; sourceTree = "<group>"; };
		47D656902C2F41F00047B1A4 /* SectionedQuery.swift */ = {isa = PBXFileReference; lastKnownFileType = sourcecode.swift; path = SectionedQuery.swift; sourceTree = "<group>"; };
		47D656952C2F57360047B1A4 /* Room.swift */ = {isa = PBXFileReference; lastKnownFileType = sourcecode.swift; path = Room.swift; sourceTree = "<group>"; };
		47E41F042C35764A008909C0 /* RoomFinder.swift */ = {isa = PBXFileReference; lastKnownFileType = sourcecode.swift; path = RoomFinder.swift; sourceTree = "<group>"; };
		47E764442C2C0403001A684F /* CoreDataContainer.swift */ = {isa = PBXFileReference; lastKnownFileType = sourcecode.swift; path = CoreDataContainer.swift; sourceTree = "<group>"; };
/* End PBXFileReference section */

/* Begin PBXFrameworksBuildPhase section */
		470E96242BA04E9600E1DD22 /* Frameworks */ = {
			isa = PBXFrameworksBuildPhase;
			buildActionMask = 2147483647;
			files = (
				477AB43F2C2DABE0006F91DD /* XUI in Frameworks */,
				47AC49F42C296EE40077D635 /* SwiftyTheme in Frameworks */,
				47ADDDEE2C299B1800437B91 /* SwiftyTheme in Frameworks */,
				47E94CB22C2A1CFC00EA901E /* URLImage in Frameworks */,
				47C6121F2C31F5CC00FCBAC4 /* URLImage in Frameworks */,
				47306E282C2BFD6A00076B75 /* SecureStorage in Frameworks */,
				475D97832C34541000F64584 /* SwiftyTheme in Frameworks */,
				47C6121C2C31F2A500FCBAC4 /* MediaPicker in Frameworks */,
				47521D352C3478C800A053B7 /* MsgRoomCore in Frameworks */,
			);
			runOnlyForDeploymentPostprocessing = 0;
		};
		470E96342BA04E9700E1DD22 /* Frameworks */ = {
			isa = PBXFrameworksBuildPhase;
			buildActionMask = 2147483647;
			files = (
			);
			runOnlyForDeploymentPostprocessing = 0;
		};
		470E963E2BA04E9700E1DD22 /* Frameworks */ = {
			isa = PBXFrameworksBuildPhase;
			buildActionMask = 2147483647;
			files = (
			);
			runOnlyForDeploymentPostprocessing = 0;
		};
		4753950D2BC1143B00D9220E /* Frameworks */ = {
			isa = PBXFrameworksBuildPhase;
			buildActionMask = 2147483647;
			files = (
				475395542BC118AD00D9220E /* GlobalNotificationSwift in Frameworks */,
				47AC49EE2C296E1E0077D635 /* XUI in Frameworks */,
			);
			runOnlyForDeploymentPostprocessing = 0;
		};
/* End PBXFrameworksBuildPhase section */

/* Begin PBXGroup section */
		470E961E2BA04E9600E1DD22 = {
			isa = PBXGroup;
			children = (
				478058162C3305A10073D2D8 /* MsgRoomCore */,
				470E96292BA04E9600E1DD22 /* MsgRoom */,
				470E963A2BA04E9700E1DD22 /* MsgRoomTests */,
				470E96442BA04E9700E1DD22 /* MsgRoomUITests */,
				475395112BC1143B00D9220E /* MsgrNotificatrionService */,
				470E96282BA04E9600E1DD22 /* Products */,
				475395502BC1189500D9220E /* Frameworks */,
			);
			sourceTree = "<group>";
		};
		470E96282BA04E9600E1DD22 /* Products */ = {
			isa = PBXGroup;
			children = (
				470E96272BA04E9600E1DD22 /* MsgRoom.app */,
				470E96372BA04E9700E1DD22 /* MsgRoomTests.xctest */,
				470E96412BA04E9700E1DD22 /* MsgRoomUITests.xctest */,
				475395102BC1143B00D9220E /* MsgrNotificatrionService.appex */,
			);
			name = Products;
			sourceTree = "<group>";
		};
		470E96292BA04E9600E1DD22 /* MsgRoom */ = {
			isa = PBXGroup;
			children = (
				47B0E7512BC0F85100D23223 /* Sources */,
				475395612BC20F2900D9220E /* Mock */,
				47B0E7522BC0F86200D23223 /* App */,
				475395022BC1124C00D9220E /* MsgRoom.entitlements */,
				475395032BC1130D00D9220E /* Info.plist */,
				470E96562BA04F2A00E1DD22 /* Resources */,
				470E96302BA04E9700E1DD22 /* Preview Content */,
			);
			path = MsgRoom;
			sourceTree = "<group>";
		};
		470E96302BA04E9700E1DD22 /* Preview Content */ = {
			isa = PBXGroup;
			children = (
				470E96312BA04E9700E1DD22 /* Preview Assets.xcassets */,
			);
			path = "Preview Content";
			sourceTree = "<group>";
		};
		470E963A2BA04E9700E1DD22 /* MsgRoomTests */ = {
			isa = PBXGroup;
			children = (
				470E963B2BA04E9700E1DD22 /* MsgRoomTests.swift */,
			);
			path = MsgRoomTests;
			sourceTree = "<group>";
		};
		470E96442BA04E9700E1DD22 /* MsgRoomUITests */ = {
			isa = PBXGroup;
			children = (
				470E96452BA04E9700E1DD22 /* MsgRoomUITests.swift */,
				470E96472BA04E9700E1DD22 /* MsgRoomUITestsLaunchTests.swift */,
			);
			path = MsgRoomUITests;
			sourceTree = "<group>";
		};
		470E96562BA04F2A00E1DD22 /* Resources */ = {
			isa = PBXGroup;
			children = (
				475395052BC1138E00D9220E /* GoogleService-Info.plist */,
				4788A53D2C281CC200E7D9CD /* Assets.xcassets */,
				475395E32BC28F8300D9220E /* Tones */,
			);
			path = Resources;
			sourceTree = "<group>";
		};
		4738D8E32C2DBD6E00FA903B /* CoreData */ = {
			isa = PBXGroup;
			children = (
				4738D8D72C2DBD0700FA903B /* Msg+CoreDataClass.swift */,
				4738D8D82C2DBD0700FA903B /* Msg+CoreDataProperties.swift */,
			);
			path = CoreData;
			sourceTree = "<group>";
		};
		475395112BC1143B00D9220E /* MsgrNotificatrionService */ = {
			isa = PBXGroup;
			children = (
				475395552BC118B800D9220E /* MsgrNotificatrionService.entitlements */,
				475395122BC1143B00D9220E /* NotificationService.swift */,
				475395142BC1143B00D9220E /* Info.plist */,
			);
			path = MsgrNotificatrionService;
			sourceTree = "<group>";
		};
		475395502BC1189500D9220E /* Frameworks */ = {
			isa = PBXGroup;
			children = (
			);
			name = Frameworks;
			sourceTree = "<group>";
		};
		475395612BC20F2900D9220E /* Mock */ = {
			isa = PBXGroup;
			children = (
				476778942C2F19840062D728 /* SwiftData */,
				4738D8E32C2DBD6E00FA903B /* CoreData */,
			);
			path = Mock;
			sourceTree = "<group>";
		};
		475395E32BC28F8300D9220E /* Tones */ = {
			isa = PBXGroup;
			children = (
				475395042BC1138E00D9220E /* rckit_incoming.aiff */,
				475395062BC1138E00D9220E /* rckit_outgoing.aiff */,
			);
			path = Tones;
			sourceTree = "<group>";
		};
		4767788C2C2F121F0062D728 /* Database */ = {
			isa = PBXGroup;
			children = (
				476778912C2F12670062D728 /* Shared */,
				4767788D2C2F12290062D728 /* SwiftData */,
				47E764432C2C03F0001A684F /* CoreData */,
			);
			path = Database;
			sourceTree = "<group>";
		};
		4767788D2C2F12290062D728 /* SwiftData */ = {
			isa = PBXGroup;
			children = (
				476B71462C33A75400B5288E /* DataModel.swift */,
				476778972C2F1E490062D728 /* SwiftDataModelActor.swift */,
				47D6568E2C2F41570047B1A4 /* SectionedResults.swift */,
				47D656902C2F41F00047B1A4 /* SectionedQuery.swift */,
			);
			path = SwiftData;
			sourceTree = "<group>";
		};
		476778912C2F12670062D728 /* Shared */ = {
			isa = PBXGroup;
			children = (
				476778922C2F127B0062D728 /* SharedDatabase.swift */,
			);
			path = Shared;
			sourceTree = "<group>";
		};
		476778942C2F19840062D728 /* SwiftData */ = {
			isa = PBXGroup;
			children = (
				476778952C2F19AE0062D728 /* Contact.swift */,
				47D656952C2F57360047B1A4 /* Room.swift */,
			);
			path = SwiftData;
			sourceTree = "<group>";
		};
		476778992C2F22260062D728 /* ContactsScene */ = {
			isa = PBXGroup;
			children = (
				477AB4312C2DA238006F91DD /* ContactsScene.swift */,
				4767789A2C2F226A0062D728 /* ContactSceneViewModel.swift */,
				47E41F042C35764A008909C0 /* RoomFinder.swift */,
			);
			path = ContactsScene;
			sourceTree = "<group>";
		};
		47B0E7502BC0F83F00D23223 /* Root */ = {
			isa = PBXGroup;
			children = (
				470E962A2BA04E9600E1DD22 /* MsgRoomApp.swift */,
				47297DF62C2C4EA400C95C11 /* MainTabView.swift */,
				47D656972C2F59010047B1A4 /* InboxScene */,
				476778992C2F22260062D728 /* ContactsScene */,
				477AB4322C2DA238006F91DD /* PhoneContacts.swift */,
			);
			path = Root;
			sourceTree = "<group>";
		};
		47B0E7512BC0F85100D23223 /* Sources */ = {
			isa = PBXGroup;
			children = (
				47E94CB32C2A4F3400EA901E /* Modules */,
			);
			path = Sources;
			sourceTree = "<group>";
		};
		47B0E7522BC0F86200D23223 /* App */ = {
			isa = PBXGroup;
			children = (
				47B0E7502BC0F83F00D23223 /* Root */,
			);
			path = App;
			sourceTree = "<group>";
		};
		47D656972C2F59010047B1A4 /* InboxScene */ = {
			isa = PBXGroup;
			children = (
				470E962C2BA04E9600E1DD22 /* InboxSceneView.swift */,
			);
			path = InboxScene;
			sourceTree = "<group>";
		};
		47E764432C2C03F0001A684F /* CoreData */ = {
			isa = PBXGroup;
			children = (
				476778872C2F10890062D728 /* FetchCache.swift */,
				4738D8D22C2DBCD500FA903B /* CoreDataStore.swift */,
				47474A852C3173E00053CCB0 /* MsgRoom.xcdatamodeld */,
				47E764442C2C0403001A684F /* CoreDataContainer.swift */,
			);
			path = CoreData;
			sourceTree = "<group>";
		};
		47E94CB32C2A4F3400EA901E /* Modules */ = {
			isa = PBXGroup;
			children = (
				4767788C2C2F121F0062D728 /* Database */,
				47E94CB42C2A4F4300EA901E /* Configurations */,
			);
			path = Modules;
			sourceTree = "<group>";
		};
		47E94CB42C2A4F4300EA901E /* Configurations */ = {
			isa = PBXGroup;
			children = (
				47B9FF982BBA4D42007179E2 /* AppConfig.swift */,
				479686002C2AE54D00C42098 /* MsgRoom.swift */,
				479686162C2BB70500C42098 /* MsgRoom+Injection.swift */,
			);
			path = Configurations;
			sourceTree = "<group>";
		};
/* End PBXGroup section */

/* Begin PBXNativeTarget section */
		470E96262BA04E9600E1DD22 /* MsgRoom */ = {
			isa = PBXNativeTarget;
			buildConfigurationList = 470E964B2BA04E9700E1DD22 /* Build configuration list for PBXNativeTarget "MsgRoom" */;
			buildPhases = (
				470E96232BA04E9600E1DD22 /* Sources */,
				470E96242BA04E9600E1DD22 /* Frameworks */,
				470E96252BA04E9600E1DD22 /* Resources */,
			);
			buildRules = (
			);
			dependencies = (
			);
			name = MsgRoom;
			packageProductDependencies = (
				47AC49F32C296EE40077D635 /* SwiftyTheme */,
				47ADDDED2C299B1800437B91 /* SwiftyTheme */,
				47E94CB12C2A1CFC00EA901E /* URLImage */,
				47306E272C2BFD6A00076B75 /* SecureStorage */,
				477AB43E2C2DABE0006F91DD /* XUI */,
				47C6121B2C31F2A500FCBAC4 /* MediaPicker */,
				47C6121E2C31F5CC00FCBAC4 /* URLImage */,
				475D97822C34541000F64584 /* SwiftyTheme */,
				47521D342C3478C800A053B7 /* MsgRoomCore */,
			);
			productName = MsgRoom;
			productReference = 470E96272BA04E9600E1DD22 /* MsgRoom.app */;
			productType = "com.apple.product-type.application";
		};
		470E96362BA04E9700E1DD22 /* MsgRoomTests */ = {
			isa = PBXNativeTarget;
			buildConfigurationList = 470E964E2BA04E9700E1DD22 /* Build configuration list for PBXNativeTarget "MsgRoomTests" */;
			buildPhases = (
				470E96332BA04E9700E1DD22 /* Sources */,
				470E96342BA04E9700E1DD22 /* Frameworks */,
				470E96352BA04E9700E1DD22 /* Resources */,
			);
			buildRules = (
			);
			dependencies = (
				470E96392BA04E9700E1DD22 /* PBXTargetDependency */,
			);
			name = MsgRoomTests;
			productName = MsgRoomTests;
			productReference = 470E96372BA04E9700E1DD22 /* MsgRoomTests.xctest */;
			productType = "com.apple.product-type.bundle.unit-test";
		};
		470E96402BA04E9700E1DD22 /* MsgRoomUITests */ = {
			isa = PBXNativeTarget;
			buildConfigurationList = 470E96512BA04E9700E1DD22 /* Build configuration list for PBXNativeTarget "MsgRoomUITests" */;
			buildPhases = (
				470E963D2BA04E9700E1DD22 /* Sources */,
				470E963E2BA04E9700E1DD22 /* Frameworks */,
				470E963F2BA04E9700E1DD22 /* Resources */,
			);
			buildRules = (
			);
			dependencies = (
				470E96432BA04E9700E1DD22 /* PBXTargetDependency */,
			);
			name = MsgRoomUITests;
			productName = MsgRoomUITests;
			productReference = 470E96412BA04E9700E1DD22 /* MsgRoomUITests.xctest */;
			productType = "com.apple.product-type.bundle.ui-testing";
		};
		4753950F2BC1143B00D9220E /* MsgrNotificatrionService */ = {
			isa = PBXNativeTarget;
			buildConfigurationList = 475395182BC1143B00D9220E /* Build configuration list for PBXNativeTarget "MsgrNotificatrionService" */;
			buildPhases = (
				4753950C2BC1143B00D9220E /* Sources */,
				4753950D2BC1143B00D9220E /* Frameworks */,
				4753950E2BC1143B00D9220E /* Resources */,
			);
			buildRules = (
			);
			dependencies = (
			);
			name = MsgrNotificatrionService;
			packageProductDependencies = (
				475395532BC118AD00D9220E /* GlobalNotificationSwift */,
				47AC49ED2C296E1E0077D635 /* XUI */,
			);
			productName = MsgrNotificatrionService;
			productReference = 475395102BC1143B00D9220E /* MsgrNotificatrionService.appex */;
			productType = "com.apple.product-type.app-extension";
		};
/* End PBXNativeTarget section */

/* Begin PBXProject section */
		470E961F2BA04E9600E1DD22 /* Project object */ = {
			isa = PBXProject;
			attributes = {
				BuildIndependentTargetsInParallel = 1;
				LastSwiftUpdateCheck = 1530;
				LastUpgradeCheck = 1530;
				TargetAttributes = {
					470E96262BA04E9600E1DD22 = {
						CreatedOnToolsVersion = 15.3;
					};
					470E96362BA04E9700E1DD22 = {
						CreatedOnToolsVersion = 15.3;
						TestTargetID = 470E96262BA04E9600E1DD22;
					};
					470E96402BA04E9700E1DD22 = {
						CreatedOnToolsVersion = 15.3;
						TestTargetID = 470E96262BA04E9600E1DD22;
					};
					4753950F2BC1143B00D9220E = {
						CreatedOnToolsVersion = 15.3;
					};
				};
			};
			buildConfigurationList = 470E96222BA04E9600E1DD22 /* Build configuration list for PBXProject "MsgRoom" */;
			compatibilityVersion = "Xcode 14.0";
			developmentRegion = en;
			hasScannedForEncodings = 0;
			knownRegions = (
				en,
				Base,
			);
			mainGroup = 470E961E2BA04E9600E1DD22;
			packageReferences = (
				4753952F2BC1154E00D9220E /* XCRemoteSwiftPackageReference "GlobalNotificationSwift" */,
				4716EF632BE8D67F0001D607 /* XCRemoteSwiftPackageReference "firebase-ios-sdk" */,
				47306E262C2BFD6A00076B75 /* XCRemoteSwiftPackageReference "SecureStorage" */,
				47C6121A2C31F2A500FCBAC4 /* XCLocalSwiftPackageReference "../Packages/MediaPicker" */,
				47C6121D2C31F5CC00FCBAC4 /* XCLocalSwiftPackageReference "../Packages/URLImage" */,
				475D97812C34541000F64584 /* XCLocalSwiftPackageReference "../Packages/SwiiftyTheme/SwiftyTheme" */,
			);
			productRefGroup = 470E96282BA04E9600E1DD22 /* Products */;
			projectDirPath = "";
			projectRoot = "";
			targets = (
				470E96262BA04E9600E1DD22 /* MsgRoom */,
				470E96362BA04E9700E1DD22 /* MsgRoomTests */,
				470E96402BA04E9700E1DD22 /* MsgRoomUITests */,
				4753950F2BC1143B00D9220E /* MsgrNotificatrionService */,
			);
		};
/* End PBXProject section */

/* Begin PBXResourcesBuildPhase section */
		470E96252BA04E9600E1DD22 /* Resources */ = {
			isa = PBXResourcesBuildPhase;
			buildActionMask = 2147483647;
			files = (
				4753950A2BC1138E00D9220E /* rckit_outgoing.aiff in Resources */,
				470E96322BA04E9700E1DD22 /* Preview Assets.xcassets in Resources */,
				478058172C3305A10073D2D8 /* MsgRoomCore in Resources */,
				475395092BC1138E00D9220E /* GoogleService-Info.plist in Resources */,
				475395082BC1138E00D9220E /* rckit_incoming.aiff in Resources */,
				4788A53E2C281CC200E7D9CD /* Assets.xcassets in Resources */,
			);
			runOnlyForDeploymentPostprocessing = 0;
		};
		470E96352BA04E9700E1DD22 /* Resources */ = {
			isa = PBXResourcesBuildPhase;
			buildActionMask = 2147483647;
			files = (
			);
			runOnlyForDeploymentPostprocessing = 0;
		};
		470E963F2BA04E9700E1DD22 /* Resources */ = {
			isa = PBXResourcesBuildPhase;
			buildActionMask = 2147483647;
			files = (
			);
			runOnlyForDeploymentPostprocessing = 0;
		};
		4753950E2BC1143B00D9220E /* Resources */ = {
			isa = PBXResourcesBuildPhase;
			buildActionMask = 2147483647;
			files = (
			);
			runOnlyForDeploymentPostprocessing = 0;
		};
/* End PBXResourcesBuildPhase section */

/* Begin PBXSourcesBuildPhase section */
		470E96232BA04E9600E1DD22 /* Sources */ = {
			isa = PBXSourcesBuildPhase;
			buildActionMask = 2147483647;
			files = (
				477AB4342C2DA238006F91DD /* PhoneContacts.swift in Sources */,
				476778932C2F127B0062D728 /* SharedDatabase.swift in Sources */,
				4767789B2C2F226A0062D728 /* ContactSceneViewModel.swift in Sources */,
				47474A872C3173E00053CCB0 /* MsgRoom.xcdatamodeld in Sources */,
				476778982C2F1E490062D728 /* SwiftDataModelActor.swift in Sources */,
				4738D8DD2C2DBD0700FA903B /* Msg+CoreDataClass.swift in Sources */,
				4738D8DE2C2DBD0700FA903B /* Msg+CoreDataProperties.swift in Sources */,
				47E41F052C35764A008909C0 /* RoomFinder.swift in Sources */,
				476B71472C33A75400B5288E /* DataModel.swift in Sources */,
				476778962C2F19AE0062D728 /* Contact.swift in Sources */,
				47D6568F2C2F41570047B1A4 /* SectionedResults.swift in Sources */,
				477AB4332C2DA238006F91DD /* ContactsScene.swift in Sources */,
				47D656962C2F57360047B1A4 /* Room.swift in Sources */,
				4738D8D52C2DBCD500FA903B /* CoreDataStore.swift in Sources */,
				470E962D2BA04E9600E1DD22 /* InboxSceneView.swift in Sources */,
				476778882C2F10890062D728 /* FetchCache.swift in Sources */,
				47E764452C2C0403001A684F /* CoreDataContainer.swift in Sources */,
				47297DF72C2C4EA400C95C11 /* MainTabView.swift in Sources */,
				47D656912C2F41F00047B1A4 /* SectionedQuery.swift in Sources */,
				47B9FF992BBA4D42007179E2 /* AppConfig.swift in Sources */,
				479686012C2AE54D00C42098 /* MsgRoom.swift in Sources */,
				479686172C2BB70500C42098 /* MsgRoom+Injection.swift in Sources */,
				470E962B2BA04E9600E1DD22 /* MsgRoomApp.swift in Sources */,
			);
			runOnlyForDeploymentPostprocessing = 0;
		};
		470E96332BA04E9700E1DD22 /* Sources */ = {
			isa = PBXSourcesBuildPhase;
			buildActionMask = 2147483647;
			files = (
				470E963C2BA04E9700E1DD22 /* MsgRoomTests.swift in Sources */,
			);
			runOnlyForDeploymentPostprocessing = 0;
		};
		470E963D2BA04E9700E1DD22 /* Sources */ = {
			isa = PBXSourcesBuildPhase;
			buildActionMask = 2147483647;
			files = (
				470E96462BA04E9700E1DD22 /* MsgRoomUITests.swift in Sources */,
				470E96482BA04E9700E1DD22 /* MsgRoomUITestsLaunchTests.swift in Sources */,
			);
			runOnlyForDeploymentPostprocessing = 0;
		};
		4753950C2BC1143B00D9220E /* Sources */ = {
			isa = PBXSourcesBuildPhase;
			buildActionMask = 2147483647;
			files = (
				475395132BC1143B00D9220E /* NotificationService.swift in Sources */,
			);
			runOnlyForDeploymentPostprocessing = 0;
		};
/* End PBXSourcesBuildPhase section */

/* Begin PBXTargetDependency section */
		470E96392BA04E9700E1DD22 /* PBXTargetDependency */ = {
			isa = PBXTargetDependency;
			target = 470E96262BA04E9600E1DD22 /* MsgRoom */;
			targetProxy = 470E96382BA04E9700E1DD22 /* PBXContainerItemProxy */;
		};
		470E96432BA04E9700E1DD22 /* PBXTargetDependency */ = {
			isa = PBXTargetDependency;
			target = 470E96262BA04E9600E1DD22 /* MsgRoom */;
			targetProxy = 470E96422BA04E9700E1DD22 /* PBXContainerItemProxy */;
		};
/* End PBXTargetDependency section */

/* Begin XCBuildConfiguration section */
		470E96492BA04E9700E1DD22 /* Debug */ = {
			isa = XCBuildConfiguration;
			buildSettings = {
				ALWAYS_SEARCH_USER_PATHS = NO;
				ASSETCATALOG_COMPILER_GENERATE_SWIFT_ASSET_SYMBOL_EXTENSIONS = YES;
				CLANG_ANALYZER_NONNULL = YES;
				CLANG_ANALYZER_NUMBER_OBJECT_CONVERSION = YES_AGGRESSIVE;
				CLANG_CXX_LANGUAGE_STANDARD = "gnu++20";
				CLANG_ENABLE_MODULES = YES;
				CLANG_ENABLE_OBJC_ARC = YES;
				CLANG_ENABLE_OBJC_WEAK = YES;
				CLANG_WARN_BLOCK_CAPTURE_AUTORELEASING = YES;
				CLANG_WARN_BOOL_CONVERSION = YES;
				CLANG_WARN_COMMA = YES;
				CLANG_WARN_CONSTANT_CONVERSION = YES;
				CLANG_WARN_DEPRECATED_OBJC_IMPLEMENTATIONS = YES;
				CLANG_WARN_DIRECT_OBJC_ISA_USAGE = YES_ERROR;
				CLANG_WARN_DOCUMENTATION_COMMENTS = YES;
				CLANG_WARN_EMPTY_BODY = YES;
				CLANG_WARN_ENUM_CONVERSION = YES;
				CLANG_WARN_INFINITE_RECURSION = YES;
				CLANG_WARN_INT_CONVERSION = YES;
				CLANG_WARN_NON_LITERAL_NULL_CONVERSION = YES;
				CLANG_WARN_OBJC_IMPLICIT_RETAIN_SELF = YES;
				CLANG_WARN_OBJC_LITERAL_CONVERSION = YES;
				CLANG_WARN_OBJC_ROOT_CLASS = YES_ERROR;
				CLANG_WARN_QUOTED_INCLUDE_IN_FRAMEWORK_HEADER = YES;
				CLANG_WARN_RANGE_LOOP_ANALYSIS = YES;
				CLANG_WARN_STRICT_PROTOTYPES = YES;
				CLANG_WARN_SUSPICIOUS_MOVE = YES;
				CLANG_WARN_UNGUARDED_AVAILABILITY = YES_AGGRESSIVE;
				CLANG_WARN_UNREACHABLE_CODE = YES;
				CLANG_WARN__DUPLICATE_METHOD_MATCH = YES;
				COPY_PHASE_STRIP = NO;
				DEBUG_INFORMATION_FORMAT = dwarf;
				ENABLE_STRICT_OBJC_MSGSEND = YES;
				ENABLE_TESTABILITY = YES;
				ENABLE_USER_SCRIPT_SANDBOXING = YES;
				GCC_C_LANGUAGE_STANDARD = gnu17;
				GCC_DYNAMIC_NO_PIC = NO;
				GCC_NO_COMMON_BLOCKS = YES;
				GCC_OPTIMIZATION_LEVEL = 0;
				GCC_PREPROCESSOR_DEFINITIONS = (
					"DEBUG=1",
					"$(inherited)",
				);
				GCC_WARN_64_TO_32_BIT_CONVERSION = YES;
				GCC_WARN_ABOUT_RETURN_TYPE = YES_ERROR;
				GCC_WARN_UNDECLARED_SELECTOR = YES;
				GCC_WARN_UNINITIALIZED_AUTOS = YES_AGGRESSIVE;
				GCC_WARN_UNUSED_FUNCTION = YES;
				GCC_WARN_UNUSED_VARIABLE = YES;
				IPHONEOS_DEPLOYMENT_TARGET = 17.5;
				LOCALIZATION_PREFERS_STRING_CATALOGS = YES;
				MTL_ENABLE_DEBUG_INFO = INCLUDE_SOURCE;
				MTL_FAST_MATH = YES;
				ONLY_ACTIVE_ARCH = YES;
				SDKROOT = iphoneos;
				SWIFT_ACTIVE_COMPILATION_CONDITIONS = "DEBUG $(inherited)";
				SWIFT_OPTIMIZATION_LEVEL = "-Onone";
			};
			name = Debug;
		};
		470E964A2BA04E9700E1DD22 /* Release */ = {
			isa = XCBuildConfiguration;
			buildSettings = {
				ALWAYS_SEARCH_USER_PATHS = NO;
				ASSETCATALOG_COMPILER_GENERATE_SWIFT_ASSET_SYMBOL_EXTENSIONS = YES;
				CLANG_ANALYZER_NONNULL = YES;
				CLANG_ANALYZER_NUMBER_OBJECT_CONVERSION = YES_AGGRESSIVE;
				CLANG_CXX_LANGUAGE_STANDARD = "gnu++20";
				CLANG_ENABLE_MODULES = YES;
				CLANG_ENABLE_OBJC_ARC = YES;
				CLANG_ENABLE_OBJC_WEAK = YES;
				CLANG_WARN_BLOCK_CAPTURE_AUTORELEASING = YES;
				CLANG_WARN_BOOL_CONVERSION = YES;
				CLANG_WARN_COMMA = YES;
				CLANG_WARN_CONSTANT_CONVERSION = YES;
				CLANG_WARN_DEPRECATED_OBJC_IMPLEMENTATIONS = YES;
				CLANG_WARN_DIRECT_OBJC_ISA_USAGE = YES_ERROR;
				CLANG_WARN_DOCUMENTATION_COMMENTS = YES;
				CLANG_WARN_EMPTY_BODY = YES;
				CLANG_WARN_ENUM_CONVERSION = YES;
				CLANG_WARN_INFINITE_RECURSION = YES;
				CLANG_WARN_INT_CONVERSION = YES;
				CLANG_WARN_NON_LITERAL_NULL_CONVERSION = YES;
				CLANG_WARN_OBJC_IMPLICIT_RETAIN_SELF = YES;
				CLANG_WARN_OBJC_LITERAL_CONVERSION = YES;
				CLANG_WARN_OBJC_ROOT_CLASS = YES_ERROR;
				CLANG_WARN_QUOTED_INCLUDE_IN_FRAMEWORK_HEADER = YES;
				CLANG_WARN_RANGE_LOOP_ANALYSIS = YES;
				CLANG_WARN_STRICT_PROTOTYPES = YES;
				CLANG_WARN_SUSPICIOUS_MOVE = YES;
				CLANG_WARN_UNGUARDED_AVAILABILITY = YES_AGGRESSIVE;
				CLANG_WARN_UNREACHABLE_CODE = YES;
				CLANG_WARN__DUPLICATE_METHOD_MATCH = YES;
				COPY_PHASE_STRIP = NO;
				DEBUG_INFORMATION_FORMAT = "dwarf-with-dsym";
				ENABLE_NS_ASSERTIONS = NO;
				ENABLE_STRICT_OBJC_MSGSEND = YES;
				ENABLE_USER_SCRIPT_SANDBOXING = YES;
				GCC_C_LANGUAGE_STANDARD = gnu17;
				GCC_NO_COMMON_BLOCKS = YES;
				GCC_WARN_64_TO_32_BIT_CONVERSION = YES;
				GCC_WARN_ABOUT_RETURN_TYPE = YES_ERROR;
				GCC_WARN_UNDECLARED_SELECTOR = YES;
				GCC_WARN_UNINITIALIZED_AUTOS = YES_AGGRESSIVE;
				GCC_WARN_UNUSED_FUNCTION = YES;
				GCC_WARN_UNUSED_VARIABLE = YES;
				IPHONEOS_DEPLOYMENT_TARGET = 17.5;
				LOCALIZATION_PREFERS_STRING_CATALOGS = YES;
				MTL_ENABLE_DEBUG_INFO = NO;
				MTL_FAST_MATH = YES;
				SDKROOT = iphoneos;
				SWIFT_COMPILATION_MODE = wholemodule;
				VALIDATE_PRODUCT = YES;
			};
			name = Release;
		};
		470E964C2BA04E9700E1DD22 /* Debug */ = {
			isa = XCBuildConfiguration;
			buildSettings = {
				ASSETCATALOG_COMPILER_APPICON_NAME = AppIcon;
				ASSETCATALOG_COMPILER_GLOBAL_ACCENT_COLOR_NAME = AccentColor;
				CODE_SIGN_ENTITLEMENTS = MsgRoom/MsgRoom.entitlements;
				CODE_SIGN_IDENTITY = "Apple Development";
				CODE_SIGN_STYLE = Automatic;
				CURRENT_PROJECT_VERSION = 1;
				DEVELOPMENT_ASSET_PATHS = "\"MsgRoom/Preview Content\"";
				DEVELOPMENT_TEAM = YYK4329T78;
				ENABLE_PREVIEWS = YES;
				GENERATE_INFOPLIST_FILE = YES;
				INFOPLIST_FILE = MsgRoom/Info.plist;
				INFOPLIST_KEY_LSApplicationCategoryType = "public.app-category.social-networking";
				INFOPLIST_KEY_NSContactsUsageDescription = "TO DO";
				INFOPLIST_KEY_UIApplicationSupportsIndirectInputEvents = YES;
				INFOPLIST_KEY_UIStatusBarHidden = YES;
				INFOPLIST_KEY_UIStatusBarStyle = "";
				INFOPLIST_KEY_UISupportedInterfaceOrientations_iPad = "UIInterfaceOrientationPortrait UIInterfaceOrientationPortraitUpsideDown UIInterfaceOrientationLandscapeLeft UIInterfaceOrientationLandscapeRight";
				INFOPLIST_KEY_UISupportedInterfaceOrientations_iPhone = "UIInterfaceOrientationPortrait UIInterfaceOrientationLandscapeLeft UIInterfaceOrientationLandscapeRight";
				IPHONEOS_DEPLOYMENT_TARGET = 17.5;
				LD_RUNPATH_SEARCH_PATHS = (
					"$(inherited)",
					"@executable_path/Frameworks",
				);
				MARKETING_VERSION = 1.0;
				PRODUCT_BUNDLE_IDENTIFIER = com.aungkomin.Msgr;
				PRODUCT_NAME = "$(TARGET_NAME)";
				PROVISIONING_PROFILE_SPECIFIER = "";
				SUPPORTED_PLATFORMS = "iphoneos iphonesimulator";
				SUPPORTS_MACCATALYST = NO;
				SUPPORTS_MAC_DESIGNED_FOR_IPHONE_IPAD = NO;
				SUPPORTS_XR_DESIGNED_FOR_IPHONE_IPAD = NO;
				SWIFT_EMIT_LOC_STRINGS = YES;
				SWIFT_VERSION = 5.0;
				TARGETED_DEVICE_FAMILY = 1;
			};
			name = Debug;
		};
		470E964D2BA04E9700E1DD22 /* Release */ = {
			isa = XCBuildConfiguration;
			buildSettings = {
				ASSETCATALOG_COMPILER_APPICON_NAME = AppIcon;
				ASSETCATALOG_COMPILER_GLOBAL_ACCENT_COLOR_NAME = AccentColor;
				CODE_SIGN_ENTITLEMENTS = MsgRoom/MsgRoom.entitlements;
				CODE_SIGN_STYLE = Automatic;
				CURRENT_PROJECT_VERSION = 1;
				DEVELOPMENT_ASSET_PATHS = "\"MsgRoom/Preview Content\"";
				DEVELOPMENT_TEAM = YYK4329T78;
				ENABLE_PREVIEWS = YES;
				GENERATE_INFOPLIST_FILE = YES;
				INFOPLIST_FILE = MsgRoom/Info.plist;
				INFOPLIST_KEY_LSApplicationCategoryType = "public.app-category.social-networking";
				INFOPLIST_KEY_NSContactsUsageDescription = "TO DO";
				INFOPLIST_KEY_UIApplicationSupportsIndirectInputEvents = YES;
				INFOPLIST_KEY_UIStatusBarHidden = YES;
				INFOPLIST_KEY_UIStatusBarStyle = "";
				INFOPLIST_KEY_UISupportedInterfaceOrientations_iPad = "UIInterfaceOrientationPortrait UIInterfaceOrientationPortraitUpsideDown UIInterfaceOrientationLandscapeLeft UIInterfaceOrientationLandscapeRight";
				INFOPLIST_KEY_UISupportedInterfaceOrientations_iPhone = "UIInterfaceOrientationPortrait UIInterfaceOrientationLandscapeLeft UIInterfaceOrientationLandscapeRight";
				IPHONEOS_DEPLOYMENT_TARGET = 17.5;
				LD_RUNPATH_SEARCH_PATHS = (
					"$(inherited)",
					"@executable_path/Frameworks",
				);
				MARKETING_VERSION = 1.0;
				PRODUCT_BUNDLE_IDENTIFIER = com.aungkomin.Msgr;
				PRODUCT_NAME = "$(TARGET_NAME)";
				SUPPORTED_PLATFORMS = "iphoneos iphonesimulator";
				SUPPORTS_MACCATALYST = NO;
				SUPPORTS_MAC_DESIGNED_FOR_IPHONE_IPAD = NO;
				SUPPORTS_XR_DESIGNED_FOR_IPHONE_IPAD = NO;
				SWIFT_EMIT_LOC_STRINGS = YES;
				SWIFT_VERSION = 5.0;
				TARGETED_DEVICE_FAMILY = 1;
			};
			name = Release;
		};
		470E964F2BA04E9700E1DD22 /* Debug */ = {
			isa = XCBuildConfiguration;
			buildSettings = {
				ALWAYS_EMBED_SWIFT_STANDARD_LIBRARIES = YES;
				BUNDLE_LOADER = "$(TEST_HOST)";
				CODE_SIGN_STYLE = Automatic;
				CURRENT_PROJECT_VERSION = 1;
				DEVELOPMENT_TEAM = HJ9L53D9PB;
				GENERATE_INFOPLIST_FILE = YES;
				IPHONEOS_DEPLOYMENT_TARGET = 17.4;
				MARKETING_VERSION = 1.0;
				PRODUCT_BUNDLE_IDENTIFIER = com.jonahaung.MsgrTests;
				PRODUCT_NAME = "$(TARGET_NAME)";
				SWIFT_EMIT_LOC_STRINGS = NO;
				SWIFT_VERSION = 5.0;
				TARGETED_DEVICE_FAMILY = "1,2";
				TEST_HOST = "$(BUILT_PRODUCTS_DIR)/MsgRoom.app/$(BUNDLE_EXECUTABLE_FOLDER_PATH)/MsgRoom";
			};
			name = Debug;
		};
		470E96502BA04E9700E1DD22 /* Release */ = {
			isa = XCBuildConfiguration;
			buildSettings = {
				ALWAYS_EMBED_SWIFT_STANDARD_LIBRARIES = YES;
				BUNDLE_LOADER = "$(TEST_HOST)";
				CODE_SIGN_STYLE = Automatic;
				CURRENT_PROJECT_VERSION = 1;
				DEVELOPMENT_TEAM = HJ9L53D9PB;
				GENERATE_INFOPLIST_FILE = YES;
				IPHONEOS_DEPLOYMENT_TARGET = 17.4;
				MARKETING_VERSION = 1.0;
				PRODUCT_BUNDLE_IDENTIFIER = com.jonahaung.MsgrTests;
				PRODUCT_NAME = "$(TARGET_NAME)";
				SWIFT_EMIT_LOC_STRINGS = NO;
				SWIFT_VERSION = 5.0;
				TARGETED_DEVICE_FAMILY = "1,2";
				TEST_HOST = "$(BUILT_PRODUCTS_DIR)/MsgRoom.app/$(BUNDLE_EXECUTABLE_FOLDER_PATH)/MsgRoom";
			};
			name = Release;
		};
		470E96522BA04E9700E1DD22 /* Debug */ = {
			isa = XCBuildConfiguration;
			buildSettings = {
				ALWAYS_EMBED_SWIFT_STANDARD_LIBRARIES = YES;
				CODE_SIGN_STYLE = Automatic;
				CURRENT_PROJECT_VERSION = 1;
				DEVELOPMENT_TEAM = HJ9L53D9PB;
				GENERATE_INFOPLIST_FILE = YES;
				MARKETING_VERSION = 1.0;
				PRODUCT_BUNDLE_IDENTIFIER = com.jonahaung.MsgRoomUITests;
				PRODUCT_NAME = "$(TARGET_NAME)";
				SWIFT_EMIT_LOC_STRINGS = NO;
				SWIFT_VERSION = 5.0;
				TARGETED_DEVICE_FAMILY = "1,2";
				TEST_TARGET_NAME = MsgRoom;
			};
			name = Debug;
		};
		470E96532BA04E9700E1DD22 /* Release */ = {
			isa = XCBuildConfiguration;
			buildSettings = {
				ALWAYS_EMBED_SWIFT_STANDARD_LIBRARIES = YES;
				CODE_SIGN_STYLE = Automatic;
				CURRENT_PROJECT_VERSION = 1;
				DEVELOPMENT_TEAM = HJ9L53D9PB;
				GENERATE_INFOPLIST_FILE = YES;
				MARKETING_VERSION = 1.0;
				PRODUCT_BUNDLE_IDENTIFIER = com.jonahaung.MsgRoomUITests;
				PRODUCT_NAME = "$(TARGET_NAME)";
				SWIFT_EMIT_LOC_STRINGS = NO;
				SWIFT_VERSION = 5.0;
				TARGETED_DEVICE_FAMILY = "1,2";
				TEST_TARGET_NAME = MsgRoom;
			};
			name = Release;
		};
		475395192BC1143B00D9220E /* Debug */ = {
			isa = XCBuildConfiguration;
			buildSettings = {
				CODE_SIGN_ENTITLEMENTS = MsgrNotificatrionService/MsgrNotificatrionService.entitlements;
				CODE_SIGN_STYLE = Automatic;
				CURRENT_PROJECT_VERSION = 1;
				DEVELOPMENT_TEAM = HJ9L53D9PB;
				GENERATE_INFOPLIST_FILE = YES;
				INFOPLIST_FILE = MsgrNotificatrionService/Info.plist;
				INFOPLIST_KEY_CFBundleDisplayName = MsgrNotificatrionService;
				INFOPLIST_KEY_NSHumanReadableCopyright = "";
				IPHONEOS_DEPLOYMENT_TARGET = 17.5;
				LD_RUNPATH_SEARCH_PATHS = (
					"$(inherited)",
					"@executable_path/Frameworks",
					"@executable_path/../../Frameworks",
				);
				MARKETING_VERSION = 1.0;
				PRODUCT_BUNDLE_IDENTIFIER = com.aungkomin.Msgr.v3.MsgrNotificatrionService;
				PRODUCT_NAME = "$(TARGET_NAME)";
				SKIP_INSTALL = YES;
				SWIFT_EMIT_LOC_STRINGS = YES;
				SWIFT_STRICT_CONCURRENCY = complete;
				SWIFT_VERSION = 5.0;
				TARGETED_DEVICE_FAMILY = "1,2";
			};
			name = Debug;
		};
		4753951A2BC1143B00D9220E /* Release */ = {
			isa = XCBuildConfiguration;
			buildSettings = {
				CODE_SIGN_ENTITLEMENTS = MsgrNotificatrionService/MsgrNotificatrionService.entitlements;
				CODE_SIGN_STYLE = Automatic;
				CURRENT_PROJECT_VERSION = 1;
				DEVELOPMENT_TEAM = HJ9L53D9PB;
				GENERATE_INFOPLIST_FILE = YES;
				INFOPLIST_FILE = MsgrNotificatrionService/Info.plist;
				INFOPLIST_KEY_CFBundleDisplayName = MsgrNotificatrionService;
				INFOPLIST_KEY_NSHumanReadableCopyright = "";
				IPHONEOS_DEPLOYMENT_TARGET = 17.5;
				LD_RUNPATH_SEARCH_PATHS = (
					"$(inherited)",
					"@executable_path/Frameworks",
					"@executable_path/../../Frameworks",
				);
				MARKETING_VERSION = 1.0;
				PRODUCT_BUNDLE_IDENTIFIER = com.aungkomin.Msgr.v3.MsgrNotificatrionService;
				PRODUCT_NAME = "$(TARGET_NAME)";
				SKIP_INSTALL = YES;
				SWIFT_EMIT_LOC_STRINGS = YES;
				SWIFT_STRICT_CONCURRENCY = complete;
				SWIFT_VERSION = 5.0;
				TARGETED_DEVICE_FAMILY = "1,2";
			};
			name = Release;
		};
/* End XCBuildConfiguration section */

/* Begin XCConfigurationList section */
		470E96222BA04E9600E1DD22 /* Build configuration list for PBXProject "MsgRoom" */ = {
			isa = XCConfigurationList;
			buildConfigurations = (
				470E96492BA04E9700E1DD22 /* Debug */,
				470E964A2BA04E9700E1DD22 /* Release */,
			);
			defaultConfigurationIsVisible = 0;
			defaultConfigurationName = Debug;
		};
		470E964B2BA04E9700E1DD22 /* Build configuration list for PBXNativeTarget "MsgRoom" */ = {
			isa = XCConfigurationList;
			buildConfigurations = (
				470E964C2BA04E9700E1DD22 /* Debug */,
				470E964D2BA04E9700E1DD22 /* Release */,
			);
			defaultConfigurationIsVisible = 0;
			defaultConfigurationName = Debug;
		};
		470E964E2BA04E9700E1DD22 /* Build configuration list for PBXNativeTarget "MsgRoomTests" */ = {
			isa = XCConfigurationList;
			buildConfigurations = (
				470E964F2BA04E9700E1DD22 /* Debug */,
				470E96502BA04E9700E1DD22 /* Release */,
			);
			defaultConfigurationIsVisible = 0;
			defaultConfigurationName = Debug;
		};
		470E96512BA04E9700E1DD22 /* Build configuration list for PBXNativeTarget "MsgRoomUITests" */ = {
			isa = XCConfigurationList;
			buildConfigurations = (
				470E96522BA04E9700E1DD22 /* Debug */,
				470E96532BA04E9700E1DD22 /* Release */,
			);
			defaultConfigurationIsVisible = 0;
			defaultConfigurationName = Debug;
		};
		475395182BC1143B00D9220E /* Build configuration list for PBXNativeTarget "MsgrNotificatrionService" */ = {
			isa = XCConfigurationList;
			buildConfigurations = (
				475395192BC1143B00D9220E /* Debug */,
				4753951A2BC1143B00D9220E /* Release */,
			);
			defaultConfigurationIsVisible = 0;
			defaultConfigurationName = Debug;
		};
/* End XCConfigurationList section */

/* Begin XCLocalSwiftPackageReference section */
		475D97812C34541000F64584 /* XCLocalSwiftPackageReference "../Packages/SwiiftyTheme/SwiftyTheme" */ = {
			isa = XCLocalSwiftPackageReference;
			relativePath = ../Packages/SwiiftyTheme/SwiftyTheme;
		};
		47C6121A2C31F2A500FCBAC4 /* XCLocalSwiftPackageReference "../Packages/MediaPicker" */ = {
			isa = XCLocalSwiftPackageReference;
			relativePath = ../Packages/MediaPicker;
		};
		47C6121D2C31F5CC00FCBAC4 /* XCLocalSwiftPackageReference "../Packages/URLImage" */ = {
			isa = XCLocalSwiftPackageReference;
			relativePath = ../Packages/URLImage;
		};
/* End XCLocalSwiftPackageReference section */

/* Begin XCRemoteSwiftPackageReference section */
		4716EF632BE8D67F0001D607 /* XCRemoteSwiftPackageReference "firebase-ios-sdk" */ = {
			isa = XCRemoteSwiftPackageReference;
			repositoryURL = "https://github.com/firebase/firebase-ios-sdk.git";
			requirement = {
				kind = upToNextMajorVersion;
				minimumVersion = 10.25.0;
			};
		};
		47306E262C2BFD6A00076B75 /* XCRemoteSwiftPackageReference "SecureStorage" */ = {
			isa = XCRemoteSwiftPackageReference;
			repositoryURL = "https://github.com/jonahaung/SecureStorage";
			requirement = {
				kind = upToNextMajorVersion;
				minimumVersion = 1.0.0;
			};
		};
		4753952F2BC1154E00D9220E /* XCRemoteSwiftPackageReference "GlobalNotificationSwift" */ = {
			isa = XCRemoteSwiftPackageReference;
			repositoryURL = "https://github.com/jonahaung/GlobalNotificationSwift";
			requirement = {
				branch = main;
				kind = branch;
			};
		};
/* End XCRemoteSwiftPackageReference section */

/* Begin XCSwiftPackageProductDependency section */
		47306E272C2BFD6A00076B75 /* SecureStorage */ = {
			isa = XCSwiftPackageProductDependency;
			package = 47306E262C2BFD6A00076B75 /* XCRemoteSwiftPackageReference "SecureStorage" */;
			productName = SecureStorage;
		};
		47521D342C3478C800A053B7 /* MsgRoomCore */ = {
			isa = XCSwiftPackageProductDependency;
			productName = MsgRoomCore;
		};
		475395532BC118AD00D9220E /* GlobalNotificationSwift */ = {
			isa = XCSwiftPackageProductDependency;
			package = 4753952F2BC1154E00D9220E /* XCRemoteSwiftPackageReference "GlobalNotificationSwift" */;
			productName = GlobalNotificationSwift;
		};
		475D97822C34541000F64584 /* SwiftyTheme */ = {
			isa = XCSwiftPackageProductDependency;
			productName = SwiftyTheme;
		};
		477AB43E2C2DABE0006F91DD /* XUI */ = {
			isa = XCSwiftPackageProductDependency;
			productName = XUI;
		};
		47AC49ED2C296E1E0077D635 /* XUI */ = {
			isa = XCSwiftPackageProductDependency;
			productName = XUI;
		};
		47AC49F32C296EE40077D635 /* SwiftyTheme */ = {
			isa = XCSwiftPackageProductDependency;
			productName = SwiftyTheme;
		};
		47ADDDED2C299B1800437B91 /* SwiftyTheme */ = {
			isa = XCSwiftPackageProductDependency;
			productName = SwiftyTheme;
		};
		47C6121B2C31F2A500FCBAC4 /* MediaPicker */ = {
			isa = XCSwiftPackageProductDependency;
			productName = MediaPicker;
		};
		47C6121E2C31F5CC00FCBAC4 /* URLImage */ = {
			isa = XCSwiftPackageProductDependency;
			productName = URLImage;
		};
		47E94CB12C2A1CFC00EA901E /* URLImage */ = {
			isa = XCSwiftPackageProductDependency;
			productName = URLImage;
		};
/* End XCSwiftPackageProductDependency section */

/* Begin XCVersionGroup section */
		47474A852C3173E00053CCB0 /* MsgRoom.xcdatamodeld */ = {
			isa = XCVersionGroup;
			children = (
				47474A862C3173E00053CCB0 /* MsgRoom.xcdatamodel */,
			);
			currentVersion = 47474A862C3173E00053CCB0 /* MsgRoom.xcdatamodel */;
			name = MsgRoom.xcdatamodeld;
			path = "/Users/Aungkomin/Library/Mobile Documents/com~apple~CloudDocs/Documents/Personal/MsgRoom/MsgRoom/Sources/Modules/Database/CoreData/MsgRoom.xcdatamodeld";
			sourceTree = "<group>";
			versionGroupType = wrapper.xcdatamodel;
		};
/* End XCVersionGroup section */
	};
	rootObject = 470E961F2BA04E9600E1DD22 /* Project object */;
}
