{
  "originHash" : "b37d0c1cb9650a3f0685ffdc04b396baade34749b7da00f513db661f529f3b42",
  "pins" : [
    {
      "identity" : "sfsafesymbols",
      "kind" : "remoteSourceControl",
      "location" : "https://github.com/SFSafeSymbols/SFSafeSymbols.git",
      "state" : {
        "revision" : "7cca2d60925876b5953a2cf7341cd80fbeac983c",
        "version" : "4.1.1"
      }
    }
  ],
  "version" : 3
}
